
Microsoft Visual Studio Solution File, Format Version 12.00
# Visual Studio Version 17
VisualStudioVersion = 17.2.32630.192
MinimumVisualStudioVersion = 10.0.40219.1
Project("{9A19103F-16F7-4668-BE54-9A1E7A4F7556}") = "R5T.L0039", "R5T.L0039\R5T.L0039.csproj", "{D0872BDB-594E-40FE-A409-082943BF67F7}"
EndProject
Global
	GlobalSection(SolutionConfigurationPlatforms) = preSolution
		Debug|Any CPU = Debug|Any CPU
		Release|Any CPU = Release|Any CPU
	EndGlobalSection
	GlobalSection(ProjectConfigurationPlatforms) = postSolution
		{D0872BDB-594E-40FE-A409-082943BF67F7}.Debug|Any CPU.ActiveCfg = Debug|Any CPU
		{D0872BDB-594E-40FE-A409-082943BF67F7}.Debug|Any CPU.Build.0 = Debug|Any CPU
		{D0872BDB-594E-40FE-A409-082943BF67F7}.Release|Any CPU.ActiveCfg = Release|Any CPU
		{D0872BDB-594E-40FE-A409-082943BF67F7}.Release|Any CPU.Build.0 = Release|Any CPU
	EndGlobalSection
	GlobalSection(SolutionProperties) = preSolution
		HideSolutionNode = FALSE
	EndGlobalSection
	GlobalSection(ExtensibilityGlobals) = postSolution
		SolutionGuid = {99E7FC1F-010E-40D5-80CD-50772E191255}
	EndGlobalSection
EndGlobal
