
Microsoft Visual Studio Solution File, Format Version 12.00
# Visual Studio Version 17
VisualStudioVersion = 17.2.32630.192
MinimumVisualStudioVersion = 10.0.40219.1
Project("{9A19103F-16F7-4668-BE54-9A1E7A4F7556}") = "R5T.L0039", "R5T.L0039\R5T.L0039.csproj", "{D0872BDB-594E-40FE-A409-082943BF67F7}"
EndProject
Project("{2150E333-8FDC-42A3-9474-1A3956D46DE8}") = "_Dependencies", "_Dependencies", "{A13E8C11-B43D-4FE2-BA21-8CEE04DB7EE5}"
EndProject
Project("{9A19103F-16F7-4668-BE54-9A1E7A4F7556}") = "R5T.F0000", "..\..\R5T.F0000\source\R5T.F0000\R5T.F0000.csproj", "{77691D6D-6F7E-4008-834B-7F0B40A991D0}"
EndProject
Project("{9A19103F-16F7-4668-BE54-9A1E7A4F7556}") = "R5T.F0002", "..\..\R5T.F0002\source\R5T.F0002\R5T.F0002.csproj", "{44D52376-EDB8-4C73-A8E8-E2A0B34810C7}"
EndProject
Project("{9A19103F-16F7-4668-BE54-9A1E7A4F7556}") = "R5T.F0024.T001", "..\..\R5T.F0024\source\R5T.F0024.T001\R5T.F0024.T001.csproj", "{B879B8E5-7A85-4584-B6A8-27991858DE3E}"
EndProject
Project("{9A19103F-16F7-4668-BE54-9A1E7A4F7556}") = "R5T.F0024", "..\..\R5T.F0024\source\R5T.F0024\R5T.F0024.csproj", "{E89A816E-5CEC-4868-976F-6705F9A624BE}"
EndProject
Project("{9A19103F-16F7-4668-BE54-9A1E7A4F7556}") = "R5T.F0120", "..\..\R5T.F0120\source\R5T.F0120\R5T.F0120.csproj", "{BAFDFC43-A10C-4501-82AA-27CF7D8F827A}"
EndProject
Project("{9A19103F-16F7-4668-BE54-9A1E7A4F7556}") = "R5T.F0124", "..\..\R5T.F0124\source\R5T.F0124\R5T.F0124.csproj", "{C8A8405A-E6D1-4A7E-A376-16748C82F823}"
EndProject
Project("{9A19103F-16F7-4668-BE54-9A1E7A4F7556}") = "R5T.F0125", "..\..\R5T.F0125\source\R5T.F0125\R5T.F0125.csproj", "{B34EEA0D-988E-4B0C-9607-F790F87BE8FB}"
EndProject
Project("{9A19103F-16F7-4668-BE54-9A1E7A4F7556}") = "R5T.F0129", "..\..\R5T.F0129\source\R5T.F0129\R5T.F0129.csproj", "{487E8D5F-CBF1-4DFF-9471-C1A03E3E2F4E}"
EndProject
Project("{9A19103F-16F7-4668-BE54-9A1E7A4F7556}") = "R5T.L0030.T000", "..\..\R5T.L0030\source\R5T.L0030.T000\R5T.L0030.T000.csproj", "{A44B186A-4906-4B42-87F3-89CE1B80AA4E}"
EndProject
Project("{9A19103F-16F7-4668-BE54-9A1E7A4F7556}") = "R5T.L0030", "..\..\R5T.L0030\source\R5T.L0030\R5T.L0030.csproj", "{405D71BD-5A33-4ED8-B499-5C9A1C4771EC}"
EndProject
Project("{9A19103F-16F7-4668-BE54-9A1E7A4F7556}") = "R5T.L0031.T000", "..\..\R5T.L0031\source\R5T.L0031.T000\R5T.L0031.T000.csproj", "{F1892957-1CB8-4547-95B0-3DAA77326430}"
EndProject
Project("{9A19103F-16F7-4668-BE54-9A1E7A4F7556}") = "R5T.L0031", "..\..\R5T.L0031\source\R5T.L0031\R5T.L0031.csproj", "{F2B7E58F-4A8A-4C77-AF33-EA824B78D713}"
EndProject
Project("{9A19103F-16F7-4668-BE54-9A1E7A4F7556}") = "R5T.L0034", "..\..\R5T.L0034\source\R5T.L0034\R5T.L0034.csproj", "{2AA39EE4-AF0B-4B54-8836-0F3D1B7205C8}"
EndProject
Project("{9A19103F-16F7-4668-BE54-9A1E7A4F7556}") = "R5T.L0035", "..\..\R5T.L0035\source\R5T.L0035\R5T.L0035.csproj", "{3AF4AAFE-C6BE-4875-B873-26F3EE170D06}"
EndProject
Project("{9A19103F-16F7-4668-BE54-9A1E7A4F7556}") = "R5T.L0039.F000", "R5T.L0039.F000\R5T.L0039.F000.csproj", "{296631A4-3FB0-4BD0-AACF-D834AEFAD0BD}"
EndProject
Project("{9A19103F-16F7-4668-BE54-9A1E7A4F7556}") = "R5T.L0039.T000", "R5T.L0039.T000\R5T.L0039.T000.csproj", "{2728B659-8760-452B-9A83-3905490AFDDD}"
EndProject
Project("{9A19103F-16F7-4668-BE54-9A1E7A4F7556}") = "R5T.NG0006", "..\..\R5T.NG0006\source\R5T.NG0006\R5T.NG0006.csproj", "{308D522C-88B2-49B6-AE37-2E7F21F653B6}"
EndProject
Project("{9A19103F-16F7-4668-BE54-9A1E7A4F7556}") = "R5T.T0131", "..\..\R5T.T0131\source\R5T.T0131\R5T.T0131.csproj", "{538D0D15-740B-41BE-8BBD-80D4BDD10167}"
EndProject
Project("{9A19103F-16F7-4668-BE54-9A1E7A4F7556}") = "R5T.T0132", "..\..\R5T.T0132\source\R5T.T0132\R5T.T0132.csproj", "{83F4B19D-2D52-4925-A7E6-4069DAFB63AC}"
EndProject
Project("{9A19103F-16F7-4668-BE54-9A1E7A4F7556}") = "R5T.T0137", "..\..\R5T.T0137\source\R5T.T0137\R5T.T0137.csproj", "{CDB906FE-2746-4338-B3A6-BF2E78A1CDAA}"
EndProject
Project("{9A19103F-16F7-4668-BE54-9A1E7A4F7556}") = "R5T.T0142", "..\..\R5T.T0142\source\R5T.T0142\R5T.T0142.csproj", "{AA79D516-6E45-4AB7-8F79-DC96D88F7691}"
EndProject
Project("{9A19103F-16F7-4668-BE54-9A1E7A4F7556}") = "R5T.T0143", "..\..\R5T.T0143\source\R5T.T0143\R5T.T0143.csproj", "{6C01BA53-B813-45ED-80DE-76ECBA25411E}"
EndProject
Project("{9A19103F-16F7-4668-BE54-9A1E7A4F7556}") = "R5T.T0150", "..\..\R5T.T0150\source\R5T.T0150\R5T.T0150.csproj", "{5739C3F0-A587-404F-931E-EBECF77F67F7}"
EndProject
Project("{9A19103F-16F7-4668-BE54-9A1E7A4F7556}") = "R5T.T0151", "..\..\R5T.T0151\source\R5T.T0151\R5T.T0151.csproj", "{AD160D46-C559-4E89-8425-5747DA5B0B60}"
EndProject
Project("{9A19103F-16F7-4668-BE54-9A1E7A4F7556}") = "R5T.T0156", "..\..\R5T.T0156\source\R5T.T0156\R5T.T0156.csproj", "{C9EE02E1-B93C-449F-A163-CEB460CFFD5A}"
EndProject
Project("{9A19103F-16F7-4668-BE54-9A1E7A4F7556}") = "R5T.T0158", "..\..\R5T.T0158\source\R5T.T0158\R5T.T0158.csproj", "{F6B252F8-CF03-440A-9C3D-DFF6D1369346}"
EndProject
Project("{9A19103F-16F7-4668-BE54-9A1E7A4F7556}") = "R5T.T0159", "..\..\R5T.T0159\source\R5T.T0159\R5T.T0159.csproj", "{940F833B-810D-41AF-A77B-A1B76E2F50C7}"
EndProject
Project("{9A19103F-16F7-4668-BE54-9A1E7A4F7556}") = "R5T.T0172", "..\..\R5T.T0172\source\R5T.T0172\R5T.T0172.csproj", "{B0D2F7D4-FB6E-42D2-8D19-D7E93B1A619C}"
EndProject
Project("{9A19103F-16F7-4668-BE54-9A1E7A4F7556}") = "R5T.T0174", "..\..\R5T.T0174\source\R5T.T0174\R5T.T0174.csproj", "{B3615E62-2DF7-4126-9253-87B4D3F97266}"
EndProject
Project("{9A19103F-16F7-4668-BE54-9A1E7A4F7556}") = "R5T.T0176", "..\..\R5T.T0176\source\R5T.T0176\R5T.T0176.csproj", "{1BCDE769-A22F-48D8-8A53-A0712E346463}"
EndProject
Project("{9A19103F-16F7-4668-BE54-9A1E7A4F7556}") = "R5T.T0177", "..\..\R5T.T0177\source\R5T.T0177\R5T.T0177.csproj", "{270B7257-D053-4140-9A11-FFCAF49BFB86}"
EndProject
Project("{9A19103F-16F7-4668-BE54-9A1E7A4F7556}") = "R5T.T0178", "..\..\R5T.T0178\source\R5T.T0178\R5T.T0178.csproj", "{8943859F-7BAF-408E-91C2-F4AEB0BE6CA2}"
EndProject
Project("{9A19103F-16F7-4668-BE54-9A1E7A4F7556}") = "R5T.T0179", "..\..\R5T.T0179\source\R5T.T0179\R5T.T0179.csproj", "{F0C0BB43-E411-454E-8E6A-5EBF116510DE}"
EndProject
Project("{9A19103F-16F7-4668-BE54-9A1E7A4F7556}") = "R5T.T0180", "..\..\R5T.T0180\source\R5T.T0180\R5T.T0180.csproj", "{1F730545-1811-4FA4-8C80-D468CD7B5D86}"
EndProject
Project("{9A19103F-16F7-4668-BE54-9A1E7A4F7556}") = "R5T.T0181", "..\..\R5T.T0181\source\R5T.T0181\R5T.T0181.csproj", "{BC838D43-E8E1-4F6C-BB9F-47B927AD4FC0}"
EndProject
Project("{9A19103F-16F7-4668-BE54-9A1E7A4F7556}") = "R5T.T0185", "..\..\R5T.T0185\source\R5T.T0185\R5T.T0185.csproj", "{B4CBBAEF-CBE3-4A94-A656-5A35F70960D1}"
EndProject
Project("{9A19103F-16F7-4668-BE54-9A1E7A4F7556}") = "R5T.T0187", "..\..\R5T.T0187\source\R5T.T0187\R5T.T0187.csproj", "{BA960DF9-B96F-4E57-832D-B26B6DE942AF}"
EndProject
Project("{9A19103F-16F7-4668-BE54-9A1E7A4F7556}") = "R5T.T0194", "..\..\R5T.T0194\source\R5T.T0194\R5T.T0194.csproj", "{F12801D7-D11B-434C-9458-FBF9AA37A64E}"
EndProject
Project("{9A19103F-16F7-4668-BE54-9A1E7A4F7556}") = "R5T.Y0000", "..\..\R5T.Y0000\source\R5T.Y0000\R5T.Y0000.csproj", "{404BF596-FE9D-47B8-976E-9987CCE06A95}"
EndProject
Project("{9A19103F-16F7-4668-BE54-9A1E7A4F7556}") = "R5T.Z0000", "..\..\R5T.Z0000\source\R5T.Z0000\R5T.Z0000.csproj", "{BAC3D6A0-F42F-46EB-8183-2CFB209C4341}"
EndProject
Project("{9A19103F-16F7-4668-BE54-9A1E7A4F7556}") = "R5T.Z0009", "..\..\R5T.Z0009\source\R5T.Z0009\R5T.Z0009.csproj", "{37EF6A03-CB7B-4760-BAA7-4A1DDF371517}"
EndProject
Project("{9A19103F-16F7-4668-BE54-9A1E7A4F7556}") = "R5T.F0130", "..\..\R5T.F0130\source\R5T.F0130\R5T.F0130.csproj", "{FA26122F-6AFF-4FD8-B95E-B8A3066147C0}"
EndProject
Project("{9A19103F-16F7-4668-BE54-9A1E7A4F7556}") = "R5T.Z0044.Z001", "..\..\R5T.Z0044\source\R5T.Z0044.Z001\R5T.Z0044.Z001.csproj", "{37095395-42E8-4323-A5A8-1FFC86720399}"
EndProject
Project("{9A19103F-16F7-4668-BE54-9A1E7A4F7556}") = "R5T.L0039.O000", "R5T.L0039.O000\R5T.L0039.O000.csproj", "{A9A399DF-A653-4A45-BED1-837B2EAC0681}"
EndProject
Project("{9A19103F-16F7-4668-BE54-9A1E7A4F7556}") = "R5T.F0016.F001", "..\..\R5T.F0016\source\R5T.F0016.F001\R5T.F0016.F001.csproj", "{8F2003D0-9E99-4A05-939E-335FF5D82E25}"
EndProject
Project("{9A19103F-16F7-4668-BE54-9A1E7A4F7556}") = "R5T.F0016", "..\..\R5T.F0016\source\R5T.F0016\R5T.F0016.csproj", "{80AE0E2D-E877-4955-8470-A06E211CA7AA}"
EndProject
Project("{9A19103F-16F7-4668-BE54-9A1E7A4F7556}") = "R5T.F0019", "..\..\R5T.F0019\source\R5T.F0019\R5T.F0019.csproj", "{217647F6-2428-472E-B975-FF40C57995DC}"
EndProject
Project("{9A19103F-16F7-4668-BE54-9A1E7A4F7556}") = "R5T.F0020", "..\..\R5T.F0020\source\R5T.F0020\R5T.F0020.csproj", "{F4AE635C-B1B5-4EC1-B27F-0CEB6DAD014A}"
EndProject
Project("{9A19103F-16F7-4668-BE54-9A1E7A4F7556}") = "R5T.F0032", "..\..\R5T.F0032\source\R5T.F0032\R5T.F0032.csproj", "{DF4561D6-0B41-4E81-931E-0ACD26EA8673}"
EndProject
Project("{9A19103F-16F7-4668-BE54-9A1E7A4F7556}") = "R5T.F0040.F000", "..\..\R5T.F0040\source\R5T.F0040.F000\R5T.F0040.F000.csproj", "{13636B11-8810-4546-B7DD-7C5AF2579163}"
EndProject
Project("{9A19103F-16F7-4668-BE54-9A1E7A4F7556}") = "R5T.F0041", "..\..\R5T.F0041\source\R5T.F0041\R5T.F0041.csproj", "{A32B33B6-99C4-4AFC-AD29-27DB1A492837}"
EndProject
Project("{9A19103F-16F7-4668-BE54-9A1E7A4F7556}") = "R5T.F0042.F001", "..\..\R5T.F0042\source\R5T.F0042.F001\R5T.F0042.F001.csproj", "{BBB8A5EF-BB0A-4274-9EB9-18447F1B5AD7}"
EndProject
Project("{9A19103F-16F7-4668-BE54-9A1E7A4F7556}") = "R5T.F0042", "..\..\R5T.F0042\source\R5T.F0042\R5T.F0042.csproj", "{AC43478D-8EBF-4182-A3AC-A3C5E218A85F}"
EndProject
Project("{9A19103F-16F7-4668-BE54-9A1E7A4F7556}") = "R5T.F0044", "..\..\R5T.F0044\source\R5T.F0044\R5T.F0044.csproj", "{BCF8E0F3-2EB7-426C-A339-21BEF2B1A9D2}"
EndProject
Project("{9A19103F-16F7-4668-BE54-9A1E7A4F7556}") = "R5T.F0046", "..\..\R5T.F0046\source\R5T.F0046\R5T.F0046.csproj", "{DD9A9331-E495-4468-A06A-2E09ED6ED076}"
EndProject
Project("{9A19103F-16F7-4668-BE54-9A1E7A4F7556}") = "R5T.F0047", "..\..\R5T.F0047\source\R5T.F0047\R5T.F0047.csproj", "{2E9EE8D1-A48C-445E-9197-D8D6B3EC422C}"
EndProject
Project("{9A19103F-16F7-4668-BE54-9A1E7A4F7556}") = "R5T.F0050", "..\..\R5T.F0050\source\R5T.F0050\R5T.F0050.csproj", "{7C3FEAA9-9DB4-403B-8B65-34C434DB3421}"
EndProject
Project("{9A19103F-16F7-4668-BE54-9A1E7A4F7556}") = "R5T.F0051", "..\..\R5T.F0051\source\R5T.F0051\R5T.F0051.csproj", "{E2866549-1863-47DD-98EE-6AE9B2D0AD99}"
EndProject
Project("{9A19103F-16F7-4668-BE54-9A1E7A4F7556}") = "R5T.F0052", "..\..\R5T.F0052\source\R5T.F0052\R5T.F0052.csproj", "{DA0451A0-3A86-4F33-A668-0A6CE1200B99}"
EndProject
Project("{9A19103F-16F7-4668-BE54-9A1E7A4F7556}") = "R5T.F0053", "..\..\R5T.F0053\source\R5T.F0053\R5T.F0053.csproj", "{E517A965-8E21-40A3-A5C3-3274968F1FC9}"
EndProject
Project("{9A19103F-16F7-4668-BE54-9A1E7A4F7556}") = "R5T.F0054", "..\..\R5T.F0054\source\R5T.F0054\R5T.F0054.csproj", "{9E471340-7BDB-40B5-9E2A-D748751B4FB7}"
EndProject
Project("{9A19103F-16F7-4668-BE54-9A1E7A4F7556}") = "R5T.F0056", "..\..\R5T.F0056\source\R5T.F0056\R5T.F0056.csproj", "{1FA734B5-C067-4D65-B938-6E4A0F5F9933}"
EndProject
Project("{9A19103F-16F7-4668-BE54-9A1E7A4F7556}") = "R5T.F0057", "..\..\R5T.F0057\source\R5T.F0057\R5T.F0057.csproj", "{43C37279-C56A-46E0-A64F-130B4D9584C4}"
EndProject
Project("{9A19103F-16F7-4668-BE54-9A1E7A4F7556}") = "R5T.F0063.F001", "..\..\R5T.F0063\source\R5T.F0063.F001\R5T.F0063.F001.csproj", "{F401A5F2-501A-4836-B8A7-52A0CA27C67A}"
EndProject
Project("{9A19103F-16F7-4668-BE54-9A1E7A4F7556}") = "R5T.F0063", "..\..\R5T.F0063\source\R5T.F0063\R5T.F0063.csproj", "{48BDD618-1E08-4B52-9E70-1CD9ADA44392}"
EndProject
Project("{9A19103F-16F7-4668-BE54-9A1E7A4F7556}") = "R5T.F0091", "..\..\R5T.F0091\source\R5T.F0091\R5T.F0091.csproj", "{BE0F1CF9-8066-4D91-9089-494F2AD68A0D}"
EndProject
Project("{9A19103F-16F7-4668-BE54-9A1E7A4F7556}") = "R5T.L0001.Y000", "..\..\R5T.L0001\source\R5T.L0001.Y000\R5T.L0001.Y000.csproj", "{8E5BD1DF-A64A-4FB2-B473-BC474E89934B}"
EndProject
Project("{9A19103F-16F7-4668-BE54-9A1E7A4F7556}") = "R5T.L0001.Z000", "..\..\R5T.L0001\source\R5T.L0001.Z000\R5T.L0001.Z000.csproj", "{F0749937-BEA3-4695-A118-BD29DD38420E}"
EndProject
Project("{9A19103F-16F7-4668-BE54-9A1E7A4F7556}") = "R5T.L0001", "..\..\R5T.L0001\source\R5T.L0001\R5T.L0001.csproj", "{B411D601-6213-48EB-BB93-2A742B14A780}"
EndProject
Project("{9A19103F-16F7-4668-BE54-9A1E7A4F7556}") = "R5T.L0032.T000", "..\..\R5T.L0032\source\R5T.L0032.T000\R5T.L0032.T000.csproj", "{DDE1DACA-6AEC-43CA-B38A-E47698AADBF2}"
EndProject
Project("{9A19103F-16F7-4668-BE54-9A1E7A4F7556}") = "R5T.L0032.Z000", "..\..\R5T.L0032\source\R5T.L0032.Z000\R5T.L0032.Z000.csproj", "{04DC29E8-BAF3-4B96-8807-DA2D1E960149}"
EndProject
Project("{9A19103F-16F7-4668-BE54-9A1E7A4F7556}") = "R5T.L0032", "..\..\R5T.L0032\source\R5T.L0032\R5T.L0032.csproj", "{2C0D2389-06F1-4D8C-A090-B12719931F43}"
EndProject
Project("{9A19103F-16F7-4668-BE54-9A1E7A4F7556}") = "R5T.L0033.T000", "..\..\R5T.L0033\source\R5T.L0033.T000\R5T.L0033.T000.csproj", "{C40F91BF-9420-41E1-B0D2-791F07C6BFB4}"
EndProject
Project("{9A19103F-16F7-4668-BE54-9A1E7A4F7556}") = "R5T.L0033", "..\..\R5T.L0033\source\R5T.L0033\R5T.L0033.csproj", "{AB49E484-A867-4C15-8142-A4E75298BD41}"
EndProject
Project("{9A19103F-16F7-4668-BE54-9A1E7A4F7556}") = "R5T.L0040.T000", "..\..\R5T.L0040\source\R5T.L0040.T000\R5T.L0040.T000.csproj", "{29157634-BE18-48F9-9107-9F1578146447}"
EndProject
Project("{9A19103F-16F7-4668-BE54-9A1E7A4F7556}") = "R5T.L0040", "..\..\R5T.L0040\source\R5T.L0040\R5T.L0040.csproj", "{8C69D7ED-7604-48DC-9ADA-7B14B3161DE0}"
EndProject
Project("{9A19103F-16F7-4668-BE54-9A1E7A4F7556}") = "R5T.NG0005", "..\..\R5T.NG0005\source\R5T.NG0005\R5T.NG0005.csproj", "{35AFC82C-F0AE-4604-918E-39612EC0E7F2}"
EndProject
Project("{9A19103F-16F7-4668-BE54-9A1E7A4F7556}") = "R5T.NG0008", "..\..\R5T.NG0008\source\R5T.NG0008\R5T.NG0008.csproj", "{AFF72995-BB70-41EA-A7FC-8E22B03F0B3D}"
EndProject
Project("{9A19103F-16F7-4668-BE54-9A1E7A4F7556}") = "R5T.T0046", "..\..\R5T.T0046\source\R5T.T0046\R5T.T0046.csproj", "{12A95CC8-BD95-4A7C-8EF0-840DE5551D71}"
EndProject
Project("{9A19103F-16F7-4668-BE54-9A1E7A4F7556}") = "R5T.T0144", "..\..\R5T.T0144\source\R5T.T0144\R5T.T0144.csproj", "{7ECDF1FB-ED27-4AB9-9A09-EA6BEDDBB68A}"
EndProject
Project("{9A19103F-16F7-4668-BE54-9A1E7A4F7556}") = "R5T.T0152", "..\..\R5T.T0152\source\R5T.T0152\R5T.T0152.csproj", "{22C568F4-A200-469B-85BA-4C16254469FD}"
EndProject
Project("{9A19103F-16F7-4668-BE54-9A1E7A4F7556}") = "R5T.T0161", "..\..\R5T.T0161\source\R5T.T0161\R5T.T0161.csproj", "{E7140812-0349-44D4-A3D4-2AB8186193E9}"
EndProject
Project("{9A19103F-16F7-4668-BE54-9A1E7A4F7556}") = "R5T.T0188", "..\..\R5T.T0188\source\R5T.T0188\R5T.T0188.csproj", "{234F6FCB-D581-47D2-B4DF-C34EE61A5B68}"
EndProject
Project("{9A19103F-16F7-4668-BE54-9A1E7A4F7556}") = "R5T.T0195", "..\..\R5T.T0195\source\R5T.T0195\R5T.T0195.csproj", "{0546292D-8C3F-42E0-8845-F9BBF0258DB4}"
EndProject
Project("{9A19103F-16F7-4668-BE54-9A1E7A4F7556}") = "R5T.Y0004", "..\..\R5T.Y0004\source\R5T.Y0004\R5T.Y0004.csproj", "{760A10D3-D871-4421-AD19-CFFA6481EE10}"
EndProject
Project("{9A19103F-16F7-4668-BE54-9A1E7A4F7556}") = "R5T.Z0005", "..\..\R5T.Z0005\source\R5T.Z0005\R5T.Z0005.csproj", "{90905F23-C31A-4D5D-B551-261743D69C5F}"
EndProject
Project("{9A19103F-16F7-4668-BE54-9A1E7A4F7556}") = "R5T.Z0013", "..\..\R5T.Z0013\source\R5T.Z0013\R5T.Z0013.csproj", "{CA3541B1-FF71-4F4F-BECD-47571B5A4B61}"
EndProject
Project("{9A19103F-16F7-4668-BE54-9A1E7A4F7556}") = "R5T.Z0036", "..\..\R5T.Z0036\source\R5T.Z0036\R5T.Z0036.csproj", "{ACC13C50-FE37-4C76-BD48-F2E00F2359B5}"
EndProject
Project("{9A19103F-16F7-4668-BE54-9A1E7A4F7556}") = "R5T.Z0045", "..\..\R5T.Z0045\source\R5T.Z0045\R5T.Z0045.csproj", "{70CF2FD7-89C2-4A88-BDF9-7300A469CEBF}"
EndProject
Project("{9A19103F-16F7-4668-BE54-9A1E7A4F7556}") = "R5T.F0078", "..\..\R5T.F0078\source\R5T.F0078\R5T.F0078.csproj", "{784BB9B5-A81B-4636-9BAC-FF221D3B50CD}"
EndProject
Project("{9A19103F-16F7-4668-BE54-9A1E7A4F7556}") = "R5T.F0079", "..\..\R5T.F0079\source\R5T.F0079\R5T.F0079.csproj", "{7D74F8D4-5104-4EE4-A45D-6506A139CDC9}"
EndProject
Project("{9A19103F-16F7-4668-BE54-9A1E7A4F7556}") = "R5T.F0083.R001", "..\..\R5T.F0083\source\R5T.F0083.R001\R5T.F0083.R001.csproj", "{6F04F7BB-F818-4283-958D-088ADA2D1D7E}"
EndProject
Project("{9A19103F-16F7-4668-BE54-9A1E7A4F7556}") = "R5T.F0083", "..\..\R5T.F0083\source\R5T.F0083\R5T.F0083.csproj", "{F0EEC03C-AD58-4722-9550-5175012BD36D}"
EndProject
Project("{9A19103F-16F7-4668-BE54-9A1E7A4F7556}") = "R5T.F0086", "..\..\R5T.F0086\source\R5T.F0086\R5T.F0086.csproj", "{54053F2E-6258-4E26-A7EB-FFA016DD916D}"
EndProject
Project("{9A19103F-16F7-4668-BE54-9A1E7A4F7556}") = "R5T.F0131", "..\..\R5T.F0131\source\R5T.F0131\R5T.F0131.csproj", "{BCF3E43D-555F-49D3-A2DE-755CB186CCAE}"
EndProject
Project("{9A19103F-16F7-4668-BE54-9A1E7A4F7556}") = "R5T.F0132", "..\..\R5T.F0132\source\R5T.F0132\R5T.F0132.csproj", "{0A710C94-336B-461A-B4E2-49E29FD41D95}"
EndProject
Project("{9A19103F-16F7-4668-BE54-9A1E7A4F7556}") = "R5T.L0032.F000", "..\..\R5T.L0032\source\R5T.L0032.F000\R5T.L0032.F000.csproj", "{6BF3078B-3B8E-4CAF-ACD5-C21251D6F7C5}"
EndProject
Project("{9A19103F-16F7-4668-BE54-9A1E7A4F7556}") = "R5T.L0033.Z001", "..\..\R5T.L0033\source\R5T.L0033.Z001\R5T.L0033.Z001.csproj", "{CC7D30AF-70C4-4418-9BFC-49BA2D86728E}"
EndProject
Project("{9A19103F-16F7-4668-BE54-9A1E7A4F7556}") = "R5T.L0033.Z002", "..\..\R5T.L0033\source\R5T.L0033.Z002\R5T.L0033.Z002.csproj", "{E6F6D131-5D23-4C6A-991A-A561E0900680}"
EndProject
Project("{9A19103F-16F7-4668-BE54-9A1E7A4F7556}") = "R5T.L0039.O001", "R5T.L0039.O001\R5T.L0039.O001.csproj", "{21DE416B-D561-4144-823A-BD60945D0871}"
EndProject
Project("{9A19103F-16F7-4668-BE54-9A1E7A4F7556}") = "R5T.L0040.F000", "..\..\R5T.L0040\source\R5T.L0040.F000\R5T.L0040.F000.csproj", "{A1D13250-E398-4079-888F-D93B1C5C018A}"
EndProject
Project("{9A19103F-16F7-4668-BE54-9A1E7A4F7556}") = "R5T.L0040.O001", "..\..\R5T.L0040\source\R5T.L0040.O001\R5T.L0040.O001.csproj", "{784E729A-C3A4-49ED-A22A-4423B5C1792F}"
EndProject
Project("{9A19103F-16F7-4668-BE54-9A1E7A4F7556}") = "R5T.L0040.O002", "..\..\R5T.L0040\source\R5T.L0040.O002\R5T.L0040.O002.csproj", "{082EFB65-CC71-4C2A-85EE-D2A0998E4A67}"
EndProject
Project("{9A19103F-16F7-4668-BE54-9A1E7A4F7556}") = "R5T.NG0009", "..\..\R5T.NG0009\source\R5T.NG0009\R5T.NG0009.csproj", "{29B2DC88-1202-403B-8177-481CBA0F870C}"
EndProject
Project("{9A19103F-16F7-4668-BE54-9A1E7A4F7556}") = "R5T.NG0014", "..\..\R5T.NG0014\source\R5T.NG0014\R5T.NG0014.csproj", "{65A94067-E032-4216-97E8-EE9E626240C0}"
EndProject
Project("{9A19103F-16F7-4668-BE54-9A1E7A4F7556}") = "R5T.NG0022", "..\..\R5T.NG0022\source\R5T.NG0022\R5T.NG0022.csproj", "{2F34639B-C426-41B9-80C5-D69E5873C785}"
EndProject
Project("{9A19103F-16F7-4668-BE54-9A1E7A4F7556}") = "R5T.O0003", "..\..\R5T.O0003\source\R5T.O0003\R5T.O0003.csproj", "{CED6E1A9-0DB3-4FBD-AECF-06A413F6BD93}"
EndProject
Project("{9A19103F-16F7-4668-BE54-9A1E7A4F7556}") = "R5T.O0004", "..\..\R5T.O0004\source\R5T.O0004\R5T.O0004.csproj", "{4DA63C13-45EB-4D60-99CD-B57FD8CC9F52}"
EndProject
Project("{9A19103F-16F7-4668-BE54-9A1E7A4F7556}") = "R5T.O0008", "..\..\R5T.O0008\source\R5T.O0008\R5T.O0008.csproj", "{9060C87C-F57E-42FB-B945-5DD67624E65A}"
EndProject
Project("{9A19103F-16F7-4668-BE54-9A1E7A4F7556}") = "R5T.T0154", "..\..\R5T.T0154\source\R5T.T0154\R5T.T0154.csproj", "{CAE819F9-0FF9-4A6C-BDAC-8BC8C7B31FF3}"
EndProject
Project("{9A19103F-16F7-4668-BE54-9A1E7A4F7556}") = "R5T.T0193", "..\..\R5T.T0193\source\R5T.T0193\R5T.T0193.csproj", "{88CBED6A-22C5-4274-83B2-E7E786CBC1B3}"
EndProject
Project("{9A19103F-16F7-4668-BE54-9A1E7A4F7556}") = "R5T.T0198", "..\..\R5T.T0198\source\R5T.T0198\R5T.T0198.csproj", "{C30C2DAF-F6A5-4DC1-9983-E57C742719C9}"
EndProject
Project("{9A19103F-16F7-4668-BE54-9A1E7A4F7556}") = "R5T.T0202", "..\..\R5T.T0202\source\R5T.T0202\R5T.T0202.csproj", "{3AA3D6D1-6733-4B54-B7EC-911445C6299C}"
EndProject
Project("{9A19103F-16F7-4668-BE54-9A1E7A4F7556}") = "R5T.T0203", "..\..\R5T.T0203\source\R5T.T0203\R5T.T0203.csproj", "{4E141F1A-F0CF-4B3D-B9A3-1A8AB2266C31}"
EndProject
Project("{9A19103F-16F7-4668-BE54-9A1E7A4F7556}") = "R5T.T0205", "..\..\R5T.T0205\source\R5T.T0205\R5T.T0205.csproj", "{C74E98B3-0C7C-4C2E-A55B-92D6CF202AD4}"
EndProject
Project("{9A19103F-16F7-4668-BE54-9A1E7A4F7556}") = "R5T.T0206", "..\..\R5T.T0206\source\R5T.T0206\R5T.T0206.csproj", "{B0AA7F47-C45D-4AFB-8AD9-3A1B22F8092C}"
EndProject
Project("{9A19103F-16F7-4668-BE54-9A1E7A4F7556}") = "R5T.T0208", "..\..\R5T.T0208\source\R5T.T0208\R5T.T0208.csproj", "{13E0C384-F6E0-4732-AE92-1E468D9C0A1B}"
EndProject
Project("{9A19103F-16F7-4668-BE54-9A1E7A4F7556}") = "R5T.T0209", "..\..\R5T.T0209\source\R5T.T0209\R5T.T0209.csproj", "{05CF3DB4-1F23-413F-B9F9-325D10C09D4D}"
EndProject
Project("{9A19103F-16F7-4668-BE54-9A1E7A4F7556}") = "R5T.T0210", "..\..\R5T.T0210\source\R5T.T0210\R5T.T0210.csproj", "{5CBCFD9A-4A58-4E7E-A4AC-5214F9E1B84F}"
EndProject
Project("{9A19103F-16F7-4668-BE54-9A1E7A4F7556}") = "R5T.Z0048", "..\..\R5T.Z0048\source\R5T.Z0048\R5T.Z0048.csproj", "{62F72DE4-824E-4B36-881A-4CD4C440E116}"
EndProject
Project("{9A19103F-16F7-4668-BE54-9A1E7A4F7556}") = "R5T.Z0050", "..\..\R5T.Z0050\source\R5T.Z0050\R5T.Z0050.csproj", "{E7BC0F6B-6668-44F6-BA8F-8574CE369080}"
EndProject
Project("{9A19103F-16F7-4668-BE54-9A1E7A4F7556}") = "R5T.Z0051", "..\..\R5T.Z0051\source\R5T.Z0051\R5T.Z0051.csproj", "{AC4E4A53-F8F7-43CF-89FB-C40D0D5EF1F1}"
EndProject
Project("{9A19103F-16F7-4668-BE54-9A1E7A4F7556}") = "R5T.L0039.O002", "R5T.L0039.O002\R5T.L0039.O002.csproj", "{B180DAFD-0193-493D-BD3A-BED45F2771CB}"
EndProject
Project("{9A19103F-16F7-4668-BE54-9A1E7A4F7556}") = "R5T.T0200", "..\..\R5T.T0200\source\R5T.T0200\R5T.T0200.csproj", "{0C0C91DC-3982-4FCB-8F3B-16DDB997CE04}"
EndProject
Global
	GlobalSection(NestedProjects) = preSolution
		{77691D6D-6F7E-4008-834B-7F0B40A991D0} = {A13E8C11-B43D-4FE2-BA21-8CEE04DB7EE5}
		{44D52376-EDB8-4C73-A8E8-E2A0B34810C7} = {A13E8C11-B43D-4FE2-BA21-8CEE04DB7EE5}
		{B879B8E5-7A85-4584-B6A8-27991858DE3E} = {A13E8C11-B43D-4FE2-BA21-8CEE04DB7EE5}
		{E89A816E-5CEC-4868-976F-6705F9A624BE} = {A13E8C11-B43D-4FE2-BA21-8CEE04DB7EE5}
		{BAFDFC43-A10C-4501-82AA-27CF7D8F827A} = {A13E8C11-B43D-4FE2-BA21-8CEE04DB7EE5}
		{C8A8405A-E6D1-4A7E-A376-16748C82F823} = {A13E8C11-B43D-4FE2-BA21-8CEE04DB7EE5}
		{B34EEA0D-988E-4B0C-9607-F790F87BE8FB} = {A13E8C11-B43D-4FE2-BA21-8CEE04DB7EE5}
		{487E8D5F-CBF1-4DFF-9471-C1A03E3E2F4E} = {A13E8C11-B43D-4FE2-BA21-8CEE04DB7EE5}
		{A44B186A-4906-4B42-87F3-89CE1B80AA4E} = {A13E8C11-B43D-4FE2-BA21-8CEE04DB7EE5}
		{405D71BD-5A33-4ED8-B499-5C9A1C4771EC} = {A13E8C11-B43D-4FE2-BA21-8CEE04DB7EE5}
		{F1892957-1CB8-4547-95B0-3DAA77326430} = {A13E8C11-B43D-4FE2-BA21-8CEE04DB7EE5}
		{F2B7E58F-4A8A-4C77-AF33-EA824B78D713} = {A13E8C11-B43D-4FE2-BA21-8CEE04DB7EE5}
		{2AA39EE4-AF0B-4B54-8836-0F3D1B7205C8} = {A13E8C11-B43D-4FE2-BA21-8CEE04DB7EE5}
		{3AF4AAFE-C6BE-4875-B873-26F3EE170D06} = {A13E8C11-B43D-4FE2-BA21-8CEE04DB7EE5}
		{308D522C-88B2-49B6-AE37-2E7F21F653B6} = {A13E8C11-B43D-4FE2-BA21-8CEE04DB7EE5}
		{538D0D15-740B-41BE-8BBD-80D4BDD10167} = {A13E8C11-B43D-4FE2-BA21-8CEE04DB7EE5}
		{83F4B19D-2D52-4925-A7E6-4069DAFB63AC} = {A13E8C11-B43D-4FE2-BA21-8CEE04DB7EE5}
		{CDB906FE-2746-4338-B3A6-BF2E78A1CDAA} = {A13E8C11-B43D-4FE2-BA21-8CEE04DB7EE5}
		{AA79D516-6E45-4AB7-8F79-DC96D88F7691} = {A13E8C11-B43D-4FE2-BA21-8CEE04DB7EE5}
		{6C01BA53-B813-45ED-80DE-76ECBA25411E} = {A13E8C11-B43D-4FE2-BA21-8CEE04DB7EE5}
		{5739C3F0-A587-404F-931E-EBECF77F67F7} = {A13E8C11-B43D-4FE2-BA21-8CEE04DB7EE5}
		{AD160D46-C559-4E89-8425-5747DA5B0B60} = {A13E8C11-B43D-4FE2-BA21-8CEE04DB7EE5}
		{C9EE02E1-B93C-449F-A163-CEB460CFFD5A} = {A13E8C11-B43D-4FE2-BA21-8CEE04DB7EE5}
		{F6B252F8-CF03-440A-9C3D-DFF6D1369346} = {A13E8C11-B43D-4FE2-BA21-8CEE04DB7EE5}
		{940F833B-810D-41AF-A77B-A1B76E2F50C7} = {A13E8C11-B43D-4FE2-BA21-8CEE04DB7EE5}
		{B0D2F7D4-FB6E-42D2-8D19-D7E93B1A619C} = {A13E8C11-B43D-4FE2-BA21-8CEE04DB7EE5}
		{B3615E62-2DF7-4126-9253-87B4D3F97266} = {A13E8C11-B43D-4FE2-BA21-8CEE04DB7EE5}
		{1BCDE769-A22F-48D8-8A53-A0712E346463} = {A13E8C11-B43D-4FE2-BA21-8CEE04DB7EE5}
		{270B7257-D053-4140-9A11-FFCAF49BFB86} = {A13E8C11-B43D-4FE2-BA21-8CEE04DB7EE5}
		{8943859F-7BAF-408E-91C2-F4AEB0BE6CA2} = {A13E8C11-B43D-4FE2-BA21-8CEE04DB7EE5}
		{F0C0BB43-E411-454E-8E6A-5EBF116510DE} = {A13E8C11-B43D-4FE2-BA21-8CEE04DB7EE5}
		{1F730545-1811-4FA4-8C80-D468CD7B5D86} = {A13E8C11-B43D-4FE2-BA21-8CEE04DB7EE5}
		{BC838D43-E8E1-4F6C-BB9F-47B927AD4FC0} = {A13E8C11-B43D-4FE2-BA21-8CEE04DB7EE5}
		{B4CBBAEF-CBE3-4A94-A656-5A35F70960D1} = {A13E8C11-B43D-4FE2-BA21-8CEE04DB7EE5}
		{BA960DF9-B96F-4E57-832D-B26B6DE942AF} = {A13E8C11-B43D-4FE2-BA21-8CEE04DB7EE5}
		{F12801D7-D11B-434C-9458-FBF9AA37A64E} = {A13E8C11-B43D-4FE2-BA21-8CEE04DB7EE5}
		{404BF596-FE9D-47B8-976E-9987CCE06A95} = {A13E8C11-B43D-4FE2-BA21-8CEE04DB7EE5}
		{BAC3D6A0-F42F-46EB-8183-2CFB209C4341} = {A13E8C11-B43D-4FE2-BA21-8CEE04DB7EE5}
		{37EF6A03-CB7B-4760-BAA7-4A1DDF371517} = {A13E8C11-B43D-4FE2-BA21-8CEE04DB7EE5}
		{FA26122F-6AFF-4FD8-B95E-B8A3066147C0} = {A13E8C11-B43D-4FE2-BA21-8CEE04DB7EE5}
		{37095395-42E8-4323-A5A8-1FFC86720399} = {A13E8C11-B43D-4FE2-BA21-8CEE04DB7EE5}
		{8F2003D0-9E99-4A05-939E-335FF5D82E25} = {A13E8C11-B43D-4FE2-BA21-8CEE04DB7EE5}
		{80AE0E2D-E877-4955-8470-A06E211CA7AA} = {A13E8C11-B43D-4FE2-BA21-8CEE04DB7EE5}
		{217647F6-2428-472E-B975-FF40C57995DC} = {A13E8C11-B43D-4FE2-BA21-8CEE04DB7EE5}
		{F4AE635C-B1B5-4EC1-B27F-0CEB6DAD014A} = {A13E8C11-B43D-4FE2-BA21-8CEE04DB7EE5}
		{DF4561D6-0B41-4E81-931E-0ACD26EA8673} = {A13E8C11-B43D-4FE2-BA21-8CEE04DB7EE5}
		{13636B11-8810-4546-B7DD-7C5AF2579163} = {A13E8C11-B43D-4FE2-BA21-8CEE04DB7EE5}
		{A32B33B6-99C4-4AFC-AD29-27DB1A492837} = {A13E8C11-B43D-4FE2-BA21-8CEE04DB7EE5}
		{BBB8A5EF-BB0A-4274-9EB9-18447F1B5AD7} = {A13E8C11-B43D-4FE2-BA21-8CEE04DB7EE5}
		{AC43478D-8EBF-4182-A3AC-A3C5E218A85F} = {A13E8C11-B43D-4FE2-BA21-8CEE04DB7EE5}
		{BCF8E0F3-2EB7-426C-A339-21BEF2B1A9D2} = {A13E8C11-B43D-4FE2-BA21-8CEE04DB7EE5}
		{DD9A9331-E495-4468-A06A-2E09ED6ED076} = {A13E8C11-B43D-4FE2-BA21-8CEE04DB7EE5}
		{2E9EE8D1-A48C-445E-9197-D8D6B3EC422C} = {A13E8C11-B43D-4FE2-BA21-8CEE04DB7EE5}
		{7C3FEAA9-9DB4-403B-8B65-34C434DB3421} = {A13E8C11-B43D-4FE2-BA21-8CEE04DB7EE5}
		{E2866549-1863-47DD-98EE-6AE9B2D0AD99} = {A13E8C11-B43D-4FE2-BA21-8CEE04DB7EE5}
		{DA0451A0-3A86-4F33-A668-0A6CE1200B99} = {A13E8C11-B43D-4FE2-BA21-8CEE04DB7EE5}
		{E517A965-8E21-40A3-A5C3-3274968F1FC9} = {A13E8C11-B43D-4FE2-BA21-8CEE04DB7EE5}
		{9E471340-7BDB-40B5-9E2A-D748751B4FB7} = {A13E8C11-B43D-4FE2-BA21-8CEE04DB7EE5}
		{1FA734B5-C067-4D65-B938-6E4A0F5F9933} = {A13E8C11-B43D-4FE2-BA21-8CEE04DB7EE5}
		{43C37279-C56A-46E0-A64F-130B4D9584C4} = {A13E8C11-B43D-4FE2-BA21-8CEE04DB7EE5}
		{F401A5F2-501A-4836-B8A7-52A0CA27C67A} = {A13E8C11-B43D-4FE2-BA21-8CEE04DB7EE5}
		{48BDD618-1E08-4B52-9E70-1CD9ADA44392} = {A13E8C11-B43D-4FE2-BA21-8CEE04DB7EE5}
		{BE0F1CF9-8066-4D91-9089-494F2AD68A0D} = {A13E8C11-B43D-4FE2-BA21-8CEE04DB7EE5}
		{8E5BD1DF-A64A-4FB2-B473-BC474E89934B} = {A13E8C11-B43D-4FE2-BA21-8CEE04DB7EE5}
		{F0749937-BEA3-4695-A118-BD29DD38420E} = {A13E8C11-B43D-4FE2-BA21-8CEE04DB7EE5}
		{B411D601-6213-48EB-BB93-2A742B14A780} = {A13E8C11-B43D-4FE2-BA21-8CEE04DB7EE5}
		{DDE1DACA-6AEC-43CA-B38A-E47698AADBF2} = {A13E8C11-B43D-4FE2-BA21-8CEE04DB7EE5}
		{04DC29E8-BAF3-4B96-8807-DA2D1E960149} = {A13E8C11-B43D-4FE2-BA21-8CEE04DB7EE5}
		{2C0D2389-06F1-4D8C-A090-B12719931F43} = {A13E8C11-B43D-4FE2-BA21-8CEE04DB7EE5}
		{C40F91BF-9420-41E1-B0D2-791F07C6BFB4} = {A13E8C11-B43D-4FE2-BA21-8CEE04DB7EE5}
		{AB49E484-A867-4C15-8142-A4E75298BD41} = {A13E8C11-B43D-4FE2-BA21-8CEE04DB7EE5}
		{29157634-BE18-48F9-9107-9F1578146447} = {A13E8C11-B43D-4FE2-BA21-8CEE04DB7EE5}
		{8C69D7ED-7604-48DC-9ADA-7B14B3161DE0} = {A13E8C11-B43D-4FE2-BA21-8CEE04DB7EE5}
		{35AFC82C-F0AE-4604-918E-39612EC0E7F2} = {A13E8C11-B43D-4FE2-BA21-8CEE04DB7EE5}
		{AFF72995-BB70-41EA-A7FC-8E22B03F0B3D} = {A13E8C11-B43D-4FE2-BA21-8CEE04DB7EE5}
		{12A95CC8-BD95-4A7C-8EF0-840DE5551D71} = {A13E8C11-B43D-4FE2-BA21-8CEE04DB7EE5}
		{7ECDF1FB-ED27-4AB9-9A09-EA6BEDDBB68A} = {A13E8C11-B43D-4FE2-BA21-8CEE04DB7EE5}
		{22C568F4-A200-469B-85BA-4C16254469FD} = {A13E8C11-B43D-4FE2-BA21-8CEE04DB7EE5}
		{E7140812-0349-44D4-A3D4-2AB8186193E9} = {A13E8C11-B43D-4FE2-BA21-8CEE04DB7EE5}
		{234F6FCB-D581-47D2-B4DF-C34EE61A5B68} = {A13E8C11-B43D-4FE2-BA21-8CEE04DB7EE5}
		{0546292D-8C3F-42E0-8845-F9BBF0258DB4} = {A13E8C11-B43D-4FE2-BA21-8CEE04DB7EE5}
		{760A10D3-D871-4421-AD19-CFFA6481EE10} = {A13E8C11-B43D-4FE2-BA21-8CEE04DB7EE5}
		{90905F23-C31A-4D5D-B551-261743D69C5F} = {A13E8C11-B43D-4FE2-BA21-8CEE04DB7EE5}
		{CA3541B1-FF71-4F4F-BECD-47571B5A4B61} = {A13E8C11-B43D-4FE2-BA21-8CEE04DB7EE5}
		{ACC13C50-FE37-4C76-BD48-F2E00F2359B5} = {A13E8C11-B43D-4FE2-BA21-8CEE04DB7EE5}
		{70CF2FD7-89C2-4A88-BDF9-7300A469CEBF} = {A13E8C11-B43D-4FE2-BA21-8CEE04DB7EE5}
		{784BB9B5-A81B-4636-9BAC-FF221D3B50CD} = {A13E8C11-B43D-4FE2-BA21-8CEE04DB7EE5}
		{7D74F8D4-5104-4EE4-A45D-6506A139CDC9} = {A13E8C11-B43D-4FE2-BA21-8CEE04DB7EE5}
		{6F04F7BB-F818-4283-958D-088ADA2D1D7E} = {A13E8C11-B43D-4FE2-BA21-8CEE04DB7EE5}
		{F0EEC03C-AD58-4722-9550-5175012BD36D} = {A13E8C11-B43D-4FE2-BA21-8CEE04DB7EE5}
		{54053F2E-6258-4E26-A7EB-FFA016DD916D} = {A13E8C11-B43D-4FE2-BA21-8CEE04DB7EE5}
		{BCF3E43D-555F-49D3-A2DE-755CB186CCAE} = {A13E8C11-B43D-4FE2-BA21-8CEE04DB7EE5}
		{0A710C94-336B-461A-B4E2-49E29FD41D95} = {A13E8C11-B43D-4FE2-BA21-8CEE04DB7EE5}
		{6BF3078B-3B8E-4CAF-ACD5-C21251D6F7C5} = {A13E8C11-B43D-4FE2-BA21-8CEE04DB7EE5}
		{CC7D30AF-70C4-4418-9BFC-49BA2D86728E} = {A13E8C11-B43D-4FE2-BA21-8CEE04DB7EE5}
		{E6F6D131-5D23-4C6A-991A-A561E0900680} = {A13E8C11-B43D-4FE2-BA21-8CEE04DB7EE5}
		{A1D13250-E398-4079-888F-D93B1C5C018A} = {A13E8C11-B43D-4FE2-BA21-8CEE04DB7EE5}
		{784E729A-C3A4-49ED-A22A-4423B5C1792F} = {A13E8C11-B43D-4FE2-BA21-8CEE04DB7EE5}
		{082EFB65-CC71-4C2A-85EE-D2A0998E4A67} = {A13E8C11-B43D-4FE2-BA21-8CEE04DB7EE5}
		{29B2DC88-1202-403B-8177-481CBA0F870C} = {A13E8C11-B43D-4FE2-BA21-8CEE04DB7EE5}
		{65A94067-E032-4216-97E8-EE9E626240C0} = {A13E8C11-B43D-4FE2-BA21-8CEE04DB7EE5}
		{2F34639B-C426-41B9-80C5-D69E5873C785} = {A13E8C11-B43D-4FE2-BA21-8CEE04DB7EE5}
		{CED6E1A9-0DB3-4FBD-AECF-06A413F6BD93} = {A13E8C11-B43D-4FE2-BA21-8CEE04DB7EE5}
		{4DA63C13-45EB-4D60-99CD-B57FD8CC9F52} = {A13E8C11-B43D-4FE2-BA21-8CEE04DB7EE5}
		{9060C87C-F57E-42FB-B945-5DD67624E65A} = {A13E8C11-B43D-4FE2-BA21-8CEE04DB7EE5}
		{CAE819F9-0FF9-4A6C-BDAC-8BC8C7B31FF3} = {A13E8C11-B43D-4FE2-BA21-8CEE04DB7EE5}
		{88CBED6A-22C5-4274-83B2-E7E786CBC1B3} = {A13E8C11-B43D-4FE2-BA21-8CEE04DB7EE5}
		{C30C2DAF-F6A5-4DC1-9983-E57C742719C9} = {A13E8C11-B43D-4FE2-BA21-8CEE04DB7EE5}
		{3AA3D6D1-6733-4B54-B7EC-911445C6299C} = {A13E8C11-B43D-4FE2-BA21-8CEE04DB7EE5}
		{4E141F1A-F0CF-4B3D-B9A3-1A8AB2266C31} = {A13E8C11-B43D-4FE2-BA21-8CEE04DB7EE5}
		{C74E98B3-0C7C-4C2E-A55B-92D6CF202AD4} = {A13E8C11-B43D-4FE2-BA21-8CEE04DB7EE5}
		{B0AA7F47-C45D-4AFB-8AD9-3A1B22F8092C} = {A13E8C11-B43D-4FE2-BA21-8CEE04DB7EE5}
		{13E0C384-F6E0-4732-AE92-1E468D9C0A1B} = {A13E8C11-B43D-4FE2-BA21-8CEE04DB7EE5}
		{05CF3DB4-1F23-413F-B9F9-325D10C09D4D} = {A13E8C11-B43D-4FE2-BA21-8CEE04DB7EE5}
		{5CBCFD9A-4A58-4E7E-A4AC-5214F9E1B84F} = {A13E8C11-B43D-4FE2-BA21-8CEE04DB7EE5}
		{62F72DE4-824E-4B36-881A-4CD4C440E116} = {A13E8C11-B43D-4FE2-BA21-8CEE04DB7EE5}
		{E7BC0F6B-6668-44F6-BA8F-8574CE369080} = {A13E8C11-B43D-4FE2-BA21-8CEE04DB7EE5}
		{AC4E4A53-F8F7-43CF-89FB-C40D0D5EF1F1} = {A13E8C11-B43D-4FE2-BA21-8CEE04DB7EE5}
		{0C0C91DC-3982-4FCB-8F3B-16DDB997CE04} = {A13E8C11-B43D-4FE2-BA21-8CEE04DB7EE5}
	EndGlobalSection
	GlobalSection(SolutionConfigurationPlatforms) = preSolution
		Debug|Any CPU = Debug|Any CPU
		Release|Any CPU = Release|Any CPU
	EndGlobalSection
	GlobalSection(ProjectConfigurationPlatforms) = postSolution
		{D0872BDB-594E-40FE-A409-082943BF67F7}.Debug|Any CPU.ActiveCfg = Debug|Any CPU
		{D0872BDB-594E-40FE-A409-082943BF67F7}.Debug|Any CPU.Build.0 = Debug|Any CPU
		{D0872BDB-594E-40FE-A409-082943BF67F7}.Release|Any CPU.ActiveCfg = Release|Any CPU
		{D0872BDB-594E-40FE-A409-082943BF67F7}.Release|Any CPU.Build.0 = Release|Any CPU
		{77691D6D-6F7E-4008-834B-7F0B40A991D0}.Debug|Any CPU.ActiveCfg = Debug|Any CPU
		{77691D6D-6F7E-4008-834B-7F0B40A991D0}.Debug|Any CPU.Build.0 = Debug|Any CPU
		{77691D6D-6F7E-4008-834B-7F0B40A991D0}.Release|Any CPU.ActiveCfg = Release|Any CPU
		{77691D6D-6F7E-4008-834B-7F0B40A991D0}.Release|Any CPU.Build.0 = Release|Any CPU
		{44D52376-EDB8-4C73-A8E8-E2A0B34810C7}.Debug|Any CPU.ActiveCfg = Debug|Any CPU
		{44D52376-EDB8-4C73-A8E8-E2A0B34810C7}.Debug|Any CPU.Build.0 = Debug|Any CPU
		{44D52376-EDB8-4C73-A8E8-E2A0B34810C7}.Release|Any CPU.ActiveCfg = Release|Any CPU
		{44D52376-EDB8-4C73-A8E8-E2A0B34810C7}.Release|Any CPU.Build.0 = Release|Any CPU
		{B879B8E5-7A85-4584-B6A8-27991858DE3E}.Debug|Any CPU.ActiveCfg = Debug|Any CPU
		{B879B8E5-7A85-4584-B6A8-27991858DE3E}.Debug|Any CPU.Build.0 = Debug|Any CPU
		{B879B8E5-7A85-4584-B6A8-27991858DE3E}.Release|Any CPU.ActiveCfg = Release|Any CPU
		{B879B8E5-7A85-4584-B6A8-27991858DE3E}.Release|Any CPU.Build.0 = Release|Any CPU
		{E89A816E-5CEC-4868-976F-6705F9A624BE}.Debug|Any CPU.ActiveCfg = Debug|Any CPU
		{E89A816E-5CEC-4868-976F-6705F9A624BE}.Debug|Any CPU.Build.0 = Debug|Any CPU
		{E89A816E-5CEC-4868-976F-6705F9A624BE}.Release|Any CPU.ActiveCfg = Release|Any CPU
		{E89A816E-5CEC-4868-976F-6705F9A624BE}.Release|Any CPU.Build.0 = Release|Any CPU
		{BAFDFC43-A10C-4501-82AA-27CF7D8F827A}.Debug|Any CPU.ActiveCfg = Debug|Any CPU
		{BAFDFC43-A10C-4501-82AA-27CF7D8F827A}.Debug|Any CPU.Build.0 = Debug|Any CPU
		{BAFDFC43-A10C-4501-82AA-27CF7D8F827A}.Release|Any CPU.ActiveCfg = Release|Any CPU
		{BAFDFC43-A10C-4501-82AA-27CF7D8F827A}.Release|Any CPU.Build.0 = Release|Any CPU
		{C8A8405A-E6D1-4A7E-A376-16748C82F823}.Debug|Any CPU.ActiveCfg = Debug|Any CPU
		{C8A8405A-E6D1-4A7E-A376-16748C82F823}.Debug|Any CPU.Build.0 = Debug|Any CPU
		{C8A8405A-E6D1-4A7E-A376-16748C82F823}.Release|Any CPU.ActiveCfg = Release|Any CPU
		{C8A8405A-E6D1-4A7E-A376-16748C82F823}.Release|Any CPU.Build.0 = Release|Any CPU
		{B34EEA0D-988E-4B0C-9607-F790F87BE8FB}.Debug|Any CPU.ActiveCfg = Debug|Any CPU
		{B34EEA0D-988E-4B0C-9607-F790F87BE8FB}.Debug|Any CPU.Build.0 = Debug|Any CPU
		{B34EEA0D-988E-4B0C-9607-F790F87BE8FB}.Release|Any CPU.ActiveCfg = Release|Any CPU
		{B34EEA0D-988E-4B0C-9607-F790F87BE8FB}.Release|Any CPU.Build.0 = Release|Any CPU
		{487E8D5F-CBF1-4DFF-9471-C1A03E3E2F4E}.Debug|Any CPU.ActiveCfg = Debug|Any CPU
		{487E8D5F-CBF1-4DFF-9471-C1A03E3E2F4E}.Debug|Any CPU.Build.0 = Debug|Any CPU
		{487E8D5F-CBF1-4DFF-9471-C1A03E3E2F4E}.Release|Any CPU.ActiveCfg = Release|Any CPU
		{487E8D5F-CBF1-4DFF-9471-C1A03E3E2F4E}.Release|Any CPU.Build.0 = Release|Any CPU
		{A44B186A-4906-4B42-87F3-89CE1B80AA4E}.Debug|Any CPU.ActiveCfg = Debug|Any CPU
		{A44B186A-4906-4B42-87F3-89CE1B80AA4E}.Debug|Any CPU.Build.0 = Debug|Any CPU
		{A44B186A-4906-4B42-87F3-89CE1B80AA4E}.Release|Any CPU.ActiveCfg = Release|Any CPU
		{A44B186A-4906-4B42-87F3-89CE1B80AA4E}.Release|Any CPU.Build.0 = Release|Any CPU
		{405D71BD-5A33-4ED8-B499-5C9A1C4771EC}.Debug|Any CPU.ActiveCfg = Debug|Any CPU
		{405D71BD-5A33-4ED8-B499-5C9A1C4771EC}.Debug|Any CPU.Build.0 = Debug|Any CPU
		{405D71BD-5A33-4ED8-B499-5C9A1C4771EC}.Release|Any CPU.ActiveCfg = Release|Any CPU
		{405D71BD-5A33-4ED8-B499-5C9A1C4771EC}.Release|Any CPU.Build.0 = Release|Any CPU
		{F1892957-1CB8-4547-95B0-3DAA77326430}.Debug|Any CPU.ActiveCfg = Debug|Any CPU
		{F1892957-1CB8-4547-95B0-3DAA77326430}.Debug|Any CPU.Build.0 = Debug|Any CPU
		{F1892957-1CB8-4547-95B0-3DAA77326430}.Release|Any CPU.ActiveCfg = Release|Any CPU
		{F1892957-1CB8-4547-95B0-3DAA77326430}.Release|Any CPU.Build.0 = Release|Any CPU
		{F2B7E58F-4A8A-4C77-AF33-EA824B78D713}.Debug|Any CPU.ActiveCfg = Debug|Any CPU
		{F2B7E58F-4A8A-4C77-AF33-EA824B78D713}.Debug|Any CPU.Build.0 = Debug|Any CPU
		{F2B7E58F-4A8A-4C77-AF33-EA824B78D713}.Release|Any CPU.ActiveCfg = Release|Any CPU
		{F2B7E58F-4A8A-4C77-AF33-EA824B78D713}.Release|Any CPU.Build.0 = Release|Any CPU
		{2AA39EE4-AF0B-4B54-8836-0F3D1B7205C8}.Debug|Any CPU.ActiveCfg = Debug|Any CPU
		{2AA39EE4-AF0B-4B54-8836-0F3D1B7205C8}.Debug|Any CPU.Build.0 = Debug|Any CPU
		{2AA39EE4-AF0B-4B54-8836-0F3D1B7205C8}.Release|Any CPU.ActiveCfg = Release|Any CPU
		{2AA39EE4-AF0B-4B54-8836-0F3D1B7205C8}.Release|Any CPU.Build.0 = Release|Any CPU
		{3AF4AAFE-C6BE-4875-B873-26F3EE170D06}.Debug|Any CPU.ActiveCfg = Debug|Any CPU
		{3AF4AAFE-C6BE-4875-B873-26F3EE170D06}.Debug|Any CPU.Build.0 = Debug|Any CPU
		{3AF4AAFE-C6BE-4875-B873-26F3EE170D06}.Release|Any CPU.ActiveCfg = Release|Any CPU
		{3AF4AAFE-C6BE-4875-B873-26F3EE170D06}.Release|Any CPU.Build.0 = Release|Any CPU
		{296631A4-3FB0-4BD0-AACF-D834AEFAD0BD}.Debug|Any CPU.ActiveCfg = Debug|Any CPU
		{296631A4-3FB0-4BD0-AACF-D834AEFAD0BD}.Debug|Any CPU.Build.0 = Debug|Any CPU
		{296631A4-3FB0-4BD0-AACF-D834AEFAD0BD}.Release|Any CPU.ActiveCfg = Release|Any CPU
		{296631A4-3FB0-4BD0-AACF-D834AEFAD0BD}.Release|Any CPU.Build.0 = Release|Any CPU
		{2728B659-8760-452B-9A83-3905490AFDDD}.Debug|Any CPU.ActiveCfg = Debug|Any CPU
		{2728B659-8760-452B-9A83-3905490AFDDD}.Debug|Any CPU.Build.0 = Debug|Any CPU
		{2728B659-8760-452B-9A83-3905490AFDDD}.Release|Any CPU.ActiveCfg = Release|Any CPU
		{2728B659-8760-452B-9A83-3905490AFDDD}.Release|Any CPU.Build.0 = Release|Any CPU
		{308D522C-88B2-49B6-AE37-2E7F21F653B6}.Debug|Any CPU.ActiveCfg = Debug|Any CPU
		{308D522C-88B2-49B6-AE37-2E7F21F653B6}.Debug|Any CPU.Build.0 = Debug|Any CPU
		{308D522C-88B2-49B6-AE37-2E7F21F653B6}.Release|Any CPU.ActiveCfg = Release|Any CPU
		{308D522C-88B2-49B6-AE37-2E7F21F653B6}.Release|Any CPU.Build.0 = Release|Any CPU
		{538D0D15-740B-41BE-8BBD-80D4BDD10167}.Debug|Any CPU.ActiveCfg = Debug|Any CPU
		{538D0D15-740B-41BE-8BBD-80D4BDD10167}.Debug|Any CPU.Build.0 = Debug|Any CPU
		{538D0D15-740B-41BE-8BBD-80D4BDD10167}.Release|Any CPU.ActiveCfg = Release|Any CPU
		{538D0D15-740B-41BE-8BBD-80D4BDD10167}.Release|Any CPU.Build.0 = Release|Any CPU
		{83F4B19D-2D52-4925-A7E6-4069DAFB63AC}.Debug|Any CPU.ActiveCfg = Debug|Any CPU
		{83F4B19D-2D52-4925-A7E6-4069DAFB63AC}.Debug|Any CPU.Build.0 = Debug|Any CPU
		{83F4B19D-2D52-4925-A7E6-4069DAFB63AC}.Release|Any CPU.ActiveCfg = Release|Any CPU
		{83F4B19D-2D52-4925-A7E6-4069DAFB63AC}.Release|Any CPU.Build.0 = Release|Any CPU
		{CDB906FE-2746-4338-B3A6-BF2E78A1CDAA}.Debug|Any CPU.ActiveCfg = Debug|Any CPU
		{CDB906FE-2746-4338-B3A6-BF2E78A1CDAA}.Debug|Any CPU.Build.0 = Debug|Any CPU
		{CDB906FE-2746-4338-B3A6-BF2E78A1CDAA}.Release|Any CPU.ActiveCfg = Release|Any CPU
		{CDB906FE-2746-4338-B3A6-BF2E78A1CDAA}.Release|Any CPU.Build.0 = Release|Any CPU
		{AA79D516-6E45-4AB7-8F79-DC96D88F7691}.Debug|Any CPU.ActiveCfg = Debug|Any CPU
		{AA79D516-6E45-4AB7-8F79-DC96D88F7691}.Debug|Any CPU.Build.0 = Debug|Any CPU
		{AA79D516-6E45-4AB7-8F79-DC96D88F7691}.Release|Any CPU.ActiveCfg = Release|Any CPU
		{AA79D516-6E45-4AB7-8F79-DC96D88F7691}.Release|Any CPU.Build.0 = Release|Any CPU
		{6C01BA53-B813-45ED-80DE-76ECBA25411E}.Debug|Any CPU.ActiveCfg = Debug|Any CPU
		{6C01BA53-B813-45ED-80DE-76ECBA25411E}.Debug|Any CPU.Build.0 = Debug|Any CPU
		{6C01BA53-B813-45ED-80DE-76ECBA25411E}.Release|Any CPU.ActiveCfg = Release|Any CPU
		{6C01BA53-B813-45ED-80DE-76ECBA25411E}.Release|Any CPU.Build.0 = Release|Any CPU
		{5739C3F0-A587-404F-931E-EBECF77F67F7}.Debug|Any CPU.ActiveCfg = Debug|Any CPU
		{5739C3F0-A587-404F-931E-EBECF77F67F7}.Debug|Any CPU.Build.0 = Debug|Any CPU
		{5739C3F0-A587-404F-931E-EBECF77F67F7}.Release|Any CPU.ActiveCfg = Release|Any CPU
		{5739C3F0-A587-404F-931E-EBECF77F67F7}.Release|Any CPU.Build.0 = Release|Any CPU
		{AD160D46-C559-4E89-8425-5747DA5B0B60}.Debug|Any CPU.ActiveCfg = Debug|Any CPU
		{AD160D46-C559-4E89-8425-5747DA5B0B60}.Debug|Any CPU.Build.0 = Debug|Any CPU
		{AD160D46-C559-4E89-8425-5747DA5B0B60}.Release|Any CPU.ActiveCfg = Release|Any CPU
		{AD160D46-C559-4E89-8425-5747DA5B0B60}.Release|Any CPU.Build.0 = Release|Any CPU
		{C9EE02E1-B93C-449F-A163-CEB460CFFD5A}.Debug|Any CPU.ActiveCfg = Debug|Any CPU
		{C9EE02E1-B93C-449F-A163-CEB460CFFD5A}.Debug|Any CPU.Build.0 = Debug|Any CPU
		{C9EE02E1-B93C-449F-A163-CEB460CFFD5A}.Release|Any CPU.ActiveCfg = Release|Any CPU
		{C9EE02E1-B93C-449F-A163-CEB460CFFD5A}.Release|Any CPU.Build.0 = Release|Any CPU
		{F6B252F8-CF03-440A-9C3D-DFF6D1369346}.Debug|Any CPU.ActiveCfg = Debug|Any CPU
		{F6B252F8-CF03-440A-9C3D-DFF6D1369346}.Debug|Any CPU.Build.0 = Debug|Any CPU
		{F6B252F8-CF03-440A-9C3D-DFF6D1369346}.Release|Any CPU.ActiveCfg = Release|Any CPU
		{F6B252F8-CF03-440A-9C3D-DFF6D1369346}.Release|Any CPU.Build.0 = Release|Any CPU
		{940F833B-810D-41AF-A77B-A1B76E2F50C7}.Debug|Any CPU.ActiveCfg = Debug|Any CPU
		{940F833B-810D-41AF-A77B-A1B76E2F50C7}.Debug|Any CPU.Build.0 = Debug|Any CPU
		{940F833B-810D-41AF-A77B-A1B76E2F50C7}.Release|Any CPU.ActiveCfg = Release|Any CPU
		{940F833B-810D-41AF-A77B-A1B76E2F50C7}.Release|Any CPU.Build.0 = Release|Any CPU
		{B0D2F7D4-FB6E-42D2-8D19-D7E93B1A619C}.Debug|Any CPU.ActiveCfg = Debug|Any CPU
		{B0D2F7D4-FB6E-42D2-8D19-D7E93B1A619C}.Debug|Any CPU.Build.0 = Debug|Any CPU
		{B0D2F7D4-FB6E-42D2-8D19-D7E93B1A619C}.Release|Any CPU.ActiveCfg = Release|Any CPU
		{B0D2F7D4-FB6E-42D2-8D19-D7E93B1A619C}.Release|Any CPU.Build.0 = Release|Any CPU
		{B3615E62-2DF7-4126-9253-87B4D3F97266}.Debug|Any CPU.ActiveCfg = Debug|Any CPU
		{B3615E62-2DF7-4126-9253-87B4D3F97266}.Debug|Any CPU.Build.0 = Debug|Any CPU
		{B3615E62-2DF7-4126-9253-87B4D3F97266}.Release|Any CPU.ActiveCfg = Release|Any CPU
		{B3615E62-2DF7-4126-9253-87B4D3F97266}.Release|Any CPU.Build.0 = Release|Any CPU
		{1BCDE769-A22F-48D8-8A53-A0712E346463}.Debug|Any CPU.ActiveCfg = Debug|Any CPU
		{1BCDE769-A22F-48D8-8A53-A0712E346463}.Debug|Any CPU.Build.0 = Debug|Any CPU
		{1BCDE769-A22F-48D8-8A53-A0712E346463}.Release|Any CPU.ActiveCfg = Release|Any CPU
		{1BCDE769-A22F-48D8-8A53-A0712E346463}.Release|Any CPU.Build.0 = Release|Any CPU
		{270B7257-D053-4140-9A11-FFCAF49BFB86}.Debug|Any CPU.ActiveCfg = Debug|Any CPU
		{270B7257-D053-4140-9A11-FFCAF49BFB86}.Debug|Any CPU.Build.0 = Debug|Any CPU
		{270B7257-D053-4140-9A11-FFCAF49BFB86}.Release|Any CPU.ActiveCfg = Release|Any CPU
		{270B7257-D053-4140-9A11-FFCAF49BFB86}.Release|Any CPU.Build.0 = Release|Any CPU
		{8943859F-7BAF-408E-91C2-F4AEB0BE6CA2}.Debug|Any CPU.ActiveCfg = Debug|Any CPU
		{8943859F-7BAF-408E-91C2-F4AEB0BE6CA2}.Debug|Any CPU.Build.0 = Debug|Any CPU
		{8943859F-7BAF-408E-91C2-F4AEB0BE6CA2}.Release|Any CPU.ActiveCfg = Release|Any CPU
		{8943859F-7BAF-408E-91C2-F4AEB0BE6CA2}.Release|Any CPU.Build.0 = Release|Any CPU
		{F0C0BB43-E411-454E-8E6A-5EBF116510DE}.Debug|Any CPU.ActiveCfg = Debug|Any CPU
		{F0C0BB43-E411-454E-8E6A-5EBF116510DE}.Debug|Any CPU.Build.0 = Debug|Any CPU
		{F0C0BB43-E411-454E-8E6A-5EBF116510DE}.Release|Any CPU.ActiveCfg = Release|Any CPU
		{F0C0BB43-E411-454E-8E6A-5EBF116510DE}.Release|Any CPU.Build.0 = Release|Any CPU
		{1F730545-1811-4FA4-8C80-D468CD7B5D86}.Debug|Any CPU.ActiveCfg = Debug|Any CPU
		{1F730545-1811-4FA4-8C80-D468CD7B5D86}.Debug|Any CPU.Build.0 = Debug|Any CPU
		{1F730545-1811-4FA4-8C80-D468CD7B5D86}.Release|Any CPU.ActiveCfg = Release|Any CPU
		{1F730545-1811-4FA4-8C80-D468CD7B5D86}.Release|Any CPU.Build.0 = Release|Any CPU
		{BC838D43-E8E1-4F6C-BB9F-47B927AD4FC0}.Debug|Any CPU.ActiveCfg = Debug|Any CPU
		{BC838D43-E8E1-4F6C-BB9F-47B927AD4FC0}.Debug|Any CPU.Build.0 = Debug|Any CPU
		{BC838D43-E8E1-4F6C-BB9F-47B927AD4FC0}.Release|Any CPU.ActiveCfg = Release|Any CPU
		{BC838D43-E8E1-4F6C-BB9F-47B927AD4FC0}.Release|Any CPU.Build.0 = Release|Any CPU
		{B4CBBAEF-CBE3-4A94-A656-5A35F70960D1}.Debug|Any CPU.ActiveCfg = Debug|Any CPU
		{B4CBBAEF-CBE3-4A94-A656-5A35F70960D1}.Debug|Any CPU.Build.0 = Debug|Any CPU
		{B4CBBAEF-CBE3-4A94-A656-5A35F70960D1}.Release|Any CPU.ActiveCfg = Release|Any CPU
		{B4CBBAEF-CBE3-4A94-A656-5A35F70960D1}.Release|Any CPU.Build.0 = Release|Any CPU
		{BA960DF9-B96F-4E57-832D-B26B6DE942AF}.Debug|Any CPU.ActiveCfg = Debug|Any CPU
		{BA960DF9-B96F-4E57-832D-B26B6DE942AF}.Debug|Any CPU.Build.0 = Debug|Any CPU
		{BA960DF9-B96F-4E57-832D-B26B6DE942AF}.Release|Any CPU.ActiveCfg = Release|Any CPU
		{BA960DF9-B96F-4E57-832D-B26B6DE942AF}.Release|Any CPU.Build.0 = Release|Any CPU
		{F12801D7-D11B-434C-9458-FBF9AA37A64E}.Debug|Any CPU.ActiveCfg = Debug|Any CPU
		{F12801D7-D11B-434C-9458-FBF9AA37A64E}.Debug|Any CPU.Build.0 = Debug|Any CPU
		{F12801D7-D11B-434C-9458-FBF9AA37A64E}.Release|Any CPU.ActiveCfg = Release|Any CPU
		{F12801D7-D11B-434C-9458-FBF9AA37A64E}.Release|Any CPU.Build.0 = Release|Any CPU
		{404BF596-FE9D-47B8-976E-9987CCE06A95}.Debug|Any CPU.ActiveCfg = Debug|Any CPU
		{404BF596-FE9D-47B8-976E-9987CCE06A95}.Debug|Any CPU.Build.0 = Debug|Any CPU
		{404BF596-FE9D-47B8-976E-9987CCE06A95}.Release|Any CPU.ActiveCfg = Release|Any CPU
		{404BF596-FE9D-47B8-976E-9987CCE06A95}.Release|Any CPU.Build.0 = Release|Any CPU
		{BAC3D6A0-F42F-46EB-8183-2CFB209C4341}.Debug|Any CPU.ActiveCfg = Debug|Any CPU
		{BAC3D6A0-F42F-46EB-8183-2CFB209C4341}.Debug|Any CPU.Build.0 = Debug|Any CPU
		{BAC3D6A0-F42F-46EB-8183-2CFB209C4341}.Release|Any CPU.ActiveCfg = Release|Any CPU
		{BAC3D6A0-F42F-46EB-8183-2CFB209C4341}.Release|Any CPU.Build.0 = Release|Any CPU
		{37EF6A03-CB7B-4760-BAA7-4A1DDF371517}.Debug|Any CPU.ActiveCfg = Debug|Any CPU
		{37EF6A03-CB7B-4760-BAA7-4A1DDF371517}.Debug|Any CPU.Build.0 = Debug|Any CPU
		{37EF6A03-CB7B-4760-BAA7-4A1DDF371517}.Release|Any CPU.ActiveCfg = Release|Any CPU
		{37EF6A03-CB7B-4760-BAA7-4A1DDF371517}.Release|Any CPU.Build.0 = Release|Any CPU
		{FA26122F-6AFF-4FD8-B95E-B8A3066147C0}.Debug|Any CPU.ActiveCfg = Debug|Any CPU
		{FA26122F-6AFF-4FD8-B95E-B8A3066147C0}.Debug|Any CPU.Build.0 = Debug|Any CPU
		{FA26122F-6AFF-4FD8-B95E-B8A3066147C0}.Release|Any CPU.ActiveCfg = Release|Any CPU
		{FA26122F-6AFF-4FD8-B95E-B8A3066147C0}.Release|Any CPU.Build.0 = Release|Any CPU
		{37095395-42E8-4323-A5A8-1FFC86720399}.Debug|Any CPU.ActiveCfg = Debug|Any CPU
		{37095395-42E8-4323-A5A8-1FFC86720399}.Debug|Any CPU.Build.0 = Debug|Any CPU
		{37095395-42E8-4323-A5A8-1FFC86720399}.Release|Any CPU.ActiveCfg = Release|Any CPU
		{37095395-42E8-4323-A5A8-1FFC86720399}.Release|Any CPU.Build.0 = Release|Any CPU
		{A9A399DF-A653-4A45-BED1-837B2EAC0681}.Debug|Any CPU.ActiveCfg = Debug|Any CPU
		{A9A399DF-A653-4A45-BED1-837B2EAC0681}.Debug|Any CPU.Build.0 = Debug|Any CPU
		{A9A399DF-A653-4A45-BED1-837B2EAC0681}.Release|Any CPU.ActiveCfg = Release|Any CPU
		{A9A399DF-A653-4A45-BED1-837B2EAC0681}.Release|Any CPU.Build.0 = Release|Any CPU
		{8F2003D0-9E99-4A05-939E-335FF5D82E25}.Debug|Any CPU.ActiveCfg = Debug|Any CPU
		{8F2003D0-9E99-4A05-939E-335FF5D82E25}.Debug|Any CPU.Build.0 = Debug|Any CPU
		{8F2003D0-9E99-4A05-939E-335FF5D82E25}.Release|Any CPU.ActiveCfg = Release|Any CPU
		{8F2003D0-9E99-4A05-939E-335FF5D82E25}.Release|Any CPU.Build.0 = Release|Any CPU
		{80AE0E2D-E877-4955-8470-A06E211CA7AA}.Debug|Any CPU.ActiveCfg = Debug|Any CPU
		{80AE0E2D-E877-4955-8470-A06E211CA7AA}.Debug|Any CPU.Build.0 = Debug|Any CPU
		{80AE0E2D-E877-4955-8470-A06E211CA7AA}.Release|Any CPU.ActiveCfg = Release|Any CPU
		{80AE0E2D-E877-4955-8470-A06E211CA7AA}.Release|Any CPU.Build.0 = Release|Any CPU
		{217647F6-2428-472E-B975-FF40C57995DC}.Debug|Any CPU.ActiveCfg = Debug|Any CPU
		{217647F6-2428-472E-B975-FF40C57995DC}.Debug|Any CPU.Build.0 = Debug|Any CPU
		{217647F6-2428-472E-B975-FF40C57995DC}.Release|Any CPU.ActiveCfg = Release|Any CPU
		{217647F6-2428-472E-B975-FF40C57995DC}.Release|Any CPU.Build.0 = Release|Any CPU
		{F4AE635C-B1B5-4EC1-B27F-0CEB6DAD014A}.Debug|Any CPU.ActiveCfg = Debug|Any CPU
		{F4AE635C-B1B5-4EC1-B27F-0CEB6DAD014A}.Debug|Any CPU.Build.0 = Debug|Any CPU
		{F4AE635C-B1B5-4EC1-B27F-0CEB6DAD014A}.Release|Any CPU.ActiveCfg = Release|Any CPU
		{F4AE635C-B1B5-4EC1-B27F-0CEB6DAD014A}.Release|Any CPU.Build.0 = Release|Any CPU
		{DF4561D6-0B41-4E81-931E-0ACD26EA8673}.Debug|Any CPU.ActiveCfg = Debug|Any CPU
		{DF4561D6-0B41-4E81-931E-0ACD26EA8673}.Debug|Any CPU.Build.0 = Debug|Any CPU
		{DF4561D6-0B41-4E81-931E-0ACD26EA8673}.Release|Any CPU.ActiveCfg = Release|Any CPU
		{DF4561D6-0B41-4E81-931E-0ACD26EA8673}.Release|Any CPU.Build.0 = Release|Any CPU
		{13636B11-8810-4546-B7DD-7C5AF2579163}.Debug|Any CPU.ActiveCfg = Debug|Any CPU
		{13636B11-8810-4546-B7DD-7C5AF2579163}.Debug|Any CPU.Build.0 = Debug|Any CPU
		{13636B11-8810-4546-B7DD-7C5AF2579163}.Release|Any CPU.ActiveCfg = Release|Any CPU
		{13636B11-8810-4546-B7DD-7C5AF2579163}.Release|Any CPU.Build.0 = Release|Any CPU
		{A32B33B6-99C4-4AFC-AD29-27DB1A492837}.Debug|Any CPU.ActiveCfg = Debug|Any CPU
		{A32B33B6-99C4-4AFC-AD29-27DB1A492837}.Debug|Any CPU.Build.0 = Debug|Any CPU
		{A32B33B6-99C4-4AFC-AD29-27DB1A492837}.Release|Any CPU.ActiveCfg = Release|Any CPU
		{A32B33B6-99C4-4AFC-AD29-27DB1A492837}.Release|Any CPU.Build.0 = Release|Any CPU
		{BBB8A5EF-BB0A-4274-9EB9-18447F1B5AD7}.Debug|Any CPU.ActiveCfg = Debug|Any CPU
		{BBB8A5EF-BB0A-4274-9EB9-18447F1B5AD7}.Debug|Any CPU.Build.0 = Debug|Any CPU
		{BBB8A5EF-BB0A-4274-9EB9-18447F1B5AD7}.Release|Any CPU.ActiveCfg = Release|Any CPU
		{BBB8A5EF-BB0A-4274-9EB9-18447F1B5AD7}.Release|Any CPU.Build.0 = Release|Any CPU
		{AC43478D-8EBF-4182-A3AC-A3C5E218A85F}.Debug|Any CPU.ActiveCfg = Debug|Any CPU
		{AC43478D-8EBF-4182-A3AC-A3C5E218A85F}.Debug|Any CPU.Build.0 = Debug|Any CPU
		{AC43478D-8EBF-4182-A3AC-A3C5E218A85F}.Release|Any CPU.ActiveCfg = Release|Any CPU
		{AC43478D-8EBF-4182-A3AC-A3C5E218A85F}.Release|Any CPU.Build.0 = Release|Any CPU
		{BCF8E0F3-2EB7-426C-A339-21BEF2B1A9D2}.Debug|Any CPU.ActiveCfg = Debug|Any CPU
		{BCF8E0F3-2EB7-426C-A339-21BEF2B1A9D2}.Debug|Any CPU.Build.0 = Debug|Any CPU
		{BCF8E0F3-2EB7-426C-A339-21BEF2B1A9D2}.Release|Any CPU.ActiveCfg = Release|Any CPU
		{BCF8E0F3-2EB7-426C-A339-21BEF2B1A9D2}.Release|Any CPU.Build.0 = Release|Any CPU
		{DD9A9331-E495-4468-A06A-2E09ED6ED076}.Debug|Any CPU.ActiveCfg = Debug|Any CPU
		{DD9A9331-E495-4468-A06A-2E09ED6ED076}.Debug|Any CPU.Build.0 = Debug|Any CPU
		{DD9A9331-E495-4468-A06A-2E09ED6ED076}.Release|Any CPU.ActiveCfg = Release|Any CPU
		{DD9A9331-E495-4468-A06A-2E09ED6ED076}.Release|Any CPU.Build.0 = Release|Any CPU
		{2E9EE8D1-A48C-445E-9197-D8D6B3EC422C}.Debug|Any CPU.ActiveCfg = Debug|Any CPU
		{2E9EE8D1-A48C-445E-9197-D8D6B3EC422C}.Debug|Any CPU.Build.0 = Debug|Any CPU
		{2E9EE8D1-A48C-445E-9197-D8D6B3EC422C}.Release|Any CPU.ActiveCfg = Release|Any CPU
		{2E9EE8D1-A48C-445E-9197-D8D6B3EC422C}.Release|Any CPU.Build.0 = Release|Any CPU
		{7C3FEAA9-9DB4-403B-8B65-34C434DB3421}.Debug|Any CPU.ActiveCfg = Debug|Any CPU
		{7C3FEAA9-9DB4-403B-8B65-34C434DB3421}.Debug|Any CPU.Build.0 = Debug|Any CPU
		{7C3FEAA9-9DB4-403B-8B65-34C434DB3421}.Release|Any CPU.ActiveCfg = Release|Any CPU
		{7C3FEAA9-9DB4-403B-8B65-34C434DB3421}.Release|Any CPU.Build.0 = Release|Any CPU
		{E2866549-1863-47DD-98EE-6AE9B2D0AD99}.Debug|Any CPU.ActiveCfg = Debug|Any CPU
		{E2866549-1863-47DD-98EE-6AE9B2D0AD99}.Debug|Any CPU.Build.0 = Debug|Any CPU
		{E2866549-1863-47DD-98EE-6AE9B2D0AD99}.Release|Any CPU.ActiveCfg = Release|Any CPU
		{E2866549-1863-47DD-98EE-6AE9B2D0AD99}.Release|Any CPU.Build.0 = Release|Any CPU
		{DA0451A0-3A86-4F33-A668-0A6CE1200B99}.Debug|Any CPU.ActiveCfg = Debug|Any CPU
		{DA0451A0-3A86-4F33-A668-0A6CE1200B99}.Debug|Any CPU.Build.0 = Debug|Any CPU
		{DA0451A0-3A86-4F33-A668-0A6CE1200B99}.Release|Any CPU.ActiveCfg = Release|Any CPU
		{DA0451A0-3A86-4F33-A668-0A6CE1200B99}.Release|Any CPU.Build.0 = Release|Any CPU
		{E517A965-8E21-40A3-A5C3-3274968F1FC9}.Debug|Any CPU.ActiveCfg = Debug|Any CPU
		{E517A965-8E21-40A3-A5C3-3274968F1FC9}.Debug|Any CPU.Build.0 = Debug|Any CPU
		{E517A965-8E21-40A3-A5C3-3274968F1FC9}.Release|Any CPU.ActiveCfg = Release|Any CPU
		{E517A965-8E21-40A3-A5C3-3274968F1FC9}.Release|Any CPU.Build.0 = Release|Any CPU
		{9E471340-7BDB-40B5-9E2A-D748751B4FB7}.Debug|Any CPU.ActiveCfg = Debug|Any CPU
		{9E471340-7BDB-40B5-9E2A-D748751B4FB7}.Debug|Any CPU.Build.0 = Debug|Any CPU
		{9E471340-7BDB-40B5-9E2A-D748751B4FB7}.Release|Any CPU.ActiveCfg = Release|Any CPU
		{9E471340-7BDB-40B5-9E2A-D748751B4FB7}.Release|Any CPU.Build.0 = Release|Any CPU
		{1FA734B5-C067-4D65-B938-6E4A0F5F9933}.Debug|Any CPU.ActiveCfg = Debug|Any CPU
		{1FA734B5-C067-4D65-B938-6E4A0F5F9933}.Debug|Any CPU.Build.0 = Debug|Any CPU
		{1FA734B5-C067-4D65-B938-6E4A0F5F9933}.Release|Any CPU.ActiveCfg = Release|Any CPU
		{1FA734B5-C067-4D65-B938-6E4A0F5F9933}.Release|Any CPU.Build.0 = Release|Any CPU
		{43C37279-C56A-46E0-A64F-130B4D9584C4}.Debug|Any CPU.ActiveCfg = Debug|Any CPU
		{43C37279-C56A-46E0-A64F-130B4D9584C4}.Debug|Any CPU.Build.0 = Debug|Any CPU
		{43C37279-C56A-46E0-A64F-130B4D9584C4}.Release|Any CPU.ActiveCfg = Release|Any CPU
		{43C37279-C56A-46E0-A64F-130B4D9584C4}.Release|Any CPU.Build.0 = Release|Any CPU
		{F401A5F2-501A-4836-B8A7-52A0CA27C67A}.Debug|Any CPU.ActiveCfg = Debug|Any CPU
		{F401A5F2-501A-4836-B8A7-52A0CA27C67A}.Debug|Any CPU.Build.0 = Debug|Any CPU
		{F401A5F2-501A-4836-B8A7-52A0CA27C67A}.Release|Any CPU.ActiveCfg = Release|Any CPU
		{F401A5F2-501A-4836-B8A7-52A0CA27C67A}.Release|Any CPU.Build.0 = Release|Any CPU
		{48BDD618-1E08-4B52-9E70-1CD9ADA44392}.Debug|Any CPU.ActiveCfg = Debug|Any CPU
		{48BDD618-1E08-4B52-9E70-1CD9ADA44392}.Debug|Any CPU.Build.0 = Debug|Any CPU
		{48BDD618-1E08-4B52-9E70-1CD9ADA44392}.Release|Any CPU.ActiveCfg = Release|Any CPU
		{48BDD618-1E08-4B52-9E70-1CD9ADA44392}.Release|Any CPU.Build.0 = Release|Any CPU
		{BE0F1CF9-8066-4D91-9089-494F2AD68A0D}.Debug|Any CPU.ActiveCfg = Debug|Any CPU
		{BE0F1CF9-8066-4D91-9089-494F2AD68A0D}.Debug|Any CPU.Build.0 = Debug|Any CPU
		{BE0F1CF9-8066-4D91-9089-494F2AD68A0D}.Release|Any CPU.ActiveCfg = Release|Any CPU
		{BE0F1CF9-8066-4D91-9089-494F2AD68A0D}.Release|Any CPU.Build.0 = Release|Any CPU
		{8E5BD1DF-A64A-4FB2-B473-BC474E89934B}.Debug|Any CPU.ActiveCfg = Debug|Any CPU
		{8E5BD1DF-A64A-4FB2-B473-BC474E89934B}.Debug|Any CPU.Build.0 = Debug|Any CPU
		{8E5BD1DF-A64A-4FB2-B473-BC474E89934B}.Release|Any CPU.ActiveCfg = Release|Any CPU
		{8E5BD1DF-A64A-4FB2-B473-BC474E89934B}.Release|Any CPU.Build.0 = Release|Any CPU
		{F0749937-BEA3-4695-A118-BD29DD38420E}.Debug|Any CPU.ActiveCfg = Debug|Any CPU
		{F0749937-BEA3-4695-A118-BD29DD38420E}.Debug|Any CPU.Build.0 = Debug|Any CPU
		{F0749937-BEA3-4695-A118-BD29DD38420E}.Release|Any CPU.ActiveCfg = Release|Any CPU
		{F0749937-BEA3-4695-A118-BD29DD38420E}.Release|Any CPU.Build.0 = Release|Any CPU
		{B411D601-6213-48EB-BB93-2A742B14A780}.Debug|Any CPU.ActiveCfg = Debug|Any CPU
		{B411D601-6213-48EB-BB93-2A742B14A780}.Debug|Any CPU.Build.0 = Debug|Any CPU
		{B411D601-6213-48EB-BB93-2A742B14A780}.Release|Any CPU.ActiveCfg = Release|Any CPU
		{B411D601-6213-48EB-BB93-2A742B14A780}.Release|Any CPU.Build.0 = Release|Any CPU
		{DDE1DACA-6AEC-43CA-B38A-E47698AADBF2}.Debug|Any CPU.ActiveCfg = Debug|Any CPU
		{DDE1DACA-6AEC-43CA-B38A-E47698AADBF2}.Debug|Any CPU.Build.0 = Debug|Any CPU
		{DDE1DACA-6AEC-43CA-B38A-E47698AADBF2}.Release|Any CPU.ActiveCfg = Release|Any CPU
		{DDE1DACA-6AEC-43CA-B38A-E47698AADBF2}.Release|Any CPU.Build.0 = Release|Any CPU
		{04DC29E8-BAF3-4B96-8807-DA2D1E960149}.Debug|Any CPU.ActiveCfg = Debug|Any CPU
		{04DC29E8-BAF3-4B96-8807-DA2D1E960149}.Debug|Any CPU.Build.0 = Debug|Any CPU
		{04DC29E8-BAF3-4B96-8807-DA2D1E960149}.Release|Any CPU.ActiveCfg = Release|Any CPU
		{04DC29E8-BAF3-4B96-8807-DA2D1E960149}.Release|Any CPU.Build.0 = Release|Any CPU
		{2C0D2389-06F1-4D8C-A090-B12719931F43}.Debug|Any CPU.ActiveCfg = Debug|Any CPU
		{2C0D2389-06F1-4D8C-A090-B12719931F43}.Debug|Any CPU.Build.0 = Debug|Any CPU
		{2C0D2389-06F1-4D8C-A090-B12719931F43}.Release|Any CPU.ActiveCfg = Release|Any CPU
		{2C0D2389-06F1-4D8C-A090-B12719931F43}.Release|Any CPU.Build.0 = Release|Any CPU
		{C40F91BF-9420-41E1-B0D2-791F07C6BFB4}.Debug|Any CPU.ActiveCfg = Debug|Any CPU
		{C40F91BF-9420-41E1-B0D2-791F07C6BFB4}.Debug|Any CPU.Build.0 = Debug|Any CPU
		{C40F91BF-9420-41E1-B0D2-791F07C6BFB4}.Release|Any CPU.ActiveCfg = Release|Any CPU
		{C40F91BF-9420-41E1-B0D2-791F07C6BFB4}.Release|Any CPU.Build.0 = Release|Any CPU
		{AB49E484-A867-4C15-8142-A4E75298BD41}.Debug|Any CPU.ActiveCfg = Debug|Any CPU
		{AB49E484-A867-4C15-8142-A4E75298BD41}.Debug|Any CPU.Build.0 = Debug|Any CPU
		{AB49E484-A867-4C15-8142-A4E75298BD41}.Release|Any CPU.ActiveCfg = Release|Any CPU
		{AB49E484-A867-4C15-8142-A4E75298BD41}.Release|Any CPU.Build.0 = Release|Any CPU
		{29157634-BE18-48F9-9107-9F1578146447}.Debug|Any CPU.ActiveCfg = Debug|Any CPU
		{29157634-BE18-48F9-9107-9F1578146447}.Debug|Any CPU.Build.0 = Debug|Any CPU
		{29157634-BE18-48F9-9107-9F1578146447}.Release|Any CPU.ActiveCfg = Release|Any CPU
		{29157634-BE18-48F9-9107-9F1578146447}.Release|Any CPU.Build.0 = Release|Any CPU
		{8C69D7ED-7604-48DC-9ADA-7B14B3161DE0}.Debug|Any CPU.ActiveCfg = Debug|Any CPU
		{8C69D7ED-7604-48DC-9ADA-7B14B3161DE0}.Debug|Any CPU.Build.0 = Debug|Any CPU
		{8C69D7ED-7604-48DC-9ADA-7B14B3161DE0}.Release|Any CPU.ActiveCfg = Release|Any CPU
		{8C69D7ED-7604-48DC-9ADA-7B14B3161DE0}.Release|Any CPU.Build.0 = Release|Any CPU
		{35AFC82C-F0AE-4604-918E-39612EC0E7F2}.Debug|Any CPU.ActiveCfg = Debug|Any CPU
		{35AFC82C-F0AE-4604-918E-39612EC0E7F2}.Debug|Any CPU.Build.0 = Debug|Any CPU
		{35AFC82C-F0AE-4604-918E-39612EC0E7F2}.Release|Any CPU.ActiveCfg = Release|Any CPU
		{35AFC82C-F0AE-4604-918E-39612EC0E7F2}.Release|Any CPU.Build.0 = Release|Any CPU
		{AFF72995-BB70-41EA-A7FC-8E22B03F0B3D}.Debug|Any CPU.ActiveCfg = Debug|Any CPU
		{AFF72995-BB70-41EA-A7FC-8E22B03F0B3D}.Debug|Any CPU.Build.0 = Debug|Any CPU
		{AFF72995-BB70-41EA-A7FC-8E22B03F0B3D}.Release|Any CPU.ActiveCfg = Release|Any CPU
		{AFF72995-BB70-41EA-A7FC-8E22B03F0B3D}.Release|Any CPU.Build.0 = Release|Any CPU
		{12A95CC8-BD95-4A7C-8EF0-840DE5551D71}.Debug|Any CPU.ActiveCfg = Debug|Any CPU
		{12A95CC8-BD95-4A7C-8EF0-840DE5551D71}.Debug|Any CPU.Build.0 = Debug|Any CPU
		{12A95CC8-BD95-4A7C-8EF0-840DE5551D71}.Release|Any CPU.ActiveCfg = Release|Any CPU
		{12A95CC8-BD95-4A7C-8EF0-840DE5551D71}.Release|Any CPU.Build.0 = Release|Any CPU
		{7ECDF1FB-ED27-4AB9-9A09-EA6BEDDBB68A}.Debug|Any CPU.ActiveCfg = Debug|Any CPU
		{7ECDF1FB-ED27-4AB9-9A09-EA6BEDDBB68A}.Debug|Any CPU.Build.0 = Debug|Any CPU
		{7ECDF1FB-ED27-4AB9-9A09-EA6BEDDBB68A}.Release|Any CPU.ActiveCfg = Release|Any CPU
		{7ECDF1FB-ED27-4AB9-9A09-EA6BEDDBB68A}.Release|Any CPU.Build.0 = Release|Any CPU
		{22C568F4-A200-469B-85BA-4C16254469FD}.Debug|Any CPU.ActiveCfg = Debug|Any CPU
		{22C568F4-A200-469B-85BA-4C16254469FD}.Debug|Any CPU.Build.0 = Debug|Any CPU
		{22C568F4-A200-469B-85BA-4C16254469FD}.Release|Any CPU.ActiveCfg = Release|Any CPU
		{22C568F4-A200-469B-85BA-4C16254469FD}.Release|Any CPU.Build.0 = Release|Any CPU
		{E7140812-0349-44D4-A3D4-2AB8186193E9}.Debug|Any CPU.ActiveCfg = Debug|Any CPU
		{E7140812-0349-44D4-A3D4-2AB8186193E9}.Debug|Any CPU.Build.0 = Debug|Any CPU
		{E7140812-0349-44D4-A3D4-2AB8186193E9}.Release|Any CPU.ActiveCfg = Release|Any CPU
		{E7140812-0349-44D4-A3D4-2AB8186193E9}.Release|Any CPU.Build.0 = Release|Any CPU
		{234F6FCB-D581-47D2-B4DF-C34EE61A5B68}.Debug|Any CPU.ActiveCfg = Debug|Any CPU
		{234F6FCB-D581-47D2-B4DF-C34EE61A5B68}.Debug|Any CPU.Build.0 = Debug|Any CPU
		{234F6FCB-D581-47D2-B4DF-C34EE61A5B68}.Release|Any CPU.ActiveCfg = Release|Any CPU
		{234F6FCB-D581-47D2-B4DF-C34EE61A5B68}.Release|Any CPU.Build.0 = Release|Any CPU
		{0546292D-8C3F-42E0-8845-F9BBF0258DB4}.Debug|Any CPU.ActiveCfg = Debug|Any CPU
		{0546292D-8C3F-42E0-8845-F9BBF0258DB4}.Debug|Any CPU.Build.0 = Debug|Any CPU
		{0546292D-8C3F-42E0-8845-F9BBF0258DB4}.Release|Any CPU.ActiveCfg = Release|Any CPU
		{0546292D-8C3F-42E0-8845-F9BBF0258DB4}.Release|Any CPU.Build.0 = Release|Any CPU
		{760A10D3-D871-4421-AD19-CFFA6481EE10}.Debug|Any CPU.ActiveCfg = Debug|Any CPU
		{760A10D3-D871-4421-AD19-CFFA6481EE10}.Debug|Any CPU.Build.0 = Debug|Any CPU
		{760A10D3-D871-4421-AD19-CFFA6481EE10}.Release|Any CPU.ActiveCfg = Release|Any CPU
		{760A10D3-D871-4421-AD19-CFFA6481EE10}.Release|Any CPU.Build.0 = Release|Any CPU
		{90905F23-C31A-4D5D-B551-261743D69C5F}.Debug|Any CPU.ActiveCfg = Debug|Any CPU
		{90905F23-C31A-4D5D-B551-261743D69C5F}.Debug|Any CPU.Build.0 = Debug|Any CPU
		{90905F23-C31A-4D5D-B551-261743D69C5F}.Release|Any CPU.ActiveCfg = Release|Any CPU
		{90905F23-C31A-4D5D-B551-261743D69C5F}.Release|Any CPU.Build.0 = Release|Any CPU
		{CA3541B1-FF71-4F4F-BECD-47571B5A4B61}.Debug|Any CPU.ActiveCfg = Debug|Any CPU
		{CA3541B1-FF71-4F4F-BECD-47571B5A4B61}.Debug|Any CPU.Build.0 = Debug|Any CPU
		{CA3541B1-FF71-4F4F-BECD-47571B5A4B61}.Release|Any CPU.ActiveCfg = Release|Any CPU
		{CA3541B1-FF71-4F4F-BECD-47571B5A4B61}.Release|Any CPU.Build.0 = Release|Any CPU
		{ACC13C50-FE37-4C76-BD48-F2E00F2359B5}.Debug|Any CPU.ActiveCfg = Debug|Any CPU
		{ACC13C50-FE37-4C76-BD48-F2E00F2359B5}.Debug|Any CPU.Build.0 = Debug|Any CPU
		{ACC13C50-FE37-4C76-BD48-F2E00F2359B5}.Release|Any CPU.ActiveCfg = Release|Any CPU
		{ACC13C50-FE37-4C76-BD48-F2E00F2359B5}.Release|Any CPU.Build.0 = Release|Any CPU
		{70CF2FD7-89C2-4A88-BDF9-7300A469CEBF}.Debug|Any CPU.ActiveCfg = Debug|Any CPU
		{70CF2FD7-89C2-4A88-BDF9-7300A469CEBF}.Debug|Any CPU.Build.0 = Debug|Any CPU
		{70CF2FD7-89C2-4A88-BDF9-7300A469CEBF}.Release|Any CPU.ActiveCfg = Release|Any CPU
		{70CF2FD7-89C2-4A88-BDF9-7300A469CEBF}.Release|Any CPU.Build.0 = Release|Any CPU
		{784BB9B5-A81B-4636-9BAC-FF221D3B50CD}.Debug|Any CPU.ActiveCfg = Debug|Any CPU
		{784BB9B5-A81B-4636-9BAC-FF221D3B50CD}.Debug|Any CPU.Build.0 = Debug|Any CPU
		{784BB9B5-A81B-4636-9BAC-FF221D3B50CD}.Release|Any CPU.ActiveCfg = Release|Any CPU
		{784BB9B5-A81B-4636-9BAC-FF221D3B50CD}.Release|Any CPU.Build.0 = Release|Any CPU
		{7D74F8D4-5104-4EE4-A45D-6506A139CDC9}.Debug|Any CPU.ActiveCfg = Debug|Any CPU
		{7D74F8D4-5104-4EE4-A45D-6506A139CDC9}.Debug|Any CPU.Build.0 = Debug|Any CPU
		{7D74F8D4-5104-4EE4-A45D-6506A139CDC9}.Release|Any CPU.ActiveCfg = Release|Any CPU
		{7D74F8D4-5104-4EE4-A45D-6506A139CDC9}.Release|Any CPU.Build.0 = Release|Any CPU
		{6F04F7BB-F818-4283-958D-088ADA2D1D7E}.Debug|Any CPU.ActiveCfg = Debug|Any CPU
		{6F04F7BB-F818-4283-958D-088ADA2D1D7E}.Debug|Any CPU.Build.0 = Debug|Any CPU
		{6F04F7BB-F818-4283-958D-088ADA2D1D7E}.Release|Any CPU.ActiveCfg = Release|Any CPU
		{6F04F7BB-F818-4283-958D-088ADA2D1D7E}.Release|Any CPU.Build.0 = Release|Any CPU
		{F0EEC03C-AD58-4722-9550-5175012BD36D}.Debug|Any CPU.ActiveCfg = Debug|Any CPU
		{F0EEC03C-AD58-4722-9550-5175012BD36D}.Debug|Any CPU.Build.0 = Debug|Any CPU
		{F0EEC03C-AD58-4722-9550-5175012BD36D}.Release|Any CPU.ActiveCfg = Release|Any CPU
		{F0EEC03C-AD58-4722-9550-5175012BD36D}.Release|Any CPU.Build.0 = Release|Any CPU
		{54053F2E-6258-4E26-A7EB-FFA016DD916D}.Debug|Any CPU.ActiveCfg = Debug|Any CPU
		{54053F2E-6258-4E26-A7EB-FFA016DD916D}.Debug|Any CPU.Build.0 = Debug|Any CPU
		{54053F2E-6258-4E26-A7EB-FFA016DD916D}.Release|Any CPU.ActiveCfg = Release|Any CPU
		{54053F2E-6258-4E26-A7EB-FFA016DD916D}.Release|Any CPU.Build.0 = Release|Any CPU
		{BCF3E43D-555F-49D3-A2DE-755CB186CCAE}.Debug|Any CPU.ActiveCfg = Debug|Any CPU
		{BCF3E43D-555F-49D3-A2DE-755CB186CCAE}.Debug|Any CPU.Build.0 = Debug|Any CPU
		{BCF3E43D-555F-49D3-A2DE-755CB186CCAE}.Release|Any CPU.ActiveCfg = Release|Any CPU
		{BCF3E43D-555F-49D3-A2DE-755CB186CCAE}.Release|Any CPU.Build.0 = Release|Any CPU
		{0A710C94-336B-461A-B4E2-49E29FD41D95}.Debug|Any CPU.ActiveCfg = Debug|Any CPU
		{0A710C94-336B-461A-B4E2-49E29FD41D95}.Debug|Any CPU.Build.0 = Debug|Any CPU
		{0A710C94-336B-461A-B4E2-49E29FD41D95}.Release|Any CPU.ActiveCfg = Release|Any CPU
		{0A710C94-336B-461A-B4E2-49E29FD41D95}.Release|Any CPU.Build.0 = Release|Any CPU
		{6BF3078B-3B8E-4CAF-ACD5-C21251D6F7C5}.Debug|Any CPU.ActiveCfg = Debug|Any CPU
		{6BF3078B-3B8E-4CAF-ACD5-C21251D6F7C5}.Debug|Any CPU.Build.0 = Debug|Any CPU
		{6BF3078B-3B8E-4CAF-ACD5-C21251D6F7C5}.Release|Any CPU.ActiveCfg = Release|Any CPU
		{6BF3078B-3B8E-4CAF-ACD5-C21251D6F7C5}.Release|Any CPU.Build.0 = Release|Any CPU
		{CC7D30AF-70C4-4418-9BFC-49BA2D86728E}.Debug|Any CPU.ActiveCfg = Debug|Any CPU
		{CC7D30AF-70C4-4418-9BFC-49BA2D86728E}.Debug|Any CPU.Build.0 = Debug|Any CPU
		{CC7D30AF-70C4-4418-9BFC-49BA2D86728E}.Release|Any CPU.ActiveCfg = Release|Any CPU
		{CC7D30AF-70C4-4418-9BFC-49BA2D86728E}.Release|Any CPU.Build.0 = Release|Any CPU
		{E6F6D131-5D23-4C6A-991A-A561E0900680}.Debug|Any CPU.ActiveCfg = Debug|Any CPU
		{E6F6D131-5D23-4C6A-991A-A561E0900680}.Debug|Any CPU.Build.0 = Debug|Any CPU
		{E6F6D131-5D23-4C6A-991A-A561E0900680}.Release|Any CPU.ActiveCfg = Release|Any CPU
		{E6F6D131-5D23-4C6A-991A-A561E0900680}.Release|Any CPU.Build.0 = Release|Any CPU
		{21DE416B-D561-4144-823A-BD60945D0871}.Debug|Any CPU.ActiveCfg = Debug|Any CPU
		{21DE416B-D561-4144-823A-BD60945D0871}.Debug|Any CPU.Build.0 = Debug|Any CPU
		{21DE416B-D561-4144-823A-BD60945D0871}.Release|Any CPU.ActiveCfg = Release|Any CPU
		{21DE416B-D561-4144-823A-BD60945D0871}.Release|Any CPU.Build.0 = Release|Any CPU
		{A1D13250-E398-4079-888F-D93B1C5C018A}.Debug|Any CPU.ActiveCfg = Debug|Any CPU
		{A1D13250-E398-4079-888F-D93B1C5C018A}.Debug|Any CPU.Build.0 = Debug|Any CPU
		{A1D13250-E398-4079-888F-D93B1C5C018A}.Release|Any CPU.ActiveCfg = Release|Any CPU
		{A1D13250-E398-4079-888F-D93B1C5C018A}.Release|Any CPU.Build.0 = Release|Any CPU
		{784E729A-C3A4-49ED-A22A-4423B5C1792F}.Debug|Any CPU.ActiveCfg = Debug|Any CPU
		{784E729A-C3A4-49ED-A22A-4423B5C1792F}.Debug|Any CPU.Build.0 = Debug|Any CPU
		{784E729A-C3A4-49ED-A22A-4423B5C1792F}.Release|Any CPU.ActiveCfg = Release|Any CPU
		{784E729A-C3A4-49ED-A22A-4423B5C1792F}.Release|Any CPU.Build.0 = Release|Any CPU
		{082EFB65-CC71-4C2A-85EE-D2A0998E4A67}.Debug|Any CPU.ActiveCfg = Debug|Any CPU
		{082EFB65-CC71-4C2A-85EE-D2A0998E4A67}.Debug|Any CPU.Build.0 = Debug|Any CPU
		{082EFB65-CC71-4C2A-85EE-D2A0998E4A67}.Release|Any CPU.ActiveCfg = Release|Any CPU
		{082EFB65-CC71-4C2A-85EE-D2A0998E4A67}.Release|Any CPU.Build.0 = Release|Any CPU
		{29B2DC88-1202-403B-8177-481CBA0F870C}.Debug|Any CPU.ActiveCfg = Debug|Any CPU
		{29B2DC88-1202-403B-8177-481CBA0F870C}.Debug|Any CPU.Build.0 = Debug|Any CPU
		{29B2DC88-1202-403B-8177-481CBA0F870C}.Release|Any CPU.ActiveCfg = Release|Any CPU
		{29B2DC88-1202-403B-8177-481CBA0F870C}.Release|Any CPU.Build.0 = Release|Any CPU
		{65A94067-E032-4216-97E8-EE9E626240C0}.Debug|Any CPU.ActiveCfg = Debug|Any CPU
		{65A94067-E032-4216-97E8-EE9E626240C0}.Debug|Any CPU.Build.0 = Debug|Any CPU
		{65A94067-E032-4216-97E8-EE9E626240C0}.Release|Any CPU.ActiveCfg = Release|Any CPU
		{65A94067-E032-4216-97E8-EE9E626240C0}.Release|Any CPU.Build.0 = Release|Any CPU
		{2F34639B-C426-41B9-80C5-D69E5873C785}.Debug|Any CPU.ActiveCfg = Debug|Any CPU
		{2F34639B-C426-41B9-80C5-D69E5873C785}.Debug|Any CPU.Build.0 = Debug|Any CPU
		{2F34639B-C426-41B9-80C5-D69E5873C785}.Release|Any CPU.ActiveCfg = Release|Any CPU
		{2F34639B-C426-41B9-80C5-D69E5873C785}.Release|Any CPU.Build.0 = Release|Any CPU
		{CED6E1A9-0DB3-4FBD-AECF-06A413F6BD93}.Debug|Any CPU.ActiveCfg = Debug|Any CPU
		{CED6E1A9-0DB3-4FBD-AECF-06A413F6BD93}.Debug|Any CPU.Build.0 = Debug|Any CPU
		{CED6E1A9-0DB3-4FBD-AECF-06A413F6BD93}.Release|Any CPU.ActiveCfg = Release|Any CPU
		{CED6E1A9-0DB3-4FBD-AECF-06A413F6BD93}.Release|Any CPU.Build.0 = Release|Any CPU
		{4DA63C13-45EB-4D60-99CD-B57FD8CC9F52}.Debug|Any CPU.ActiveCfg = Debug|Any CPU
		{4DA63C13-45EB-4D60-99CD-B57FD8CC9F52}.Debug|Any CPU.Build.0 = Debug|Any CPU
		{4DA63C13-45EB-4D60-99CD-B57FD8CC9F52}.Release|Any CPU.ActiveCfg = Release|Any CPU
		{4DA63C13-45EB-4D60-99CD-B57FD8CC9F52}.Release|Any CPU.Build.0 = Release|Any CPU
		{9060C87C-F57E-42FB-B945-5DD67624E65A}.Debug|Any CPU.ActiveCfg = Debug|Any CPU
		{9060C87C-F57E-42FB-B945-5DD67624E65A}.Debug|Any CPU.Build.0 = Debug|Any CPU
		{9060C87C-F57E-42FB-B945-5DD67624E65A}.Release|Any CPU.ActiveCfg = Release|Any CPU
		{9060C87C-F57E-42FB-B945-5DD67624E65A}.Release|Any CPU.Build.0 = Release|Any CPU
		{CAE819F9-0FF9-4A6C-BDAC-8BC8C7B31FF3}.Debug|Any CPU.ActiveCfg = Debug|Any CPU
		{CAE819F9-0FF9-4A6C-BDAC-8BC8C7B31FF3}.Debug|Any CPU.Build.0 = Debug|Any CPU
		{CAE819F9-0FF9-4A6C-BDAC-8BC8C7B31FF3}.Release|Any CPU.ActiveCfg = Release|Any CPU
		{CAE819F9-0FF9-4A6C-BDAC-8BC8C7B31FF3}.Release|Any CPU.Build.0 = Release|Any CPU
		{88CBED6A-22C5-4274-83B2-E7E786CBC1B3}.Debug|Any CPU.ActiveCfg = Debug|Any CPU
		{88CBED6A-22C5-4274-83B2-E7E786CBC1B3}.Debug|Any CPU.Build.0 = Debug|Any CPU
		{88CBED6A-22C5-4274-83B2-E7E786CBC1B3}.Release|Any CPU.ActiveCfg = Release|Any CPU
		{88CBED6A-22C5-4274-83B2-E7E786CBC1B3}.Release|Any CPU.Build.0 = Release|Any CPU
		{C30C2DAF-F6A5-4DC1-9983-E57C742719C9}.Debug|Any CPU.ActiveCfg = Debug|Any CPU
		{C30C2DAF-F6A5-4DC1-9983-E57C742719C9}.Debug|Any CPU.Build.0 = Debug|Any CPU
		{C30C2DAF-F6A5-4DC1-9983-E57C742719C9}.Release|Any CPU.ActiveCfg = Release|Any CPU
		{C30C2DAF-F6A5-4DC1-9983-E57C742719C9}.Release|Any CPU.Build.0 = Release|Any CPU
		{3AA3D6D1-6733-4B54-B7EC-911445C6299C}.Debug|Any CPU.ActiveCfg = Debug|Any CPU
		{3AA3D6D1-6733-4B54-B7EC-911445C6299C}.Debug|Any CPU.Build.0 = Debug|Any CPU
		{3AA3D6D1-6733-4B54-B7EC-911445C6299C}.Release|Any CPU.ActiveCfg = Release|Any CPU
		{3AA3D6D1-6733-4B54-B7EC-911445C6299C}.Release|Any CPU.Build.0 = Release|Any CPU
		{4E141F1A-F0CF-4B3D-B9A3-1A8AB2266C31}.Debug|Any CPU.ActiveCfg = Debug|Any CPU
		{4E141F1A-F0CF-4B3D-B9A3-1A8AB2266C31}.Debug|Any CPU.Build.0 = Debug|Any CPU
		{4E141F1A-F0CF-4B3D-B9A3-1A8AB2266C31}.Release|Any CPU.ActiveCfg = Release|Any CPU
		{4E141F1A-F0CF-4B3D-B9A3-1A8AB2266C31}.Release|Any CPU.Build.0 = Release|Any CPU
		{C74E98B3-0C7C-4C2E-A55B-92D6CF202AD4}.Debug|Any CPU.ActiveCfg = Debug|Any CPU
		{C74E98B3-0C7C-4C2E-A55B-92D6CF202AD4}.Debug|Any CPU.Build.0 = Debug|Any CPU
		{C74E98B3-0C7C-4C2E-A55B-92D6CF202AD4}.Release|Any CPU.ActiveCfg = Release|Any CPU
		{C74E98B3-0C7C-4C2E-A55B-92D6CF202AD4}.Release|Any CPU.Build.0 = Release|Any CPU
		{B0AA7F47-C45D-4AFB-8AD9-3A1B22F8092C}.Debug|Any CPU.ActiveCfg = Debug|Any CPU
		{B0AA7F47-C45D-4AFB-8AD9-3A1B22F8092C}.Debug|Any CPU.Build.0 = Debug|Any CPU
		{B0AA7F47-C45D-4AFB-8AD9-3A1B22F8092C}.Release|Any CPU.ActiveCfg = Release|Any CPU
		{B0AA7F47-C45D-4AFB-8AD9-3A1B22F8092C}.Release|Any CPU.Build.0 = Release|Any CPU
		{13E0C384-F6E0-4732-AE92-1E468D9C0A1B}.Debug|Any CPU.ActiveCfg = Debug|Any CPU
		{13E0C384-F6E0-4732-AE92-1E468D9C0A1B}.Debug|Any CPU.Build.0 = Debug|Any CPU
		{13E0C384-F6E0-4732-AE92-1E468D9C0A1B}.Release|Any CPU.ActiveCfg = Release|Any CPU
		{13E0C384-F6E0-4732-AE92-1E468D9C0A1B}.Release|Any CPU.Build.0 = Release|Any CPU
		{05CF3DB4-1F23-413F-B9F9-325D10C09D4D}.Debug|Any CPU.ActiveCfg = Debug|Any CPU
		{05CF3DB4-1F23-413F-B9F9-325D10C09D4D}.Debug|Any CPU.Build.0 = Debug|Any CPU
		{05CF3DB4-1F23-413F-B9F9-325D10C09D4D}.Release|Any CPU.ActiveCfg = Release|Any CPU
		{05CF3DB4-1F23-413F-B9F9-325D10C09D4D}.Release|Any CPU.Build.0 = Release|Any CPU
		{5CBCFD9A-4A58-4E7E-A4AC-5214F9E1B84F}.Debug|Any CPU.ActiveCfg = Debug|Any CPU
		{5CBCFD9A-4A58-4E7E-A4AC-5214F9E1B84F}.Debug|Any CPU.Build.0 = Debug|Any CPU
		{5CBCFD9A-4A58-4E7E-A4AC-5214F9E1B84F}.Release|Any CPU.ActiveCfg = Release|Any CPU
		{5CBCFD9A-4A58-4E7E-A4AC-5214F9E1B84F}.Release|Any CPU.Build.0 = Release|Any CPU
		{62F72DE4-824E-4B36-881A-4CD4C440E116}.Debug|Any CPU.ActiveCfg = Debug|Any CPU
		{62F72DE4-824E-4B36-881A-4CD4C440E116}.Debug|Any CPU.Build.0 = Debug|Any CPU
		{62F72DE4-824E-4B36-881A-4CD4C440E116}.Release|Any CPU.ActiveCfg = Release|Any CPU
		{62F72DE4-824E-4B36-881A-4CD4C440E116}.Release|Any CPU.Build.0 = Release|Any CPU
		{E7BC0F6B-6668-44F6-BA8F-8574CE369080}.Debug|Any CPU.ActiveCfg = Debug|Any CPU
		{E7BC0F6B-6668-44F6-BA8F-8574CE369080}.Debug|Any CPU.Build.0 = Debug|Any CPU
		{E7BC0F6B-6668-44F6-BA8F-8574CE369080}.Release|Any CPU.ActiveCfg = Release|Any CPU
		{E7BC0F6B-6668-44F6-BA8F-8574CE369080}.Release|Any CPU.Build.0 = Release|Any CPU
		{AC4E4A53-F8F7-43CF-89FB-C40D0D5EF1F1}.Debug|Any CPU.ActiveCfg = Debug|Any CPU
		{AC4E4A53-F8F7-43CF-89FB-C40D0D5EF1F1}.Debug|Any CPU.Build.0 = Debug|Any CPU
		{AC4E4A53-F8F7-43CF-89FB-C40D0D5EF1F1}.Release|Any CPU.ActiveCfg = Release|Any CPU
		{AC4E4A53-F8F7-43CF-89FB-C40D0D5EF1F1}.Release|Any CPU.Build.0 = Release|Any CPU
		{B180DAFD-0193-493D-BD3A-BED45F2771CB}.Debug|Any CPU.ActiveCfg = Debug|Any CPU
		{B180DAFD-0193-493D-BD3A-BED45F2771CB}.Debug|Any CPU.Build.0 = Debug|Any CPU
		{B180DAFD-0193-493D-BD3A-BED45F2771CB}.Release|Any CPU.ActiveCfg = Release|Any CPU
		{B180DAFD-0193-493D-BD3A-BED45F2771CB}.Release|Any CPU.Build.0 = Release|Any CPU
		{0C0C91DC-3982-4FCB-8F3B-16DDB997CE04}.Debug|Any CPU.ActiveCfg = Debug|Any CPU
		{0C0C91DC-3982-4FCB-8F3B-16DDB997CE04}.Debug|Any CPU.Build.0 = Debug|Any CPU
		{0C0C91DC-3982-4FCB-8F3B-16DDB997CE04}.Release|Any CPU.ActiveCfg = Release|Any CPU
		{0C0C91DC-3982-4FCB-8F3B-16DDB997CE04}.Release|Any CPU.Build.0 = Release|Any CPU
	EndGlobalSection
	GlobalSection(SolutionProperties) = preSolution
		HideSolutionNode = FALSE
	EndGlobalSection
	GlobalSection(ExtensibilityGlobals) = postSolution
		SolutionGuid = {99E7FC1F-010E-40D5-80CD-50772E191255}
	EndGlobalSection
EndGlobal
