
Microsoft Visual Studio Solution File, Format Version 12.00
# Visual Studio Version 17
VisualStudioVersion = 17.2.32630.192
MinimumVisualStudioVersion = 10.0.40219.1
Project("{9A19103F-16F7-4668-BE54-9A1E7A4F7556}") = "R5T.L0039.Construction", "R5T.L0039.Construction\R5T.L0039.Construction.csproj", "{0B07E73B-76DC-4563-9A26-601BF846CCFC}"
EndProject
Project("{9A19103F-16F7-4668-BE54-9A1E7A4F7556}") = "R5T.L0039", "R5T.L0039\R5T.L0039.csproj", "{EEDE28A5-3D45-4B88-A6A0-53666CC88133}"
EndProject
Project("{9A19103F-16F7-4668-BE54-9A1E7A4F7556}") = "R5T.L0039.T000", "R5T.L0039.T000\R5T.L0039.T000.csproj", "{AC4C86AF-367B-404C-B085-6DE8B39F99D3}"
EndProject
Project("{2150E333-8FDC-42A3-9474-1A3956D46DE8}") = "_Dependencies", "_Dependencies", "{E4D52F08-CBD3-428A-B121-67E74B4F64DE}"
EndProject
Project("{9A19103F-16F7-4668-BE54-9A1E7A4F7556}") = "R5T.F0000", "..\..\R5T.F0000\source\R5T.F0000\R5T.F0000.csproj", "{EB6614D4-940C-45D5-97DE-C9041A3BDC96}"
EndProject
Project("{9A19103F-16F7-4668-BE54-9A1E7A4F7556}") = "R5T.F0002", "..\..\R5T.F0002\source\R5T.F0002\R5T.F0002.csproj", "{D0C5706C-C9DC-4EDC-8145-C403DAD1889E}"
EndProject
Project("{9A19103F-16F7-4668-BE54-9A1E7A4F7556}") = "R5T.F0120", "..\..\R5T.F0120\source\R5T.F0120\R5T.F0120.csproj", "{4FA6A353-C36A-48EB-92C0-099B1A4D446A}"
EndProject
Project("{9A19103F-16F7-4668-BE54-9A1E7A4F7556}") = "R5T.F0124", "..\..\R5T.F0124\source\R5T.F0124\R5T.F0124.csproj", "{2DE64DFD-3A37-4547-BE4D-7547F1F5F0A6}"
EndProject
Project("{9A19103F-16F7-4668-BE54-9A1E7A4F7556}") = "R5T.F0125", "..\..\R5T.F0125\source\R5T.F0125\R5T.F0125.csproj", "{0A5399AF-51AC-479E-A7CB-5F54C0C95507}"
EndProject
Project("{9A19103F-16F7-4668-BE54-9A1E7A4F7556}") = "R5T.L0030.T000", "..\..\R5T.L0030\source\R5T.L0030.T000\R5T.L0030.T000.csproj", "{B3A4F1A7-DA34-443B-829F-C4D49DC12495}"
EndProject
Project("{9A19103F-16F7-4668-BE54-9A1E7A4F7556}") = "R5T.L0030", "..\..\R5T.L0030\source\R5T.L0030\R5T.L0030.csproj", "{54CC0C67-C5B4-4E5B-9446-6A09D6561FC3}"
EndProject
Project("{9A19103F-16F7-4668-BE54-9A1E7A4F7556}") = "R5T.L0034", "..\..\R5T.L0034\source\R5T.L0034\R5T.L0034.csproj", "{48242B5C-2109-4224-A58E-83C06D994C82}"
EndProject
Project("{9A19103F-16F7-4668-BE54-9A1E7A4F7556}") = "R5T.L0035", "..\..\R5T.L0035\source\R5T.L0035\R5T.L0035.csproj", "{DF846F65-69F4-4812-9EF3-4F6C668D5D27}"
EndProject
Project("{9A19103F-16F7-4668-BE54-9A1E7A4F7556}") = "R5T.T0131", "..\..\R5T.T0131\source\R5T.T0131\R5T.T0131.csproj", "{97BD8280-5F7D-47DC-9CCC-E63BD4EEBC16}"
EndProject
Project("{9A19103F-16F7-4668-BE54-9A1E7A4F7556}") = "R5T.T0132", "..\..\R5T.T0132\source\R5T.T0132\R5T.T0132.csproj", "{E73E86C2-6D5A-4F6B-AA9F-5CCBD817B089}"
EndProject
Project("{9A19103F-16F7-4668-BE54-9A1E7A4F7556}") = "R5T.T0142", "..\..\R5T.T0142\source\R5T.T0142\R5T.T0142.csproj", "{4FCFE509-2209-4E82-8992-E3BFE3CE774F}"
EndProject
Project("{9A19103F-16F7-4668-BE54-9A1E7A4F7556}") = "R5T.T0143", "..\..\R5T.T0143\source\R5T.T0143\R5T.T0143.csproj", "{03070592-CE04-4A78-9F50-B683380D8B5A}"
EndProject
Project("{9A19103F-16F7-4668-BE54-9A1E7A4F7556}") = "R5T.T0156", "..\..\R5T.T0156\source\R5T.T0156\R5T.T0156.csproj", "{9ECF9626-46D6-4358-8D81-573B81718CC9}"
EndProject
Project("{9A19103F-16F7-4668-BE54-9A1E7A4F7556}") = "R5T.T0174", "..\..\R5T.T0174\source\R5T.T0174\R5T.T0174.csproj", "{5AC66612-FBDD-42D3-A25E-5F0005A52692}"
EndProject
Project("{9A19103F-16F7-4668-BE54-9A1E7A4F7556}") = "R5T.T0176", "..\..\R5T.T0176\source\R5T.T0176\R5T.T0176.csproj", "{07FB1526-606C-4FBB-B846-1646F268EFB0}"
EndProject
Project("{9A19103F-16F7-4668-BE54-9A1E7A4F7556}") = "R5T.T0177", "..\..\R5T.T0177\source\R5T.T0177\R5T.T0177.csproj", "{642723D7-8864-4561-84D8-5D11A53ADFB3}"
EndProject
Project("{9A19103F-16F7-4668-BE54-9A1E7A4F7556}") = "R5T.T0178", "..\..\R5T.T0178\source\R5T.T0178\R5T.T0178.csproj", "{C90BCC7D-41CA-412B-972D-AF678FCDDCA6}"
EndProject
Project("{9A19103F-16F7-4668-BE54-9A1E7A4F7556}") = "R5T.T0179", "..\..\R5T.T0179\source\R5T.T0179\R5T.T0179.csproj", "{E1763410-5686-4A6F-BC9C-BB50B873A21A}"
EndProject
Project("{9A19103F-16F7-4668-BE54-9A1E7A4F7556}") = "R5T.T0180", "..\..\R5T.T0180\source\R5T.T0180\R5T.T0180.csproj", "{E38B6985-2367-4E12-A6A8-974D6CD9F736}"
EndProject
Project("{9A19103F-16F7-4668-BE54-9A1E7A4F7556}") = "R5T.T0181", "..\..\R5T.T0181\source\R5T.T0181\R5T.T0181.csproj", "{4EEDB21E-B018-4C7D-A0FB-9324B39C8540}"
EndProject
Project("{9A19103F-16F7-4668-BE54-9A1E7A4F7556}") = "R5T.Y0000", "..\..\R5T.Y0000\source\R5T.Y0000\R5T.Y0000.csproj", "{20972CD4-C944-4149-BB8A-A5AF2C570D45}"
EndProject
Project("{9A19103F-16F7-4668-BE54-9A1E7A4F7556}") = "R5T.Z0000", "..\..\R5T.Z0000\source\R5T.Z0000\R5T.Z0000.csproj", "{A01D1F28-F0AF-46F9-8A7D-31F783E34715}"
EndProject
Project("{9A19103F-16F7-4668-BE54-9A1E7A4F7556}") = "R5T.T0137", "..\..\R5T.T0137\source\R5T.T0137\R5T.T0137.csproj", "{25625C3E-F8D4-4639-A5B7-373985A9FF8D}"
EndProject
Project("{9A19103F-16F7-4668-BE54-9A1E7A4F7556}") = "R5T.NG0006", "..\..\R5T.NG0006\source\R5T.NG0006\R5T.NG0006.csproj", "{B09417E6-50B7-47F5-9404-91E3C83B342E}"
EndProject
Project("{9A19103F-16F7-4668-BE54-9A1E7A4F7556}") = "R5T.T0150", "..\..\R5T.T0150\source\R5T.T0150\R5T.T0150.csproj", "{07CDFD7E-9DA6-46A7-97C4-577EBAAD9B52}"
EndProject
Project("{9A19103F-16F7-4668-BE54-9A1E7A4F7556}") = "R5T.T0151", "..\..\R5T.T0151\source\R5T.T0151\R5T.T0151.csproj", "{66C48027-7AD0-4B22-97C3-636B4183E011}"
EndProject
Project("{9A19103F-16F7-4668-BE54-9A1E7A4F7556}") = "R5T.T0158", "..\..\R5T.T0158\source\R5T.T0158\R5T.T0158.csproj", "{A74868B9-C7AA-4054-BA30-10786CA26E2B}"
EndProject
Project("{9A19103F-16F7-4668-BE54-9A1E7A4F7556}") = "R5T.T0159", "..\..\R5T.T0159\source\R5T.T0159\R5T.T0159.csproj", "{0A84BB09-D679-4368-9E06-40D55FA0377B}"
EndProject
Project("{9A19103F-16F7-4668-BE54-9A1E7A4F7556}") = "R5T.T0172", "..\..\R5T.T0172\source\R5T.T0172\R5T.T0172.csproj", "{0D0140F3-B0F7-4084-B309-5239FE0E3862}"
EndProject
Project("{9A19103F-16F7-4668-BE54-9A1E7A4F7556}") = "R5T.T0185", "..\..\R5T.T0185\source\R5T.T0185\R5T.T0185.csproj", "{0C063D34-ADE4-43B2-930F-DC581B8E2998}"
EndProject
Project("{9A19103F-16F7-4668-BE54-9A1E7A4F7556}") = "R5T.T0187", "..\..\R5T.T0187\source\R5T.T0187\R5T.T0187.csproj", "{EEB721DE-1390-44A0-B650-553B5CFB3F2E}"
EndProject
Project("{9A19103F-16F7-4668-BE54-9A1E7A4F7556}") = "R5T.T0194", "..\..\R5T.T0194\source\R5T.T0194\R5T.T0194.csproj", "{C146D811-3AC6-4548-8B94-148539FFFCDE}"
EndProject
Project("{9A19103F-16F7-4668-BE54-9A1E7A4F7556}") = "R5T.L0039.F000", "R5T.L0039.F000\R5T.L0039.F000.csproj", "{12C888EF-7AD0-438B-93FE-38C58873FFEB}"
EndProject
Project("{9A19103F-16F7-4668-BE54-9A1E7A4F7556}") = "R5T.L0031.T000", "..\..\R5T.L0031\source\R5T.L0031.T000\R5T.L0031.T000.csproj", "{73D85E1F-AED2-4761-82EF-04A85042EEDB}"
EndProject
Project("{9A19103F-16F7-4668-BE54-9A1E7A4F7556}") = "R5T.L0031", "..\..\R5T.L0031\source\R5T.L0031\R5T.L0031.csproj", "{F48DDDA3-77C6-431B-8F16-9C06423B7426}"
EndProject
Project("{9A19103F-16F7-4668-BE54-9A1E7A4F7556}") = "R5T.F0129", "..\..\R5T.F0129\source\R5T.F0129\R5T.F0129.csproj", "{5642BF74-0196-4013-89E0-8DB4B7A68640}"
EndProject
Project("{9A19103F-16F7-4668-BE54-9A1E7A4F7556}") = "R5T.F0024.T001", "..\..\R5T.F0024\source\R5T.F0024.T001\R5T.F0024.T001.csproj", "{0C135C1F-E139-47AF-BD4A-8BC07CBC098B}"
EndProject
Project("{9A19103F-16F7-4668-BE54-9A1E7A4F7556}") = "R5T.F0024", "..\..\R5T.F0024\source\R5T.F0024\R5T.F0024.csproj", "{DEA26157-6F51-4DDC-81B9-45EA61C34A06}"
EndProject
Project("{9A19103F-16F7-4668-BE54-9A1E7A4F7556}") = "R5T.Z0009", "..\..\R5T.Z0009\source\R5T.Z0009\R5T.Z0009.csproj", "{94389D9A-C769-4437-ADF8-3234A3646B92}"
EndProject
Project("{9A19103F-16F7-4668-BE54-9A1E7A4F7556}") = "R5T.L0039.O000", "R5T.L0039.O000\R5T.L0039.O000.csproj", "{FC9A1DAF-BCF4-411C-911F-3397D1E9A89E}"
EndProject
Project("{9A19103F-16F7-4668-BE54-9A1E7A4F7556}") = "R5T.F0130", "..\..\R5T.F0130\source\R5T.F0130\R5T.F0130.csproj", "{B426FD3E-F8F1-463E-B2E7-071DCD3B4861}"
EndProject
Project("{9A19103F-16F7-4668-BE54-9A1E7A4F7556}") = "R5T.Z0044.Z001", "..\..\R5T.Z0044\source\R5T.Z0044.Z001\R5T.Z0044.Z001.csproj", "{E6FF64CC-15AE-49F2-A86D-1941C54EC9A5}"
EndProject
Project("{9A19103F-16F7-4668-BE54-9A1E7A4F7556}") = "R5T.L0040.T000", "..\..\R5T.L0040\source\R5T.L0040.T000\R5T.L0040.T000.csproj", "{4D645D23-70C7-4828-80BA-771544D65C1A}"
EndProject
Project("{9A19103F-16F7-4668-BE54-9A1E7A4F7556}") = "R5T.L0032.T000", "..\..\R5T.L0032\source\R5T.L0032.T000\R5T.L0032.T000.csproj", "{E70FF680-8D6A-43E6-81D6-8E1643B79710}"
EndProject
Project("{9A19103F-16F7-4668-BE54-9A1E7A4F7556}") = "R5T.L0033.T000", "..\..\R5T.L0033\source\R5T.L0033.T000\R5T.L0033.T000.csproj", "{DCE9BAA7-EE59-4BE0-A6D5-C30B4072C8C3}"
EndProject
Project("{9A19103F-16F7-4668-BE54-9A1E7A4F7556}") = "R5T.F0016.F001", "..\..\R5T.F0016\source\R5T.F0016.F001\R5T.F0016.F001.csproj", "{CA6896DE-41A7-420C-8BB1-A45EA73D04B1}"
EndProject
Project("{9A19103F-16F7-4668-BE54-9A1E7A4F7556}") = "R5T.F0016", "..\..\R5T.F0016\source\R5T.F0016\R5T.F0016.csproj", "{505A1A17-3A24-4FCB-B0DA-0376F6C7987B}"
EndProject
Project("{9A19103F-16F7-4668-BE54-9A1E7A4F7556}") = "R5T.F0019", "..\..\R5T.F0019\source\R5T.F0019\R5T.F0019.csproj", "{F9979C6F-8233-4FFF-AF13-C365FE1672CE}"
EndProject
Project("{9A19103F-16F7-4668-BE54-9A1E7A4F7556}") = "R5T.F0020", "..\..\R5T.F0020\source\R5T.F0020\R5T.F0020.csproj", "{84688CF1-2FEA-459E-9117-3DA33B669663}"
EndProject
Project("{9A19103F-16F7-4668-BE54-9A1E7A4F7556}") = "R5T.F0032", "..\..\R5T.F0032\source\R5T.F0032\R5T.F0032.csproj", "{DD706D01-33D9-42C3-B2B1-85498E96EB44}"
EndProject
Project("{9A19103F-16F7-4668-BE54-9A1E7A4F7556}") = "R5T.F0040.F000", "..\..\R5T.F0040\source\R5T.F0040.F000\R5T.F0040.F000.csproj", "{2B9A5A72-8B06-4263-935A-3D4AEE9AABF2}"
EndProject
Project("{9A19103F-16F7-4668-BE54-9A1E7A4F7556}") = "R5T.F0041", "..\..\R5T.F0041\source\R5T.F0041\R5T.F0041.csproj", "{8936316F-4840-4853-8E5D-E46372B078E4}"
EndProject
Project("{9A19103F-16F7-4668-BE54-9A1E7A4F7556}") = "R5T.F0042.F001", "..\..\R5T.F0042\source\R5T.F0042.F001\R5T.F0042.F001.csproj", "{4D549B83-C605-42FE-BD7C-DE7B51165D2C}"
EndProject
Project("{9A19103F-16F7-4668-BE54-9A1E7A4F7556}") = "R5T.F0042", "..\..\R5T.F0042\source\R5T.F0042\R5T.F0042.csproj", "{3A40CDDA-EE1C-499B-A1C8-3184BF49B3AF}"
EndProject
Project("{9A19103F-16F7-4668-BE54-9A1E7A4F7556}") = "R5T.F0044", "..\..\R5T.F0044\source\R5T.F0044\R5T.F0044.csproj", "{7BC58063-A612-4FEB-BD57-A30967685D0A}"
EndProject
Project("{9A19103F-16F7-4668-BE54-9A1E7A4F7556}") = "R5T.F0046", "..\..\R5T.F0046\source\R5T.F0046\R5T.F0046.csproj", "{12764797-1308-4049-AF73-BEE5CABC0F8F}"
EndProject
Project("{9A19103F-16F7-4668-BE54-9A1E7A4F7556}") = "R5T.F0047", "..\..\R5T.F0047\source\R5T.F0047\R5T.F0047.csproj", "{F6F2D24B-7241-42C1-8C5A-6AA39D7F0334}"
EndProject
Project("{9A19103F-16F7-4668-BE54-9A1E7A4F7556}") = "R5T.F0050", "..\..\R5T.F0050\source\R5T.F0050\R5T.F0050.csproj", "{32DC6A22-9D62-4164-A10C-4011548C8693}"
EndProject
Project("{9A19103F-16F7-4668-BE54-9A1E7A4F7556}") = "R5T.F0051", "..\..\R5T.F0051\source\R5T.F0051\R5T.F0051.csproj", "{BC534C0E-4B51-45C6-8E85-6C9C96B875F3}"
EndProject
Project("{9A19103F-16F7-4668-BE54-9A1E7A4F7556}") = "R5T.F0052", "..\..\R5T.F0052\source\R5T.F0052\R5T.F0052.csproj", "{6629ECB1-7AFA-421D-BC66-1B8B471D903B}"
EndProject
Project("{9A19103F-16F7-4668-BE54-9A1E7A4F7556}") = "R5T.F0053", "..\..\R5T.F0053\source\R5T.F0053\R5T.F0053.csproj", "{A10B0F26-CEA1-48CE-A7BE-D2549F033F3D}"
EndProject
Project("{9A19103F-16F7-4668-BE54-9A1E7A4F7556}") = "R5T.F0054", "..\..\R5T.F0054\source\R5T.F0054\R5T.F0054.csproj", "{B9869905-9844-4AC8-AA3E-BBC5BE1074A0}"
EndProject
Project("{9A19103F-16F7-4668-BE54-9A1E7A4F7556}") = "R5T.F0056", "..\..\R5T.F0056\source\R5T.F0056\R5T.F0056.csproj", "{442BAB95-236F-462C-BB49-2D0BE4332175}"
EndProject
Project("{9A19103F-16F7-4668-BE54-9A1E7A4F7556}") = "R5T.F0057", "..\..\R5T.F0057\source\R5T.F0057\R5T.F0057.csproj", "{99C7C445-F4BD-4041-9E43-092E4EF363F8}"
EndProject
Project("{9A19103F-16F7-4668-BE54-9A1E7A4F7556}") = "R5T.F0063.F001", "..\..\R5T.F0063\source\R5T.F0063.F001\R5T.F0063.F001.csproj", "{9CB2B55B-E08F-43A3-814A-6371C057B243}"
EndProject
Project("{9A19103F-16F7-4668-BE54-9A1E7A4F7556}") = "R5T.F0063", "..\..\R5T.F0063\source\R5T.F0063\R5T.F0063.csproj", "{780D86E6-8E10-4524-A1A9-8ED2B1D160CC}"
EndProject
Project("{9A19103F-16F7-4668-BE54-9A1E7A4F7556}") = "R5T.F0091", "..\..\R5T.F0091\source\R5T.F0091\R5T.F0091.csproj", "{25A80EB6-9CFF-48CB-AC4F-6FC705EA02DE}"
EndProject
Project("{9A19103F-16F7-4668-BE54-9A1E7A4F7556}") = "R5T.L0001.Y000", "..\..\R5T.L0001\source\R5T.L0001.Y000\R5T.L0001.Y000.csproj", "{B12DC086-CE6F-4BFE-B078-AEF15AAB69C8}"
EndProject
Project("{9A19103F-16F7-4668-BE54-9A1E7A4F7556}") = "R5T.L0001.Z000", "..\..\R5T.L0001\source\R5T.L0001.Z000\R5T.L0001.Z000.csproj", "{418CE48B-4B7A-4944-A940-99658E5344FA}"
EndProject
Project("{9A19103F-16F7-4668-BE54-9A1E7A4F7556}") = "R5T.L0001", "..\..\R5T.L0001\source\R5T.L0001\R5T.L0001.csproj", "{B1A52F93-9302-425F-8384-7B53D3920D84}"
EndProject
Project("{9A19103F-16F7-4668-BE54-9A1E7A4F7556}") = "R5T.L0032.Z000", "..\..\R5T.L0032\source\R5T.L0032.Z000\R5T.L0032.Z000.csproj", "{16A179E4-01C1-4E53-BFE9-37E5F042D90F}"
EndProject
Project("{9A19103F-16F7-4668-BE54-9A1E7A4F7556}") = "R5T.L0032", "..\..\R5T.L0032\source\R5T.L0032\R5T.L0032.csproj", "{E6FE26B9-EE0B-45D4-8355-FBED679D94C8}"
EndProject
Project("{9A19103F-16F7-4668-BE54-9A1E7A4F7556}") = "R5T.L0033", "..\..\R5T.L0033\source\R5T.L0033\R5T.L0033.csproj", "{AD59934F-A5B1-46A3-A514-2261663659C3}"
EndProject
Project("{9A19103F-16F7-4668-BE54-9A1E7A4F7556}") = "R5T.L0040", "..\..\R5T.L0040\source\R5T.L0040\R5T.L0040.csproj", "{4373EF0D-1909-4059-9356-9139CFB6EEA4}"
EndProject
Project("{9A19103F-16F7-4668-BE54-9A1E7A4F7556}") = "R5T.NG0005", "..\..\R5T.NG0005\source\R5T.NG0005\R5T.NG0005.csproj", "{AB279B64-E7E9-418A-AE61-E6500C4991E1}"
EndProject
Project("{9A19103F-16F7-4668-BE54-9A1E7A4F7556}") = "R5T.NG0008", "..\..\R5T.NG0008\source\R5T.NG0008\R5T.NG0008.csproj", "{EB13DC2C-BBC5-473D-B973-64AEEDE507CA}"
EndProject
Project("{9A19103F-16F7-4668-BE54-9A1E7A4F7556}") = "R5T.T0046", "..\..\R5T.T0046\source\R5T.T0046\R5T.T0046.csproj", "{8EC18E60-3A39-4896-A4FB-322D3F4575BC}"
EndProject
Project("{9A19103F-16F7-4668-BE54-9A1E7A4F7556}") = "R5T.T0144", "..\..\R5T.T0144\source\R5T.T0144\R5T.T0144.csproj", "{717FD4F3-E39E-4E2D-9AA0-BB5A0489B983}"
EndProject
Project("{9A19103F-16F7-4668-BE54-9A1E7A4F7556}") = "R5T.T0152", "..\..\R5T.T0152\source\R5T.T0152\R5T.T0152.csproj", "{BD8230E0-5CCB-4FC3-98F8-0C9B38213391}"
EndProject
Project("{9A19103F-16F7-4668-BE54-9A1E7A4F7556}") = "R5T.T0161", "..\..\R5T.T0161\source\R5T.T0161\R5T.T0161.csproj", "{0F2F4A11-B40B-4463-BCF1-C60E319AFB47}"
EndProject
Project("{9A19103F-16F7-4668-BE54-9A1E7A4F7556}") = "R5T.T0188", "..\..\R5T.T0188\source\R5T.T0188\R5T.T0188.csproj", "{C8A1609E-3B24-4B3B-88B4-7BADE2B1D2BA}"
EndProject
Project("{9A19103F-16F7-4668-BE54-9A1E7A4F7556}") = "R5T.T0195", "..\..\R5T.T0195\source\R5T.T0195\R5T.T0195.csproj", "{1C6E5D5D-57D8-40E8-BAF0-A694B0F77042}"
EndProject
Project("{9A19103F-16F7-4668-BE54-9A1E7A4F7556}") = "R5T.Y0004", "..\..\R5T.Y0004\source\R5T.Y0004\R5T.Y0004.csproj", "{46CCDA4A-570E-4FA8-BEDA-E373095FC605}"
EndProject
Project("{9A19103F-16F7-4668-BE54-9A1E7A4F7556}") = "R5T.Z0005", "..\..\R5T.Z0005\source\R5T.Z0005\R5T.Z0005.csproj", "{9C4DD627-FB7D-481E-A50F-1D48374D3BC7}"
EndProject
Project("{9A19103F-16F7-4668-BE54-9A1E7A4F7556}") = "R5T.Z0013", "..\..\R5T.Z0013\source\R5T.Z0013\R5T.Z0013.csproj", "{48769697-3F52-45BE-BB84-C3D786559436}"
EndProject
Project("{9A19103F-16F7-4668-BE54-9A1E7A4F7556}") = "R5T.Z0036", "..\..\R5T.Z0036\source\R5T.Z0036\R5T.Z0036.csproj", "{61F43FF7-1448-498A-B48C-F59E1400E8CA}"
EndProject
Project("{9A19103F-16F7-4668-BE54-9A1E7A4F7556}") = "R5T.Z0045", "..\..\R5T.Z0045\source\R5T.Z0045\R5T.Z0045.csproj", "{22B36216-D03E-46EC-9D6A-CF8D75FDCBF2}"
EndProject
Project("{9A19103F-16F7-4668-BE54-9A1E7A4F7556}") = "R5T.L0039.O001", "R5T.L0039.O001\R5T.L0039.O001.csproj", "{F3202852-6760-4547-89DF-C83B7DBE34C1}"
EndProject
Project("{9A19103F-16F7-4668-BE54-9A1E7A4F7556}") = "R5T.F0132", "..\..\R5T.F0132\source\R5T.F0132\R5T.F0132.csproj", "{19F7B8BB-5D3D-43B3-BEF9-43DF92787F8F}"
EndProject
Project("{9A19103F-16F7-4668-BE54-9A1E7A4F7556}") = "R5T.L0040.F000", "..\..\R5T.L0040\source\R5T.L0040.F000\R5T.L0040.F000.csproj", "{CE50DDC8-DCE2-4A90-865F-D7D89EB6515A}"
EndProject
Project("{9A19103F-16F7-4668-BE54-9A1E7A4F7556}") = "R5T.T0198", "..\..\R5T.T0198\source\R5T.T0198\R5T.T0198.csproj", "{9892C82B-FCBC-4F2D-B293-7362FDF18EC3}"
EndProject
Project("{9A19103F-16F7-4668-BE54-9A1E7A4F7556}") = "R5T.T0202", "..\..\R5T.T0202\source\R5T.T0202\R5T.T0202.csproj", "{E224144A-0DA8-4316-87EE-BECC54933E52}"
EndProject
Project("{9A19103F-16F7-4668-BE54-9A1E7A4F7556}") = "R5T.T0203", "..\..\R5T.T0203\source\R5T.T0203\R5T.T0203.csproj", "{5016CAFB-3A72-4A33-8E5E-C29CB4635E8A}"
EndProject
Project("{9A19103F-16F7-4668-BE54-9A1E7A4F7556}") = "R5T.T0205", "..\..\R5T.T0205\source\R5T.T0205\R5T.T0205.csproj", "{1A036D53-CEF1-4E13-B0B4-0981BDE7E0EC}"
EndProject
Project("{9A19103F-16F7-4668-BE54-9A1E7A4F7556}") = "R5T.T0206", "..\..\R5T.T0206\source\R5T.T0206\R5T.T0206.csproj", "{49DF58A5-24F0-411D-B5E0-6396776F629F}"
EndProject
Project("{9A19103F-16F7-4668-BE54-9A1E7A4F7556}") = "R5T.Z0048", "..\..\R5T.Z0048\source\R5T.Z0048\R5T.Z0048.csproj", "{978448E3-788F-4C91-9FDA-E8E5EA75E829}"
EndProject
Project("{9A19103F-16F7-4668-BE54-9A1E7A4F7556}") = "R5T.Z0050", "..\..\R5T.Z0050\source\R5T.Z0050\R5T.Z0050.csproj", "{2B9E414D-6ED8-4E3D-942B-5C8CB28ECCBB}"
EndProject
Project("{9A19103F-16F7-4668-BE54-9A1E7A4F7556}") = "R5T.Z0051", "..\..\R5T.Z0051\source\R5T.Z0051\R5T.Z0051.csproj", "{D99FC35B-3AC9-49B0-A0B3-D1F886F097E5}"
EndProject
Global
	GlobalSection(NestedProjects) = preSolution
		{EB6614D4-940C-45D5-97DE-C9041A3BDC96} = {E4D52F08-CBD3-428A-B121-67E74B4F64DE}
		{D0C5706C-C9DC-4EDC-8145-C403DAD1889E} = {E4D52F08-CBD3-428A-B121-67E74B4F64DE}
		{4FA6A353-C36A-48EB-92C0-099B1A4D446A} = {E4D52F08-CBD3-428A-B121-67E74B4F64DE}
		{2DE64DFD-3A37-4547-BE4D-7547F1F5F0A6} = {E4D52F08-CBD3-428A-B121-67E74B4F64DE}
		{0A5399AF-51AC-479E-A7CB-5F54C0C95507} = {E4D52F08-CBD3-428A-B121-67E74B4F64DE}
		{B3A4F1A7-DA34-443B-829F-C4D49DC12495} = {E4D52F08-CBD3-428A-B121-67E74B4F64DE}
		{54CC0C67-C5B4-4E5B-9446-6A09D6561FC3} = {E4D52F08-CBD3-428A-B121-67E74B4F64DE}
		{48242B5C-2109-4224-A58E-83C06D994C82} = {E4D52F08-CBD3-428A-B121-67E74B4F64DE}
		{DF846F65-69F4-4812-9EF3-4F6C668D5D27} = {E4D52F08-CBD3-428A-B121-67E74B4F64DE}
		{97BD8280-5F7D-47DC-9CCC-E63BD4EEBC16} = {E4D52F08-CBD3-428A-B121-67E74B4F64DE}
		{E73E86C2-6D5A-4F6B-AA9F-5CCBD817B089} = {E4D52F08-CBD3-428A-B121-67E74B4F64DE}
		{4FCFE509-2209-4E82-8992-E3BFE3CE774F} = {E4D52F08-CBD3-428A-B121-67E74B4F64DE}
		{03070592-CE04-4A78-9F50-B683380D8B5A} = {E4D52F08-CBD3-428A-B121-67E74B4F64DE}
		{9ECF9626-46D6-4358-8D81-573B81718CC9} = {E4D52F08-CBD3-428A-B121-67E74B4F64DE}
		{5AC66612-FBDD-42D3-A25E-5F0005A52692} = {E4D52F08-CBD3-428A-B121-67E74B4F64DE}
		{07FB1526-606C-4FBB-B846-1646F268EFB0} = {E4D52F08-CBD3-428A-B121-67E74B4F64DE}
		{642723D7-8864-4561-84D8-5D11A53ADFB3} = {E4D52F08-CBD3-428A-B121-67E74B4F64DE}
		{C90BCC7D-41CA-412B-972D-AF678FCDDCA6} = {E4D52F08-CBD3-428A-B121-67E74B4F64DE}
		{E1763410-5686-4A6F-BC9C-BB50B873A21A} = {E4D52F08-CBD3-428A-B121-67E74B4F64DE}
		{E38B6985-2367-4E12-A6A8-974D6CD9F736} = {E4D52F08-CBD3-428A-B121-67E74B4F64DE}
		{4EEDB21E-B018-4C7D-A0FB-9324B39C8540} = {E4D52F08-CBD3-428A-B121-67E74B4F64DE}
		{20972CD4-C944-4149-BB8A-A5AF2C570D45} = {E4D52F08-CBD3-428A-B121-67E74B4F64DE}
		{A01D1F28-F0AF-46F9-8A7D-31F783E34715} = {E4D52F08-CBD3-428A-B121-67E74B4F64DE}
		{25625C3E-F8D4-4639-A5B7-373985A9FF8D} = {E4D52F08-CBD3-428A-B121-67E74B4F64DE}
		{B09417E6-50B7-47F5-9404-91E3C83B342E} = {E4D52F08-CBD3-428A-B121-67E74B4F64DE}
		{07CDFD7E-9DA6-46A7-97C4-577EBAAD9B52} = {E4D52F08-CBD3-428A-B121-67E74B4F64DE}
		{66C48027-7AD0-4B22-97C3-636B4183E011} = {E4D52F08-CBD3-428A-B121-67E74B4F64DE}
		{A74868B9-C7AA-4054-BA30-10786CA26E2B} = {E4D52F08-CBD3-428A-B121-67E74B4F64DE}
		{0A84BB09-D679-4368-9E06-40D55FA0377B} = {E4D52F08-CBD3-428A-B121-67E74B4F64DE}
		{0D0140F3-B0F7-4084-B309-5239FE0E3862} = {E4D52F08-CBD3-428A-B121-67E74B4F64DE}
		{0C063D34-ADE4-43B2-930F-DC581B8E2998} = {E4D52F08-CBD3-428A-B121-67E74B4F64DE}
		{EEB721DE-1390-44A0-B650-553B5CFB3F2E} = {E4D52F08-CBD3-428A-B121-67E74B4F64DE}
		{C146D811-3AC6-4548-8B94-148539FFFCDE} = {E4D52F08-CBD3-428A-B121-67E74B4F64DE}
		{73D85E1F-AED2-4761-82EF-04A85042EEDB} = {E4D52F08-CBD3-428A-B121-67E74B4F64DE}
		{F48DDDA3-77C6-431B-8F16-9C06423B7426} = {E4D52F08-CBD3-428A-B121-67E74B4F64DE}
		{5642BF74-0196-4013-89E0-8DB4B7A68640} = {E4D52F08-CBD3-428A-B121-67E74B4F64DE}
		{0C135C1F-E139-47AF-BD4A-8BC07CBC098B} = {E4D52F08-CBD3-428A-B121-67E74B4F64DE}
		{DEA26157-6F51-4DDC-81B9-45EA61C34A06} = {E4D52F08-CBD3-428A-B121-67E74B4F64DE}
		{94389D9A-C769-4437-ADF8-3234A3646B92} = {E4D52F08-CBD3-428A-B121-67E74B4F64DE}
		{B426FD3E-F8F1-463E-B2E7-071DCD3B4861} = {E4D52F08-CBD3-428A-B121-67E74B4F64DE}
		{E6FF64CC-15AE-49F2-A86D-1941C54EC9A5} = {E4D52F08-CBD3-428A-B121-67E74B4F64DE}
		{4D645D23-70C7-4828-80BA-771544D65C1A} = {E4D52F08-CBD3-428A-B121-67E74B4F64DE}
		{E70FF680-8D6A-43E6-81D6-8E1643B79710} = {E4D52F08-CBD3-428A-B121-67E74B4F64DE}
		{DCE9BAA7-EE59-4BE0-A6D5-C30B4072C8C3} = {E4D52F08-CBD3-428A-B121-67E74B4F64DE}
		{CA6896DE-41A7-420C-8BB1-A45EA73D04B1} = {E4D52F08-CBD3-428A-B121-67E74B4F64DE}
		{505A1A17-3A24-4FCB-B0DA-0376F6C7987B} = {E4D52F08-CBD3-428A-B121-67E74B4F64DE}
		{F9979C6F-8233-4FFF-AF13-C365FE1672CE} = {E4D52F08-CBD3-428A-B121-67E74B4F64DE}
		{84688CF1-2FEA-459E-9117-3DA33B669663} = {E4D52F08-CBD3-428A-B121-67E74B4F64DE}
		{DD706D01-33D9-42C3-B2B1-85498E96EB44} = {E4D52F08-CBD3-428A-B121-67E74B4F64DE}
		{2B9A5A72-8B06-4263-935A-3D4AEE9AABF2} = {E4D52F08-CBD3-428A-B121-67E74B4F64DE}
		{8936316F-4840-4853-8E5D-E46372B078E4} = {E4D52F08-CBD3-428A-B121-67E74B4F64DE}
		{4D549B83-C605-42FE-BD7C-DE7B51165D2C} = {E4D52F08-CBD3-428A-B121-67E74B4F64DE}
		{3A40CDDA-EE1C-499B-A1C8-3184BF49B3AF} = {E4D52F08-CBD3-428A-B121-67E74B4F64DE}
		{7BC58063-A612-4FEB-BD57-A30967685D0A} = {E4D52F08-CBD3-428A-B121-67E74B4F64DE}
		{12764797-1308-4049-AF73-BEE5CABC0F8F} = {E4D52F08-CBD3-428A-B121-67E74B4F64DE}
		{F6F2D24B-7241-42C1-8C5A-6AA39D7F0334} = {E4D52F08-CBD3-428A-B121-67E74B4F64DE}
		{32DC6A22-9D62-4164-A10C-4011548C8693} = {E4D52F08-CBD3-428A-B121-67E74B4F64DE}
		{BC534C0E-4B51-45C6-8E85-6C9C96B875F3} = {E4D52F08-CBD3-428A-B121-67E74B4F64DE}
		{6629ECB1-7AFA-421D-BC66-1B8B471D903B} = {E4D52F08-CBD3-428A-B121-67E74B4F64DE}
		{A10B0F26-CEA1-48CE-A7BE-D2549F033F3D} = {E4D52F08-CBD3-428A-B121-67E74B4F64DE}
		{B9869905-9844-4AC8-AA3E-BBC5BE1074A0} = {E4D52F08-CBD3-428A-B121-67E74B4F64DE}
		{442BAB95-236F-462C-BB49-2D0BE4332175} = {E4D52F08-CBD3-428A-B121-67E74B4F64DE}
		{99C7C445-F4BD-4041-9E43-092E4EF363F8} = {E4D52F08-CBD3-428A-B121-67E74B4F64DE}
		{9CB2B55B-E08F-43A3-814A-6371C057B243} = {E4D52F08-CBD3-428A-B121-67E74B4F64DE}
		{780D86E6-8E10-4524-A1A9-8ED2B1D160CC} = {E4D52F08-CBD3-428A-B121-67E74B4F64DE}
		{25A80EB6-9CFF-48CB-AC4F-6FC705EA02DE} = {E4D52F08-CBD3-428A-B121-67E74B4F64DE}
		{B12DC086-CE6F-4BFE-B078-AEF15AAB69C8} = {E4D52F08-CBD3-428A-B121-67E74B4F64DE}
		{418CE48B-4B7A-4944-A940-99658E5344FA} = {E4D52F08-CBD3-428A-B121-67E74B4F64DE}
		{B1A52F93-9302-425F-8384-7B53D3920D84} = {E4D52F08-CBD3-428A-B121-67E74B4F64DE}
		{16A179E4-01C1-4E53-BFE9-37E5F042D90F} = {E4D52F08-CBD3-428A-B121-67E74B4F64DE}
		{E6FE26B9-EE0B-45D4-8355-FBED679D94C8} = {E4D52F08-CBD3-428A-B121-67E74B4F64DE}
		{AD59934F-A5B1-46A3-A514-2261663659C3} = {E4D52F08-CBD3-428A-B121-67E74B4F64DE}
		{4373EF0D-1909-4059-9356-9139CFB6EEA4} = {E4D52F08-CBD3-428A-B121-67E74B4F64DE}
		{AB279B64-E7E9-418A-AE61-E6500C4991E1} = {E4D52F08-CBD3-428A-B121-67E74B4F64DE}
		{EB13DC2C-BBC5-473D-B973-64AEEDE507CA} = {E4D52F08-CBD3-428A-B121-67E74B4F64DE}
		{8EC18E60-3A39-4896-A4FB-322D3F4575BC} = {E4D52F08-CBD3-428A-B121-67E74B4F64DE}
		{717FD4F3-E39E-4E2D-9AA0-BB5A0489B983} = {E4D52F08-CBD3-428A-B121-67E74B4F64DE}
		{BD8230E0-5CCB-4FC3-98F8-0C9B38213391} = {E4D52F08-CBD3-428A-B121-67E74B4F64DE}
		{0F2F4A11-B40B-4463-BCF1-C60E319AFB47} = {E4D52F08-CBD3-428A-B121-67E74B4F64DE}
		{C8A1609E-3B24-4B3B-88B4-7BADE2B1D2BA} = {E4D52F08-CBD3-428A-B121-67E74B4F64DE}
		{1C6E5D5D-57D8-40E8-BAF0-A694B0F77042} = {E4D52F08-CBD3-428A-B121-67E74B4F64DE}
		{46CCDA4A-570E-4FA8-BEDA-E373095FC605} = {E4D52F08-CBD3-428A-B121-67E74B4F64DE}
		{9C4DD627-FB7D-481E-A50F-1D48374D3BC7} = {E4D52F08-CBD3-428A-B121-67E74B4F64DE}
		{48769697-3F52-45BE-BB84-C3D786559436} = {E4D52F08-CBD3-428A-B121-67E74B4F64DE}
		{61F43FF7-1448-498A-B48C-F59E1400E8CA} = {E4D52F08-CBD3-428A-B121-67E74B4F64DE}
		{22B36216-D03E-46EC-9D6A-CF8D75FDCBF2} = {E4D52F08-CBD3-428A-B121-67E74B4F64DE}
		{19F7B8BB-5D3D-43B3-BEF9-43DF92787F8F} = {E4D52F08-CBD3-428A-B121-67E74B4F64DE}
		{CE50DDC8-DCE2-4A90-865F-D7D89EB6515A} = {E4D52F08-CBD3-428A-B121-67E74B4F64DE}
		{9892C82B-FCBC-4F2D-B293-7362FDF18EC3} = {E4D52F08-CBD3-428A-B121-67E74B4F64DE}
		{E224144A-0DA8-4316-87EE-BECC54933E52} = {E4D52F08-CBD3-428A-B121-67E74B4F64DE}
		{5016CAFB-3A72-4A33-8E5E-C29CB4635E8A} = {E4D52F08-CBD3-428A-B121-67E74B4F64DE}
		{1A036D53-CEF1-4E13-B0B4-0981BDE7E0EC} = {E4D52F08-CBD3-428A-B121-67E74B4F64DE}
		{49DF58A5-24F0-411D-B5E0-6396776F629F} = {E4D52F08-CBD3-428A-B121-67E74B4F64DE}
		{978448E3-788F-4C91-9FDA-E8E5EA75E829} = {E4D52F08-CBD3-428A-B121-67E74B4F64DE}
		{2B9E414D-6ED8-4E3D-942B-5C8CB28ECCBB} = {E4D52F08-CBD3-428A-B121-67E74B4F64DE}
		{D99FC35B-3AC9-49B0-A0B3-D1F886F097E5} = {E4D52F08-CBD3-428A-B121-67E74B4F64DE}
	EndGlobalSection
	GlobalSection(SolutionConfigurationPlatforms) = preSolution
		Debug|Any CPU = Debug|Any CPU
		Release|Any CPU = Release|Any CPU
	EndGlobalSection
	GlobalSection(ProjectConfigurationPlatforms) = postSolution
		{0B07E73B-76DC-4563-9A26-601BF846CCFC}.Debug|Any CPU.ActiveCfg = Debug|Any CPU
		{0B07E73B-76DC-4563-9A26-601BF846CCFC}.Debug|Any CPU.Build.0 = Debug|Any CPU
		{0B07E73B-76DC-4563-9A26-601BF846CCFC}.Release|Any CPU.ActiveCfg = Release|Any CPU
		{0B07E73B-76DC-4563-9A26-601BF846CCFC}.Release|Any CPU.Build.0 = Release|Any CPU
		{EEDE28A5-3D45-4B88-A6A0-53666CC88133}.Debug|Any CPU.ActiveCfg = Debug|Any CPU
		{EEDE28A5-3D45-4B88-A6A0-53666CC88133}.Debug|Any CPU.Build.0 = Debug|Any CPU
		{EEDE28A5-3D45-4B88-A6A0-53666CC88133}.Release|Any CPU.ActiveCfg = Release|Any CPU
		{EEDE28A5-3D45-4B88-A6A0-53666CC88133}.Release|Any CPU.Build.0 = Release|Any CPU
		{AC4C86AF-367B-404C-B085-6DE8B39F99D3}.Debug|Any CPU.ActiveCfg = Debug|Any CPU
		{AC4C86AF-367B-404C-B085-6DE8B39F99D3}.Debug|Any CPU.Build.0 = Debug|Any CPU
		{AC4C86AF-367B-404C-B085-6DE8B39F99D3}.Release|Any CPU.ActiveCfg = Release|Any CPU
		{AC4C86AF-367B-404C-B085-6DE8B39F99D3}.Release|Any CPU.Build.0 = Release|Any CPU
		{EB6614D4-940C-45D5-97DE-C9041A3BDC96}.Debug|Any CPU.ActiveCfg = Debug|Any CPU
		{EB6614D4-940C-45D5-97DE-C9041A3BDC96}.Debug|Any CPU.Build.0 = Debug|Any CPU
		{EB6614D4-940C-45D5-97DE-C9041A3BDC96}.Release|Any CPU.ActiveCfg = Release|Any CPU
		{EB6614D4-940C-45D5-97DE-C9041A3BDC96}.Release|Any CPU.Build.0 = Release|Any CPU
		{D0C5706C-C9DC-4EDC-8145-C403DAD1889E}.Debug|Any CPU.ActiveCfg = Debug|Any CPU
		{D0C5706C-C9DC-4EDC-8145-C403DAD1889E}.Debug|Any CPU.Build.0 = Debug|Any CPU
		{D0C5706C-C9DC-4EDC-8145-C403DAD1889E}.Release|Any CPU.ActiveCfg = Release|Any CPU
		{D0C5706C-C9DC-4EDC-8145-C403DAD1889E}.Release|Any CPU.Build.0 = Release|Any CPU
		{4FA6A353-C36A-48EB-92C0-099B1A4D446A}.Debug|Any CPU.ActiveCfg = Debug|Any CPU
		{4FA6A353-C36A-48EB-92C0-099B1A4D446A}.Debug|Any CPU.Build.0 = Debug|Any CPU
		{4FA6A353-C36A-48EB-92C0-099B1A4D446A}.Release|Any CPU.ActiveCfg = Release|Any CPU
		{4FA6A353-C36A-48EB-92C0-099B1A4D446A}.Release|Any CPU.Build.0 = Release|Any CPU
		{2DE64DFD-3A37-4547-BE4D-7547F1F5F0A6}.Debug|Any CPU.ActiveCfg = Debug|Any CPU
		{2DE64DFD-3A37-4547-BE4D-7547F1F5F0A6}.Debug|Any CPU.Build.0 = Debug|Any CPU
		{2DE64DFD-3A37-4547-BE4D-7547F1F5F0A6}.Release|Any CPU.ActiveCfg = Release|Any CPU
		{2DE64DFD-3A37-4547-BE4D-7547F1F5F0A6}.Release|Any CPU.Build.0 = Release|Any CPU
		{0A5399AF-51AC-479E-A7CB-5F54C0C95507}.Debug|Any CPU.ActiveCfg = Debug|Any CPU
		{0A5399AF-51AC-479E-A7CB-5F54C0C95507}.Debug|Any CPU.Build.0 = Debug|Any CPU
		{0A5399AF-51AC-479E-A7CB-5F54C0C95507}.Release|Any CPU.ActiveCfg = Release|Any CPU
		{0A5399AF-51AC-479E-A7CB-5F54C0C95507}.Release|Any CPU.Build.0 = Release|Any CPU
		{B3A4F1A7-DA34-443B-829F-C4D49DC12495}.Debug|Any CPU.ActiveCfg = Debug|Any CPU
		{B3A4F1A7-DA34-443B-829F-C4D49DC12495}.Debug|Any CPU.Build.0 = Debug|Any CPU
		{B3A4F1A7-DA34-443B-829F-C4D49DC12495}.Release|Any CPU.ActiveCfg = Release|Any CPU
		{B3A4F1A7-DA34-443B-829F-C4D49DC12495}.Release|Any CPU.Build.0 = Release|Any CPU
		{54CC0C67-C5B4-4E5B-9446-6A09D6561FC3}.Debug|Any CPU.ActiveCfg = Debug|Any CPU
		{54CC0C67-C5B4-4E5B-9446-6A09D6561FC3}.Debug|Any CPU.Build.0 = Debug|Any CPU
		{54CC0C67-C5B4-4E5B-9446-6A09D6561FC3}.Release|Any CPU.ActiveCfg = Release|Any CPU
		{54CC0C67-C5B4-4E5B-9446-6A09D6561FC3}.Release|Any CPU.Build.0 = Release|Any CPU
		{48242B5C-2109-4224-A58E-83C06D994C82}.Debug|Any CPU.ActiveCfg = Debug|Any CPU
		{48242B5C-2109-4224-A58E-83C06D994C82}.Debug|Any CPU.Build.0 = Debug|Any CPU
		{48242B5C-2109-4224-A58E-83C06D994C82}.Release|Any CPU.ActiveCfg = Release|Any CPU
		{48242B5C-2109-4224-A58E-83C06D994C82}.Release|Any CPU.Build.0 = Release|Any CPU
		{DF846F65-69F4-4812-9EF3-4F6C668D5D27}.Debug|Any CPU.ActiveCfg = Debug|Any CPU
		{DF846F65-69F4-4812-9EF3-4F6C668D5D27}.Debug|Any CPU.Build.0 = Debug|Any CPU
		{DF846F65-69F4-4812-9EF3-4F6C668D5D27}.Release|Any CPU.ActiveCfg = Release|Any CPU
		{DF846F65-69F4-4812-9EF3-4F6C668D5D27}.Release|Any CPU.Build.0 = Release|Any CPU
		{97BD8280-5F7D-47DC-9CCC-E63BD4EEBC16}.Debug|Any CPU.ActiveCfg = Debug|Any CPU
		{97BD8280-5F7D-47DC-9CCC-E63BD4EEBC16}.Debug|Any CPU.Build.0 = Debug|Any CPU
		{97BD8280-5F7D-47DC-9CCC-E63BD4EEBC16}.Release|Any CPU.ActiveCfg = Release|Any CPU
		{97BD8280-5F7D-47DC-9CCC-E63BD4EEBC16}.Release|Any CPU.Build.0 = Release|Any CPU
		{E73E86C2-6D5A-4F6B-AA9F-5CCBD817B089}.Debug|Any CPU.ActiveCfg = Debug|Any CPU
		{E73E86C2-6D5A-4F6B-AA9F-5CCBD817B089}.Debug|Any CPU.Build.0 = Debug|Any CPU
		{E73E86C2-6D5A-4F6B-AA9F-5CCBD817B089}.Release|Any CPU.ActiveCfg = Release|Any CPU
		{E73E86C2-6D5A-4F6B-AA9F-5CCBD817B089}.Release|Any CPU.Build.0 = Release|Any CPU
		{4FCFE509-2209-4E82-8992-E3BFE3CE774F}.Debug|Any CPU.ActiveCfg = Debug|Any CPU
		{4FCFE509-2209-4E82-8992-E3BFE3CE774F}.Debug|Any CPU.Build.0 = Debug|Any CPU
		{4FCFE509-2209-4E82-8992-E3BFE3CE774F}.Release|Any CPU.ActiveCfg = Release|Any CPU
		{4FCFE509-2209-4E82-8992-E3BFE3CE774F}.Release|Any CPU.Build.0 = Release|Any CPU
		{03070592-CE04-4A78-9F50-B683380D8B5A}.Debug|Any CPU.ActiveCfg = Debug|Any CPU
		{03070592-CE04-4A78-9F50-B683380D8B5A}.Debug|Any CPU.Build.0 = Debug|Any CPU
		{03070592-CE04-4A78-9F50-B683380D8B5A}.Release|Any CPU.ActiveCfg = Release|Any CPU
		{03070592-CE04-4A78-9F50-B683380D8B5A}.Release|Any CPU.Build.0 = Release|Any CPU
		{9ECF9626-46D6-4358-8D81-573B81718CC9}.Debug|Any CPU.ActiveCfg = Debug|Any CPU
		{9ECF9626-46D6-4358-8D81-573B81718CC9}.Debug|Any CPU.Build.0 = Debug|Any CPU
		{9ECF9626-46D6-4358-8D81-573B81718CC9}.Release|Any CPU.ActiveCfg = Release|Any CPU
		{9ECF9626-46D6-4358-8D81-573B81718CC9}.Release|Any CPU.Build.0 = Release|Any CPU
		{5AC66612-FBDD-42D3-A25E-5F0005A52692}.Debug|Any CPU.ActiveCfg = Debug|Any CPU
		{5AC66612-FBDD-42D3-A25E-5F0005A52692}.Debug|Any CPU.Build.0 = Debug|Any CPU
		{5AC66612-FBDD-42D3-A25E-5F0005A52692}.Release|Any CPU.ActiveCfg = Release|Any CPU
		{5AC66612-FBDD-42D3-A25E-5F0005A52692}.Release|Any CPU.Build.0 = Release|Any CPU
		{07FB1526-606C-4FBB-B846-1646F268EFB0}.Debug|Any CPU.ActiveCfg = Debug|Any CPU
		{07FB1526-606C-4FBB-B846-1646F268EFB0}.Debug|Any CPU.Build.0 = Debug|Any CPU
		{07FB1526-606C-4FBB-B846-1646F268EFB0}.Release|Any CPU.ActiveCfg = Release|Any CPU
		{07FB1526-606C-4FBB-B846-1646F268EFB0}.Release|Any CPU.Build.0 = Release|Any CPU
		{642723D7-8864-4561-84D8-5D11A53ADFB3}.Debug|Any CPU.ActiveCfg = Debug|Any CPU
		{642723D7-8864-4561-84D8-5D11A53ADFB3}.Debug|Any CPU.Build.0 = Debug|Any CPU
		{642723D7-8864-4561-84D8-5D11A53ADFB3}.Release|Any CPU.ActiveCfg = Release|Any CPU
		{642723D7-8864-4561-84D8-5D11A53ADFB3}.Release|Any CPU.Build.0 = Release|Any CPU
		{C90BCC7D-41CA-412B-972D-AF678FCDDCA6}.Debug|Any CPU.ActiveCfg = Debug|Any CPU
		{C90BCC7D-41CA-412B-972D-AF678FCDDCA6}.Debug|Any CPU.Build.0 = Debug|Any CPU
		{C90BCC7D-41CA-412B-972D-AF678FCDDCA6}.Release|Any CPU.ActiveCfg = Release|Any CPU
		{C90BCC7D-41CA-412B-972D-AF678FCDDCA6}.Release|Any CPU.Build.0 = Release|Any CPU
		{E1763410-5686-4A6F-BC9C-BB50B873A21A}.Debug|Any CPU.ActiveCfg = Debug|Any CPU
		{E1763410-5686-4A6F-BC9C-BB50B873A21A}.Debug|Any CPU.Build.0 = Debug|Any CPU
		{E1763410-5686-4A6F-BC9C-BB50B873A21A}.Release|Any CPU.ActiveCfg = Release|Any CPU
		{E1763410-5686-4A6F-BC9C-BB50B873A21A}.Release|Any CPU.Build.0 = Release|Any CPU
		{E38B6985-2367-4E12-A6A8-974D6CD9F736}.Debug|Any CPU.ActiveCfg = Debug|Any CPU
		{E38B6985-2367-4E12-A6A8-974D6CD9F736}.Debug|Any CPU.Build.0 = Debug|Any CPU
		{E38B6985-2367-4E12-A6A8-974D6CD9F736}.Release|Any CPU.ActiveCfg = Release|Any CPU
		{E38B6985-2367-4E12-A6A8-974D6CD9F736}.Release|Any CPU.Build.0 = Release|Any CPU
		{4EEDB21E-B018-4C7D-A0FB-9324B39C8540}.Debug|Any CPU.ActiveCfg = Debug|Any CPU
		{4EEDB21E-B018-4C7D-A0FB-9324B39C8540}.Debug|Any CPU.Build.0 = Debug|Any CPU
		{4EEDB21E-B018-4C7D-A0FB-9324B39C8540}.Release|Any CPU.ActiveCfg = Release|Any CPU
		{4EEDB21E-B018-4C7D-A0FB-9324B39C8540}.Release|Any CPU.Build.0 = Release|Any CPU
		{20972CD4-C944-4149-BB8A-A5AF2C570D45}.Debug|Any CPU.ActiveCfg = Debug|Any CPU
		{20972CD4-C944-4149-BB8A-A5AF2C570D45}.Debug|Any CPU.Build.0 = Debug|Any CPU
		{20972CD4-C944-4149-BB8A-A5AF2C570D45}.Release|Any CPU.ActiveCfg = Release|Any CPU
		{20972CD4-C944-4149-BB8A-A5AF2C570D45}.Release|Any CPU.Build.0 = Release|Any CPU
		{A01D1F28-F0AF-46F9-8A7D-31F783E34715}.Debug|Any CPU.ActiveCfg = Debug|Any CPU
		{A01D1F28-F0AF-46F9-8A7D-31F783E34715}.Debug|Any CPU.Build.0 = Debug|Any CPU
		{A01D1F28-F0AF-46F9-8A7D-31F783E34715}.Release|Any CPU.ActiveCfg = Release|Any CPU
		{A01D1F28-F0AF-46F9-8A7D-31F783E34715}.Release|Any CPU.Build.0 = Release|Any CPU
		{25625C3E-F8D4-4639-A5B7-373985A9FF8D}.Debug|Any CPU.ActiveCfg = Debug|Any CPU
		{25625C3E-F8D4-4639-A5B7-373985A9FF8D}.Debug|Any CPU.Build.0 = Debug|Any CPU
		{25625C3E-F8D4-4639-A5B7-373985A9FF8D}.Release|Any CPU.ActiveCfg = Release|Any CPU
		{25625C3E-F8D4-4639-A5B7-373985A9FF8D}.Release|Any CPU.Build.0 = Release|Any CPU
		{B09417E6-50B7-47F5-9404-91E3C83B342E}.Debug|Any CPU.ActiveCfg = Debug|Any CPU
		{B09417E6-50B7-47F5-9404-91E3C83B342E}.Debug|Any CPU.Build.0 = Debug|Any CPU
		{B09417E6-50B7-47F5-9404-91E3C83B342E}.Release|Any CPU.ActiveCfg = Release|Any CPU
		{B09417E6-50B7-47F5-9404-91E3C83B342E}.Release|Any CPU.Build.0 = Release|Any CPU
		{07CDFD7E-9DA6-46A7-97C4-577EBAAD9B52}.Debug|Any CPU.ActiveCfg = Debug|Any CPU
		{07CDFD7E-9DA6-46A7-97C4-577EBAAD9B52}.Debug|Any CPU.Build.0 = Debug|Any CPU
		{07CDFD7E-9DA6-46A7-97C4-577EBAAD9B52}.Release|Any CPU.ActiveCfg = Release|Any CPU
		{07CDFD7E-9DA6-46A7-97C4-577EBAAD9B52}.Release|Any CPU.Build.0 = Release|Any CPU
		{66C48027-7AD0-4B22-97C3-636B4183E011}.Debug|Any CPU.ActiveCfg = Debug|Any CPU
		{66C48027-7AD0-4B22-97C3-636B4183E011}.Debug|Any CPU.Build.0 = Debug|Any CPU
		{66C48027-7AD0-4B22-97C3-636B4183E011}.Release|Any CPU.ActiveCfg = Release|Any CPU
		{66C48027-7AD0-4B22-97C3-636B4183E011}.Release|Any CPU.Build.0 = Release|Any CPU
		{A74868B9-C7AA-4054-BA30-10786CA26E2B}.Debug|Any CPU.ActiveCfg = Debug|Any CPU
		{A74868B9-C7AA-4054-BA30-10786CA26E2B}.Debug|Any CPU.Build.0 = Debug|Any CPU
		{A74868B9-C7AA-4054-BA30-10786CA26E2B}.Release|Any CPU.ActiveCfg = Release|Any CPU
		{A74868B9-C7AA-4054-BA30-10786CA26E2B}.Release|Any CPU.Build.0 = Release|Any CPU
		{0A84BB09-D679-4368-9E06-40D55FA0377B}.Debug|Any CPU.ActiveCfg = Debug|Any CPU
		{0A84BB09-D679-4368-9E06-40D55FA0377B}.Debug|Any CPU.Build.0 = Debug|Any CPU
		{0A84BB09-D679-4368-9E06-40D55FA0377B}.Release|Any CPU.ActiveCfg = Release|Any CPU
		{0A84BB09-D679-4368-9E06-40D55FA0377B}.Release|Any CPU.Build.0 = Release|Any CPU
		{0D0140F3-B0F7-4084-B309-5239FE0E3862}.Debug|Any CPU.ActiveCfg = Debug|Any CPU
		{0D0140F3-B0F7-4084-B309-5239FE0E3862}.Debug|Any CPU.Build.0 = Debug|Any CPU
		{0D0140F3-B0F7-4084-B309-5239FE0E3862}.Release|Any CPU.ActiveCfg = Release|Any CPU
		{0D0140F3-B0F7-4084-B309-5239FE0E3862}.Release|Any CPU.Build.0 = Release|Any CPU
		{0C063D34-ADE4-43B2-930F-DC581B8E2998}.Debug|Any CPU.ActiveCfg = Debug|Any CPU
		{0C063D34-ADE4-43B2-930F-DC581B8E2998}.Debug|Any CPU.Build.0 = Debug|Any CPU
		{0C063D34-ADE4-43B2-930F-DC581B8E2998}.Release|Any CPU.ActiveCfg = Release|Any CPU
		{0C063D34-ADE4-43B2-930F-DC581B8E2998}.Release|Any CPU.Build.0 = Release|Any CPU
		{EEB721DE-1390-44A0-B650-553B5CFB3F2E}.Debug|Any CPU.ActiveCfg = Debug|Any CPU
		{EEB721DE-1390-44A0-B650-553B5CFB3F2E}.Debug|Any CPU.Build.0 = Debug|Any CPU
		{EEB721DE-1390-44A0-B650-553B5CFB3F2E}.Release|Any CPU.ActiveCfg = Release|Any CPU
		{EEB721DE-1390-44A0-B650-553B5CFB3F2E}.Release|Any CPU.Build.0 = Release|Any CPU
		{C146D811-3AC6-4548-8B94-148539FFFCDE}.Debug|Any CPU.ActiveCfg = Debug|Any CPU
		{C146D811-3AC6-4548-8B94-148539FFFCDE}.Debug|Any CPU.Build.0 = Debug|Any CPU
		{C146D811-3AC6-4548-8B94-148539FFFCDE}.Release|Any CPU.ActiveCfg = Release|Any CPU
		{C146D811-3AC6-4548-8B94-148539FFFCDE}.Release|Any CPU.Build.0 = Release|Any CPU
		{12C888EF-7AD0-438B-93FE-38C58873FFEB}.Debug|Any CPU.ActiveCfg = Debug|Any CPU
		{12C888EF-7AD0-438B-93FE-38C58873FFEB}.Debug|Any CPU.Build.0 = Debug|Any CPU
		{12C888EF-7AD0-438B-93FE-38C58873FFEB}.Release|Any CPU.ActiveCfg = Release|Any CPU
		{12C888EF-7AD0-438B-93FE-38C58873FFEB}.Release|Any CPU.Build.0 = Release|Any CPU
		{73D85E1F-AED2-4761-82EF-04A85042EEDB}.Debug|Any CPU.ActiveCfg = Debug|Any CPU
		{73D85E1F-AED2-4761-82EF-04A85042EEDB}.Debug|Any CPU.Build.0 = Debug|Any CPU
		{73D85E1F-AED2-4761-82EF-04A85042EEDB}.Release|Any CPU.ActiveCfg = Release|Any CPU
		{73D85E1F-AED2-4761-82EF-04A85042EEDB}.Release|Any CPU.Build.0 = Release|Any CPU
		{F48DDDA3-77C6-431B-8F16-9C06423B7426}.Debug|Any CPU.ActiveCfg = Debug|Any CPU
		{F48DDDA3-77C6-431B-8F16-9C06423B7426}.Debug|Any CPU.Build.0 = Debug|Any CPU
		{F48DDDA3-77C6-431B-8F16-9C06423B7426}.Release|Any CPU.ActiveCfg = Release|Any CPU
		{F48DDDA3-77C6-431B-8F16-9C06423B7426}.Release|Any CPU.Build.0 = Release|Any CPU
		{5642BF74-0196-4013-89E0-8DB4B7A68640}.Debug|Any CPU.ActiveCfg = Debug|Any CPU
		{5642BF74-0196-4013-89E0-8DB4B7A68640}.Debug|Any CPU.Build.0 = Debug|Any CPU
		{5642BF74-0196-4013-89E0-8DB4B7A68640}.Release|Any CPU.ActiveCfg = Release|Any CPU
		{5642BF74-0196-4013-89E0-8DB4B7A68640}.Release|Any CPU.Build.0 = Release|Any CPU
		{0C135C1F-E139-47AF-BD4A-8BC07CBC098B}.Debug|Any CPU.ActiveCfg = Debug|Any CPU
		{0C135C1F-E139-47AF-BD4A-8BC07CBC098B}.Debug|Any CPU.Build.0 = Debug|Any CPU
		{0C135C1F-E139-47AF-BD4A-8BC07CBC098B}.Release|Any CPU.ActiveCfg = Release|Any CPU
		{0C135C1F-E139-47AF-BD4A-8BC07CBC098B}.Release|Any CPU.Build.0 = Release|Any CPU
		{DEA26157-6F51-4DDC-81B9-45EA61C34A06}.Debug|Any CPU.ActiveCfg = Debug|Any CPU
		{DEA26157-6F51-4DDC-81B9-45EA61C34A06}.Debug|Any CPU.Build.0 = Debug|Any CPU
		{DEA26157-6F51-4DDC-81B9-45EA61C34A06}.Release|Any CPU.ActiveCfg = Release|Any CPU
		{DEA26157-6F51-4DDC-81B9-45EA61C34A06}.Release|Any CPU.Build.0 = Release|Any CPU
		{94389D9A-C769-4437-ADF8-3234A3646B92}.Debug|Any CPU.ActiveCfg = Debug|Any CPU
		{94389D9A-C769-4437-ADF8-3234A3646B92}.Debug|Any CPU.Build.0 = Debug|Any CPU
		{94389D9A-C769-4437-ADF8-3234A3646B92}.Release|Any CPU.ActiveCfg = Release|Any CPU
		{94389D9A-C769-4437-ADF8-3234A3646B92}.Release|Any CPU.Build.0 = Release|Any CPU
		{FC9A1DAF-BCF4-411C-911F-3397D1E9A89E}.Debug|Any CPU.ActiveCfg = Debug|Any CPU
		{FC9A1DAF-BCF4-411C-911F-3397D1E9A89E}.Debug|Any CPU.Build.0 = Debug|Any CPU
		{FC9A1DAF-BCF4-411C-911F-3397D1E9A89E}.Release|Any CPU.ActiveCfg = Release|Any CPU
		{FC9A1DAF-BCF4-411C-911F-3397D1E9A89E}.Release|Any CPU.Build.0 = Release|Any CPU
		{B426FD3E-F8F1-463E-B2E7-071DCD3B4861}.Debug|Any CPU.ActiveCfg = Debug|Any CPU
		{B426FD3E-F8F1-463E-B2E7-071DCD3B4861}.Debug|Any CPU.Build.0 = Debug|Any CPU
		{B426FD3E-F8F1-463E-B2E7-071DCD3B4861}.Release|Any CPU.ActiveCfg = Release|Any CPU
		{B426FD3E-F8F1-463E-B2E7-071DCD3B4861}.Release|Any CPU.Build.0 = Release|Any CPU
		{E6FF64CC-15AE-49F2-A86D-1941C54EC9A5}.Debug|Any CPU.ActiveCfg = Debug|Any CPU
		{E6FF64CC-15AE-49F2-A86D-1941C54EC9A5}.Debug|Any CPU.Build.0 = Debug|Any CPU
		{E6FF64CC-15AE-49F2-A86D-1941C54EC9A5}.Release|Any CPU.ActiveCfg = Release|Any CPU
		{E6FF64CC-15AE-49F2-A86D-1941C54EC9A5}.Release|Any CPU.Build.0 = Release|Any CPU
		{4D645D23-70C7-4828-80BA-771544D65C1A}.Debug|Any CPU.ActiveCfg = Debug|Any CPU
		{4D645D23-70C7-4828-80BA-771544D65C1A}.Debug|Any CPU.Build.0 = Debug|Any CPU
		{4D645D23-70C7-4828-80BA-771544D65C1A}.Release|Any CPU.ActiveCfg = Release|Any CPU
		{4D645D23-70C7-4828-80BA-771544D65C1A}.Release|Any CPU.Build.0 = Release|Any CPU
		{E70FF680-8D6A-43E6-81D6-8E1643B79710}.Debug|Any CPU.ActiveCfg = Debug|Any CPU
		{E70FF680-8D6A-43E6-81D6-8E1643B79710}.Debug|Any CPU.Build.0 = Debug|Any CPU
		{E70FF680-8D6A-43E6-81D6-8E1643B79710}.Release|Any CPU.ActiveCfg = Release|Any CPU
		{E70FF680-8D6A-43E6-81D6-8E1643B79710}.Release|Any CPU.Build.0 = Release|Any CPU
		{DCE9BAA7-EE59-4BE0-A6D5-C30B4072C8C3}.Debug|Any CPU.ActiveCfg = Debug|Any CPU
		{DCE9BAA7-EE59-4BE0-A6D5-C30B4072C8C3}.Debug|Any CPU.Build.0 = Debug|Any CPU
		{DCE9BAA7-EE59-4BE0-A6D5-C30B4072C8C3}.Release|Any CPU.ActiveCfg = Release|Any CPU
		{DCE9BAA7-EE59-4BE0-A6D5-C30B4072C8C3}.Release|Any CPU.Build.0 = Release|Any CPU
		{CA6896DE-41A7-420C-8BB1-A45EA73D04B1}.Debug|Any CPU.ActiveCfg = Debug|Any CPU
		{CA6896DE-41A7-420C-8BB1-A45EA73D04B1}.Debug|Any CPU.Build.0 = Debug|Any CPU
		{CA6896DE-41A7-420C-8BB1-A45EA73D04B1}.Release|Any CPU.ActiveCfg = Release|Any CPU
		{CA6896DE-41A7-420C-8BB1-A45EA73D04B1}.Release|Any CPU.Build.0 = Release|Any CPU
		{505A1A17-3A24-4FCB-B0DA-0376F6C7987B}.Debug|Any CPU.ActiveCfg = Debug|Any CPU
		{505A1A17-3A24-4FCB-B0DA-0376F6C7987B}.Debug|Any CPU.Build.0 = Debug|Any CPU
		{505A1A17-3A24-4FCB-B0DA-0376F6C7987B}.Release|Any CPU.ActiveCfg = Release|Any CPU
		{505A1A17-3A24-4FCB-B0DA-0376F6C7987B}.Release|Any CPU.Build.0 = Release|Any CPU
		{F9979C6F-8233-4FFF-AF13-C365FE1672CE}.Debug|Any CPU.ActiveCfg = Debug|Any CPU
		{F9979C6F-8233-4FFF-AF13-C365FE1672CE}.Debug|Any CPU.Build.0 = Debug|Any CPU
		{F9979C6F-8233-4FFF-AF13-C365FE1672CE}.Release|Any CPU.ActiveCfg = Release|Any CPU
		{F9979C6F-8233-4FFF-AF13-C365FE1672CE}.Release|Any CPU.Build.0 = Release|Any CPU
		{84688CF1-2FEA-459E-9117-3DA33B669663}.Debug|Any CPU.ActiveCfg = Debug|Any CPU
		{84688CF1-2FEA-459E-9117-3DA33B669663}.Debug|Any CPU.Build.0 = Debug|Any CPU
		{84688CF1-2FEA-459E-9117-3DA33B669663}.Release|Any CPU.ActiveCfg = Release|Any CPU
		{84688CF1-2FEA-459E-9117-3DA33B669663}.Release|Any CPU.Build.0 = Release|Any CPU
		{DD706D01-33D9-42C3-B2B1-85498E96EB44}.Debug|Any CPU.ActiveCfg = Debug|Any CPU
		{DD706D01-33D9-42C3-B2B1-85498E96EB44}.Debug|Any CPU.Build.0 = Debug|Any CPU
		{DD706D01-33D9-42C3-B2B1-85498E96EB44}.Release|Any CPU.ActiveCfg = Release|Any CPU
		{DD706D01-33D9-42C3-B2B1-85498E96EB44}.Release|Any CPU.Build.0 = Release|Any CPU
		{2B9A5A72-8B06-4263-935A-3D4AEE9AABF2}.Debug|Any CPU.ActiveCfg = Debug|Any CPU
		{2B9A5A72-8B06-4263-935A-3D4AEE9AABF2}.Debug|Any CPU.Build.0 = Debug|Any CPU
		{2B9A5A72-8B06-4263-935A-3D4AEE9AABF2}.Release|Any CPU.ActiveCfg = Release|Any CPU
		{2B9A5A72-8B06-4263-935A-3D4AEE9AABF2}.Release|Any CPU.Build.0 = Release|Any CPU
		{8936316F-4840-4853-8E5D-E46372B078E4}.Debug|Any CPU.ActiveCfg = Debug|Any CPU
		{8936316F-4840-4853-8E5D-E46372B078E4}.Debug|Any CPU.Build.0 = Debug|Any CPU
		{8936316F-4840-4853-8E5D-E46372B078E4}.Release|Any CPU.ActiveCfg = Release|Any CPU
		{8936316F-4840-4853-8E5D-E46372B078E4}.Release|Any CPU.Build.0 = Release|Any CPU
		{4D549B83-C605-42FE-BD7C-DE7B51165D2C}.Debug|Any CPU.ActiveCfg = Debug|Any CPU
		{4D549B83-C605-42FE-BD7C-DE7B51165D2C}.Debug|Any CPU.Build.0 = Debug|Any CPU
		{4D549B83-C605-42FE-BD7C-DE7B51165D2C}.Release|Any CPU.ActiveCfg = Release|Any CPU
		{4D549B83-C605-42FE-BD7C-DE7B51165D2C}.Release|Any CPU.Build.0 = Release|Any CPU
		{3A40CDDA-EE1C-499B-A1C8-3184BF49B3AF}.Debug|Any CPU.ActiveCfg = Debug|Any CPU
		{3A40CDDA-EE1C-499B-A1C8-3184BF49B3AF}.Debug|Any CPU.Build.0 = Debug|Any CPU
		{3A40CDDA-EE1C-499B-A1C8-3184BF49B3AF}.Release|Any CPU.ActiveCfg = Release|Any CPU
		{3A40CDDA-EE1C-499B-A1C8-3184BF49B3AF}.Release|Any CPU.Build.0 = Release|Any CPU
		{7BC58063-A612-4FEB-BD57-A30967685D0A}.Debug|Any CPU.ActiveCfg = Debug|Any CPU
		{7BC58063-A612-4FEB-BD57-A30967685D0A}.Debug|Any CPU.Build.0 = Debug|Any CPU
		{7BC58063-A612-4FEB-BD57-A30967685D0A}.Release|Any CPU.ActiveCfg = Release|Any CPU
		{7BC58063-A612-4FEB-BD57-A30967685D0A}.Release|Any CPU.Build.0 = Release|Any CPU
		{12764797-1308-4049-AF73-BEE5CABC0F8F}.Debug|Any CPU.ActiveCfg = Debug|Any CPU
		{12764797-1308-4049-AF73-BEE5CABC0F8F}.Debug|Any CPU.Build.0 = Debug|Any CPU
		{12764797-1308-4049-AF73-BEE5CABC0F8F}.Release|Any CPU.ActiveCfg = Release|Any CPU
		{12764797-1308-4049-AF73-BEE5CABC0F8F}.Release|Any CPU.Build.0 = Release|Any CPU
		{F6F2D24B-7241-42C1-8C5A-6AA39D7F0334}.Debug|Any CPU.ActiveCfg = Debug|Any CPU
		{F6F2D24B-7241-42C1-8C5A-6AA39D7F0334}.Debug|Any CPU.Build.0 = Debug|Any CPU
		{F6F2D24B-7241-42C1-8C5A-6AA39D7F0334}.Release|Any CPU.ActiveCfg = Release|Any CPU
		{F6F2D24B-7241-42C1-8C5A-6AA39D7F0334}.Release|Any CPU.Build.0 = Release|Any CPU
		{32DC6A22-9D62-4164-A10C-4011548C8693}.Debug|Any CPU.ActiveCfg = Debug|Any CPU
		{32DC6A22-9D62-4164-A10C-4011548C8693}.Debug|Any CPU.Build.0 = Debug|Any CPU
		{32DC6A22-9D62-4164-A10C-4011548C8693}.Release|Any CPU.ActiveCfg = Release|Any CPU
		{32DC6A22-9D62-4164-A10C-4011548C8693}.Release|Any CPU.Build.0 = Release|Any CPU
		{BC534C0E-4B51-45C6-8E85-6C9C96B875F3}.Debug|Any CPU.ActiveCfg = Debug|Any CPU
		{BC534C0E-4B51-45C6-8E85-6C9C96B875F3}.Debug|Any CPU.Build.0 = Debug|Any CPU
		{BC534C0E-4B51-45C6-8E85-6C9C96B875F3}.Release|Any CPU.ActiveCfg = Release|Any CPU
		{BC534C0E-4B51-45C6-8E85-6C9C96B875F3}.Release|Any CPU.Build.0 = Release|Any CPU
		{6629ECB1-7AFA-421D-BC66-1B8B471D903B}.Debug|Any CPU.ActiveCfg = Debug|Any CPU
		{6629ECB1-7AFA-421D-BC66-1B8B471D903B}.Debug|Any CPU.Build.0 = Debug|Any CPU
		{6629ECB1-7AFA-421D-BC66-1B8B471D903B}.Release|Any CPU.ActiveCfg = Release|Any CPU
		{6629ECB1-7AFA-421D-BC66-1B8B471D903B}.Release|Any CPU.Build.0 = Release|Any CPU
		{A10B0F26-CEA1-48CE-A7BE-D2549F033F3D}.Debug|Any CPU.ActiveCfg = Debug|Any CPU
		{A10B0F26-CEA1-48CE-A7BE-D2549F033F3D}.Debug|Any CPU.Build.0 = Debug|Any CPU
		{A10B0F26-CEA1-48CE-A7BE-D2549F033F3D}.Release|Any CPU.ActiveCfg = Release|Any CPU
		{A10B0F26-CEA1-48CE-A7BE-D2549F033F3D}.Release|Any CPU.Build.0 = Release|Any CPU
		{B9869905-9844-4AC8-AA3E-BBC5BE1074A0}.Debug|Any CPU.ActiveCfg = Debug|Any CPU
		{B9869905-9844-4AC8-AA3E-BBC5BE1074A0}.Debug|Any CPU.Build.0 = Debug|Any CPU
		{B9869905-9844-4AC8-AA3E-BBC5BE1074A0}.Release|Any CPU.ActiveCfg = Release|Any CPU
		{B9869905-9844-4AC8-AA3E-BBC5BE1074A0}.Release|Any CPU.Build.0 = Release|Any CPU
		{442BAB95-236F-462C-BB49-2D0BE4332175}.Debug|Any CPU.ActiveCfg = Debug|Any CPU
		{442BAB95-236F-462C-BB49-2D0BE4332175}.Debug|Any CPU.Build.0 = Debug|Any CPU
		{442BAB95-236F-462C-BB49-2D0BE4332175}.Release|Any CPU.ActiveCfg = Release|Any CPU
		{442BAB95-236F-462C-BB49-2D0BE4332175}.Release|Any CPU.Build.0 = Release|Any CPU
		{99C7C445-F4BD-4041-9E43-092E4EF363F8}.Debug|Any CPU.ActiveCfg = Debug|Any CPU
		{99C7C445-F4BD-4041-9E43-092E4EF363F8}.Debug|Any CPU.Build.0 = Debug|Any CPU
		{99C7C445-F4BD-4041-9E43-092E4EF363F8}.Release|Any CPU.ActiveCfg = Release|Any CPU
		{99C7C445-F4BD-4041-9E43-092E4EF363F8}.Release|Any CPU.Build.0 = Release|Any CPU
		{9CB2B55B-E08F-43A3-814A-6371C057B243}.Debug|Any CPU.ActiveCfg = Debug|Any CPU
		{9CB2B55B-E08F-43A3-814A-6371C057B243}.Debug|Any CPU.Build.0 = Debug|Any CPU
		{9CB2B55B-E08F-43A3-814A-6371C057B243}.Release|Any CPU.ActiveCfg = Release|Any CPU
		{9CB2B55B-E08F-43A3-814A-6371C057B243}.Release|Any CPU.Build.0 = Release|Any CPU
		{780D86E6-8E10-4524-A1A9-8ED2B1D160CC}.Debug|Any CPU.ActiveCfg = Debug|Any CPU
		{780D86E6-8E10-4524-A1A9-8ED2B1D160CC}.Debug|Any CPU.Build.0 = Debug|Any CPU
		{780D86E6-8E10-4524-A1A9-8ED2B1D160CC}.Release|Any CPU.ActiveCfg = Release|Any CPU
		{780D86E6-8E10-4524-A1A9-8ED2B1D160CC}.Release|Any CPU.Build.0 = Release|Any CPU
		{25A80EB6-9CFF-48CB-AC4F-6FC705EA02DE}.Debug|Any CPU.ActiveCfg = Debug|Any CPU
		{25A80EB6-9CFF-48CB-AC4F-6FC705EA02DE}.Debug|Any CPU.Build.0 = Debug|Any CPU
		{25A80EB6-9CFF-48CB-AC4F-6FC705EA02DE}.Release|Any CPU.ActiveCfg = Release|Any CPU
		{25A80EB6-9CFF-48CB-AC4F-6FC705EA02DE}.Release|Any CPU.Build.0 = Release|Any CPU
		{B12DC086-CE6F-4BFE-B078-AEF15AAB69C8}.Debug|Any CPU.ActiveCfg = Debug|Any CPU
		{B12DC086-CE6F-4BFE-B078-AEF15AAB69C8}.Debug|Any CPU.Build.0 = Debug|Any CPU
		{B12DC086-CE6F-4BFE-B078-AEF15AAB69C8}.Release|Any CPU.ActiveCfg = Release|Any CPU
		{B12DC086-CE6F-4BFE-B078-AEF15AAB69C8}.Release|Any CPU.Build.0 = Release|Any CPU
		{418CE48B-4B7A-4944-A940-99658E5344FA}.Debug|Any CPU.ActiveCfg = Debug|Any CPU
		{418CE48B-4B7A-4944-A940-99658E5344FA}.Debug|Any CPU.Build.0 = Debug|Any CPU
		{418CE48B-4B7A-4944-A940-99658E5344FA}.Release|Any CPU.ActiveCfg = Release|Any CPU
		{418CE48B-4B7A-4944-A940-99658E5344FA}.Release|Any CPU.Build.0 = Release|Any CPU
		{B1A52F93-9302-425F-8384-7B53D3920D84}.Debug|Any CPU.ActiveCfg = Debug|Any CPU
		{B1A52F93-9302-425F-8384-7B53D3920D84}.Debug|Any CPU.Build.0 = Debug|Any CPU
		{B1A52F93-9302-425F-8384-7B53D3920D84}.Release|Any CPU.ActiveCfg = Release|Any CPU
		{B1A52F93-9302-425F-8384-7B53D3920D84}.Release|Any CPU.Build.0 = Release|Any CPU
		{16A179E4-01C1-4E53-BFE9-37E5F042D90F}.Debug|Any CPU.ActiveCfg = Debug|Any CPU
		{16A179E4-01C1-4E53-BFE9-37E5F042D90F}.Debug|Any CPU.Build.0 = Debug|Any CPU
		{16A179E4-01C1-4E53-BFE9-37E5F042D90F}.Release|Any CPU.ActiveCfg = Release|Any CPU
		{16A179E4-01C1-4E53-BFE9-37E5F042D90F}.Release|Any CPU.Build.0 = Release|Any CPU
		{E6FE26B9-EE0B-45D4-8355-FBED679D94C8}.Debug|Any CPU.ActiveCfg = Debug|Any CPU
		{E6FE26B9-EE0B-45D4-8355-FBED679D94C8}.Debug|Any CPU.Build.0 = Debug|Any CPU
		{E6FE26B9-EE0B-45D4-8355-FBED679D94C8}.Release|Any CPU.ActiveCfg = Release|Any CPU
		{E6FE26B9-EE0B-45D4-8355-FBED679D94C8}.Release|Any CPU.Build.0 = Release|Any CPU
		{AD59934F-A5B1-46A3-A514-2261663659C3}.Debug|Any CPU.ActiveCfg = Debug|Any CPU
		{AD59934F-A5B1-46A3-A514-2261663659C3}.Debug|Any CPU.Build.0 = Debug|Any CPU
		{AD59934F-A5B1-46A3-A514-2261663659C3}.Release|Any CPU.ActiveCfg = Release|Any CPU
		{AD59934F-A5B1-46A3-A514-2261663659C3}.Release|Any CPU.Build.0 = Release|Any CPU
		{4373EF0D-1909-4059-9356-9139CFB6EEA4}.Debug|Any CPU.ActiveCfg = Debug|Any CPU
		{4373EF0D-1909-4059-9356-9139CFB6EEA4}.Debug|Any CPU.Build.0 = Debug|Any CPU
		{4373EF0D-1909-4059-9356-9139CFB6EEA4}.Release|Any CPU.ActiveCfg = Release|Any CPU
		{4373EF0D-1909-4059-9356-9139CFB6EEA4}.Release|Any CPU.Build.0 = Release|Any CPU
		{AB279B64-E7E9-418A-AE61-E6500C4991E1}.Debug|Any CPU.ActiveCfg = Debug|Any CPU
		{AB279B64-E7E9-418A-AE61-E6500C4991E1}.Debug|Any CPU.Build.0 = Debug|Any CPU
		{AB279B64-E7E9-418A-AE61-E6500C4991E1}.Release|Any CPU.ActiveCfg = Release|Any CPU
		{AB279B64-E7E9-418A-AE61-E6500C4991E1}.Release|Any CPU.Build.0 = Release|Any CPU
		{EB13DC2C-BBC5-473D-B973-64AEEDE507CA}.Debug|Any CPU.ActiveCfg = Debug|Any CPU
		{EB13DC2C-BBC5-473D-B973-64AEEDE507CA}.Debug|Any CPU.Build.0 = Debug|Any CPU
		{EB13DC2C-BBC5-473D-B973-64AEEDE507CA}.Release|Any CPU.ActiveCfg = Release|Any CPU
		{EB13DC2C-BBC5-473D-B973-64AEEDE507CA}.Release|Any CPU.Build.0 = Release|Any CPU
		{8EC18E60-3A39-4896-A4FB-322D3F4575BC}.Debug|Any CPU.ActiveCfg = Debug|Any CPU
		{8EC18E60-3A39-4896-A4FB-322D3F4575BC}.Debug|Any CPU.Build.0 = Debug|Any CPU
		{8EC18E60-3A39-4896-A4FB-322D3F4575BC}.Release|Any CPU.ActiveCfg = Release|Any CPU
		{8EC18E60-3A39-4896-A4FB-322D3F4575BC}.Release|Any CPU.Build.0 = Release|Any CPU
		{717FD4F3-E39E-4E2D-9AA0-BB5A0489B983}.Debug|Any CPU.ActiveCfg = Debug|Any CPU
		{717FD4F3-E39E-4E2D-9AA0-BB5A0489B983}.Debug|Any CPU.Build.0 = Debug|Any CPU
		{717FD4F3-E39E-4E2D-9AA0-BB5A0489B983}.Release|Any CPU.ActiveCfg = Release|Any CPU
		{717FD4F3-E39E-4E2D-9AA0-BB5A0489B983}.Release|Any CPU.Build.0 = Release|Any CPU
		{BD8230E0-5CCB-4FC3-98F8-0C9B38213391}.Debug|Any CPU.ActiveCfg = Debug|Any CPU
		{BD8230E0-5CCB-4FC3-98F8-0C9B38213391}.Debug|Any CPU.Build.0 = Debug|Any CPU
		{BD8230E0-5CCB-4FC3-98F8-0C9B38213391}.Release|Any CPU.ActiveCfg = Release|Any CPU
		{BD8230E0-5CCB-4FC3-98F8-0C9B38213391}.Release|Any CPU.Build.0 = Release|Any CPU
		{0F2F4A11-B40B-4463-BCF1-C60E319AFB47}.Debug|Any CPU.ActiveCfg = Debug|Any CPU
		{0F2F4A11-B40B-4463-BCF1-C60E319AFB47}.Debug|Any CPU.Build.0 = Debug|Any CPU
		{0F2F4A11-B40B-4463-BCF1-C60E319AFB47}.Release|Any CPU.ActiveCfg = Release|Any CPU
		{0F2F4A11-B40B-4463-BCF1-C60E319AFB47}.Release|Any CPU.Build.0 = Release|Any CPU
		{C8A1609E-3B24-4B3B-88B4-7BADE2B1D2BA}.Debug|Any CPU.ActiveCfg = Debug|Any CPU
		{C8A1609E-3B24-4B3B-88B4-7BADE2B1D2BA}.Debug|Any CPU.Build.0 = Debug|Any CPU
		{C8A1609E-3B24-4B3B-88B4-7BADE2B1D2BA}.Release|Any CPU.ActiveCfg = Release|Any CPU
		{C8A1609E-3B24-4B3B-88B4-7BADE2B1D2BA}.Release|Any CPU.Build.0 = Release|Any CPU
		{1C6E5D5D-57D8-40E8-BAF0-A694B0F77042}.Debug|Any CPU.ActiveCfg = Debug|Any CPU
		{1C6E5D5D-57D8-40E8-BAF0-A694B0F77042}.Debug|Any CPU.Build.0 = Debug|Any CPU
		{1C6E5D5D-57D8-40E8-BAF0-A694B0F77042}.Release|Any CPU.ActiveCfg = Release|Any CPU
		{1C6E5D5D-57D8-40E8-BAF0-A694B0F77042}.Release|Any CPU.Build.0 = Release|Any CPU
		{46CCDA4A-570E-4FA8-BEDA-E373095FC605}.Debug|Any CPU.ActiveCfg = Debug|Any CPU
		{46CCDA4A-570E-4FA8-BEDA-E373095FC605}.Debug|Any CPU.Build.0 = Debug|Any CPU
		{46CCDA4A-570E-4FA8-BEDA-E373095FC605}.Release|Any CPU.ActiveCfg = Release|Any CPU
		{46CCDA4A-570E-4FA8-BEDA-E373095FC605}.Release|Any CPU.Build.0 = Release|Any CPU
		{9C4DD627-FB7D-481E-A50F-1D48374D3BC7}.Debug|Any CPU.ActiveCfg = Debug|Any CPU
		{9C4DD627-FB7D-481E-A50F-1D48374D3BC7}.Debug|Any CPU.Build.0 = Debug|Any CPU
		{9C4DD627-FB7D-481E-A50F-1D48374D3BC7}.Release|Any CPU.ActiveCfg = Release|Any CPU
		{9C4DD627-FB7D-481E-A50F-1D48374D3BC7}.Release|Any CPU.Build.0 = Release|Any CPU
		{48769697-3F52-45BE-BB84-C3D786559436}.Debug|Any CPU.ActiveCfg = Debug|Any CPU
		{48769697-3F52-45BE-BB84-C3D786559436}.Debug|Any CPU.Build.0 = Debug|Any CPU
		{48769697-3F52-45BE-BB84-C3D786559436}.Release|Any CPU.ActiveCfg = Release|Any CPU
		{48769697-3F52-45BE-BB84-C3D786559436}.Release|Any CPU.Build.0 = Release|Any CPU
		{61F43FF7-1448-498A-B48C-F59E1400E8CA}.Debug|Any CPU.ActiveCfg = Debug|Any CPU
		{61F43FF7-1448-498A-B48C-F59E1400E8CA}.Debug|Any CPU.Build.0 = Debug|Any CPU
		{61F43FF7-1448-498A-B48C-F59E1400E8CA}.Release|Any CPU.ActiveCfg = Release|Any CPU
		{61F43FF7-1448-498A-B48C-F59E1400E8CA}.Release|Any CPU.Build.0 = Release|Any CPU
		{22B36216-D03E-46EC-9D6A-CF8D75FDCBF2}.Debug|Any CPU.ActiveCfg = Debug|Any CPU
		{22B36216-D03E-46EC-9D6A-CF8D75FDCBF2}.Debug|Any CPU.Build.0 = Debug|Any CPU
		{22B36216-D03E-46EC-9D6A-CF8D75FDCBF2}.Release|Any CPU.ActiveCfg = Release|Any CPU
		{22B36216-D03E-46EC-9D6A-CF8D75FDCBF2}.Release|Any CPU.Build.0 = Release|Any CPU
		{F3202852-6760-4547-89DF-C83B7DBE34C1}.Debug|Any CPU.ActiveCfg = Debug|Any CPU
		{F3202852-6760-4547-89DF-C83B7DBE34C1}.Debug|Any CPU.Build.0 = Debug|Any CPU
		{F3202852-6760-4547-89DF-C83B7DBE34C1}.Release|Any CPU.ActiveCfg = Release|Any CPU
		{F3202852-6760-4547-89DF-C83B7DBE34C1}.Release|Any CPU.Build.0 = Release|Any CPU
		{19F7B8BB-5D3D-43B3-BEF9-43DF92787F8F}.Debug|Any CPU.ActiveCfg = Debug|Any CPU
		{19F7B8BB-5D3D-43B3-BEF9-43DF92787F8F}.Debug|Any CPU.Build.0 = Debug|Any CPU
		{19F7B8BB-5D3D-43B3-BEF9-43DF92787F8F}.Release|Any CPU.ActiveCfg = Release|Any CPU
		{19F7B8BB-5D3D-43B3-BEF9-43DF92787F8F}.Release|Any CPU.Build.0 = Release|Any CPU
		{CE50DDC8-DCE2-4A90-865F-D7D89EB6515A}.Debug|Any CPU.ActiveCfg = Debug|Any CPU
		{CE50DDC8-DCE2-4A90-865F-D7D89EB6515A}.Debug|Any CPU.Build.0 = Debug|Any CPU
		{CE50DDC8-DCE2-4A90-865F-D7D89EB6515A}.Release|Any CPU.ActiveCfg = Release|Any CPU
		{CE50DDC8-DCE2-4A90-865F-D7D89EB6515A}.Release|Any CPU.Build.0 = Release|Any CPU
		{9892C82B-FCBC-4F2D-B293-7362FDF18EC3}.Debug|Any CPU.ActiveCfg = Debug|Any CPU
		{9892C82B-FCBC-4F2D-B293-7362FDF18EC3}.Debug|Any CPU.Build.0 = Debug|Any CPU
		{9892C82B-FCBC-4F2D-B293-7362FDF18EC3}.Release|Any CPU.ActiveCfg = Release|Any CPU
		{9892C82B-FCBC-4F2D-B293-7362FDF18EC3}.Release|Any CPU.Build.0 = Release|Any CPU
		{E224144A-0DA8-4316-87EE-BECC54933E52}.Debug|Any CPU.ActiveCfg = Debug|Any CPU
		{E224144A-0DA8-4316-87EE-BECC54933E52}.Debug|Any CPU.Build.0 = Debug|Any CPU
		{E224144A-0DA8-4316-87EE-BECC54933E52}.Release|Any CPU.ActiveCfg = Release|Any CPU
		{E224144A-0DA8-4316-87EE-BECC54933E52}.Release|Any CPU.Build.0 = Release|Any CPU
		{5016CAFB-3A72-4A33-8E5E-C29CB4635E8A}.Debug|Any CPU.ActiveCfg = Debug|Any CPU
		{5016CAFB-3A72-4A33-8E5E-C29CB4635E8A}.Debug|Any CPU.Build.0 = Debug|Any CPU
		{5016CAFB-3A72-4A33-8E5E-C29CB4635E8A}.Release|Any CPU.ActiveCfg = Release|Any CPU
		{5016CAFB-3A72-4A33-8E5E-C29CB4635E8A}.Release|Any CPU.Build.0 = Release|Any CPU
		{1A036D53-CEF1-4E13-B0B4-0981BDE7E0EC}.Debug|Any CPU.ActiveCfg = Debug|Any CPU
		{1A036D53-CEF1-4E13-B0B4-0981BDE7E0EC}.Debug|Any CPU.Build.0 = Debug|Any CPU
		{1A036D53-CEF1-4E13-B0B4-0981BDE7E0EC}.Release|Any CPU.ActiveCfg = Release|Any CPU
		{1A036D53-CEF1-4E13-B0B4-0981BDE7E0EC}.Release|Any CPU.Build.0 = Release|Any CPU
		{49DF58A5-24F0-411D-B5E0-6396776F629F}.Debug|Any CPU.ActiveCfg = Debug|Any CPU
		{49DF58A5-24F0-411D-B5E0-6396776F629F}.Debug|Any CPU.Build.0 = Debug|Any CPU
		{49DF58A5-24F0-411D-B5E0-6396776F629F}.Release|Any CPU.ActiveCfg = Release|Any CPU
		{49DF58A5-24F0-411D-B5E0-6396776F629F}.Release|Any CPU.Build.0 = Release|Any CPU
		{978448E3-788F-4C91-9FDA-E8E5EA75E829}.Debug|Any CPU.ActiveCfg = Debug|Any CPU
		{978448E3-788F-4C91-9FDA-E8E5EA75E829}.Debug|Any CPU.Build.0 = Debug|Any CPU
		{978448E3-788F-4C91-9FDA-E8E5EA75E829}.Release|Any CPU.ActiveCfg = Release|Any CPU
		{978448E3-788F-4C91-9FDA-E8E5EA75E829}.Release|Any CPU.Build.0 = Release|Any CPU
		{2B9E414D-6ED8-4E3D-942B-5C8CB28ECCBB}.Debug|Any CPU.ActiveCfg = Debug|Any CPU
		{2B9E414D-6ED8-4E3D-942B-5C8CB28ECCBB}.Debug|Any CPU.Build.0 = Debug|Any CPU
		{2B9E414D-6ED8-4E3D-942B-5C8CB28ECCBB}.Release|Any CPU.ActiveCfg = Release|Any CPU
		{2B9E414D-6ED8-4E3D-942B-5C8CB28ECCBB}.Release|Any CPU.Build.0 = Release|Any CPU
		{D99FC35B-3AC9-49B0-A0B3-D1F886F097E5}.Debug|Any CPU.ActiveCfg = Debug|Any CPU
		{D99FC35B-3AC9-49B0-A0B3-D1F886F097E5}.Debug|Any CPU.Build.0 = Debug|Any CPU
		{D99FC35B-3AC9-49B0-A0B3-D1F886F097E5}.Release|Any CPU.ActiveCfg = Release|Any CPU
		{D99FC35B-3AC9-49B0-A0B3-D1F886F097E5}.Release|Any CPU.Build.0 = Release|Any CPU
	EndGlobalSection
	GlobalSection(SolutionProperties) = preSolution
		HideSolutionNode = FALSE
	EndGlobalSection
	GlobalSection(ExtensibilityGlobals) = postSolution
		SolutionGuid = {983B947D-FF29-4AAE-AB0C-ABD9E292D93E}
	EndGlobalSection
EndGlobal
